
Microsoft Visual Studio Solution File, Format Version 12.00
# Visual Studio 15
VisualStudioVersion = 15.0.26430.12
MinimumVisualStudioVersion = 10.0.40219.1
Project("{D954291E-2A0B-460D-934E-DC6B0785DB48}") = "GridDominance.Shared", "GridDominance.Shared\GridDominance.Shared.shproj", "{8FC3B872-A050-4329-8999-8B490B0B6274}"
EndProject
Project("{FAE04EC0-301F-11D3-BF4B-00C04F79EFBC}") = "GridDominance.DirectX", "GridDominance.DirectX\GridDominance.DirectX.csproj", "{DAED060D-BE0D-44D1-AC38-E189C7A6D300}"
EndProject
Project("{FAE04EC0-301F-11D3-BF4B-00C04F79EFBC}") = "GridDominance.Android", "GridDominance.Android\GridDominance.Android.csproj", "{D49363EF-8D37-42B4-9AB4-C2083A4B186E}"
EndProject
Project("{FAE04EC0-301F-11D3-BF4B-00C04F79EFBC}") = "GridDominance.OpenGL", "GridDominance.OpenGL\GridDominance.OpenGL.csproj", "{AF110750-B036-4FDC-AF51-B08C7389AAA8}"
EndProject
Project("{2150E333-8FDC-42A3-9474-1A3956D46DE8}") = "External", "External", "{3A0EEB35-977B-4A96-87D0-A6C29BD9F96C}"
EndProject
Project("{FAE04EC0-301F-11D3-BF4B-00C04F79EFBC}") = "FarseerPhysics.Portable", "External\FarseerPhysics.Portable\FarseerPhysics.Portable\FarseerPhysics.Portable.csproj", "{A1807D3F-3546-4C28-B713-C4F767383B61}"
EndProject
Project("{FAE04EC0-301F-11D3-BF4B-00C04F79EFBC}") = "DebugView.Portable", "External\DebugView.Portable\DebugView.Portable.csproj", "{550F035E-F23E-4999-BB01-4857486E4125}"
EndProject
Project("{FAE04EC0-301F-11D3-BF4B-00C04F79EFBC}") = "GridDominance.Content.Pipeline", "GridDominance.Content.Pipeline\GridDominance.Content.Pipeline.csproj", "{28CD24BD-432C-4987-9E9D-65CFCF120EA1}"
EndProject
Project("{2150E333-8FDC-42A3-9474-1A3956D46DE8}") = "Platforms", "Platforms", "{45B7C48F-CB14-4B13-AD82-5D2AEDF45DC6}"
EndProject
Project("{2150E333-8FDC-42A3-9474-1A3956D46DE8}") = "Tools", "Tools", "{1979FEB3-B082-4309-B71D-89D0C3A7A180}"
EndProject
Project("{FAE04EC0-301F-11D3-BF4B-00C04F79EFBC}") = "MonoSAMFramework.Portable", "MonoSAMFramework.Portable\MonoSAMFramework.Portable.csproj", "{550F036E-F23E-4999-BB01-4857486E4125}"
EndProject
Project("{FAE04EC0-301F-11D3-BF4B-00C04F79EFBC}") = "CSharpUtils", "External\CSharpUtils\CSharpUtils.csproj", "{D661CD9F-8934-496D-8332-BC82AAB77598}"
EndProject
Project("{FAE04EC0-301F-11D3-BF4B-00C04F79EFBC}") = "GridDominance.Common", "GridDominance.Common\GridDominance.Common.csproj", "{D8D02F4E-92C8-4E02-9B79-76C9F996FB8B}"
EndProject
Project("{FAE04EC0-301F-11D3-BF4B-00C04F79EFBC}") = "DSLEditor", "DSLEditor\DSLEditor.csproj", "{277DA996-84FB-41B8-996E-79C336EEFDE9}"
EndProject
Global
	GlobalSection(SharedMSBuildProjectFiles) = preSolution
		GridDominance.Shared\GridDominance.Shared.projitems*{28cd24bd-432c-4987-9e9d-65cfcf120ea1}*SharedItemsImports = 4
		GridDominance.Shared\GridDominance.Shared.projitems*{8fc3b872-a050-4329-8999-8b490b0b6274}*SharedItemsImports = 13
		GridDominance.Shared\GridDominance.Shared.projitems*{af110750-b036-4fdc-af51-b08c7389aaa8}*SharedItemsImports = 4
		GridDominance.Shared\GridDominance.Shared.projitems*{d49363ef-8d37-42b4-9ab4-c2083a4b186e}*SharedItemsImports = 4
		GridDominance.Shared\GridDominance.Shared.projitems*{daed060d-be0d-44d1-ac38-e189c7a6d300}*SharedItemsImports = 4
	EndGlobalSection
	GlobalSection(SolutionConfigurationPlatforms) = preSolution
		Debug-FULL|Any CPU = Debug-FULL|Any CPU
		Debug-FULL|iPhone = Debug-FULL|iPhone
		Debug-FULL|iPhoneSimulator = Debug-FULL|iPhoneSimulator
		Debug-FULL|x86 = Debug-FULL|x86
		Debug-IAB|Any CPU = Debug-IAB|Any CPU
		Debug-IAB|iPhone = Debug-IAB|iPhone
		Debug-IAB|iPhoneSimulator = Debug-IAB|iPhoneSimulator
		Debug-IAB|x86 = Debug-IAB|x86
		Release-FULL|Any CPU = Release-FULL|Any CPU
		Release-FULL|iPhone = Release-FULL|iPhone
		Release-FULL|iPhoneSimulator = Release-FULL|iPhoneSimulator
		Release-FULL|x86 = Release-FULL|x86
		Release-IAB|Any CPU = Release-IAB|Any CPU
		Release-IAB|iPhone = Release-IAB|iPhone
		Release-IAB|iPhoneSimulator = Release-IAB|iPhoneSimulator
		Release-IAB|x86 = Release-IAB|x86
	EndGlobalSection
	GlobalSection(ProjectConfigurationPlatforms) = postSolution
		{DAED060D-BE0D-44D1-AC38-E189C7A6D300}.Debug-FULL|Any CPU.ActiveCfg = Debug-FULL|x86
		{DAED060D-BE0D-44D1-AC38-E189C7A6D300}.Debug-FULL|iPhone.ActiveCfg = Debug-FULL|x86
		{DAED060D-BE0D-44D1-AC38-E189C7A6D300}.Debug-FULL|iPhoneSimulator.ActiveCfg = Debug-FULL|x86
		{DAED060D-BE0D-44D1-AC38-E189C7A6D300}.Debug-FULL|x86.ActiveCfg = Debug-FULL|x86
		{DAED060D-BE0D-44D1-AC38-E189C7A6D300}.Debug-FULL|x86.Build.0 = Debug-FULL|x86
		{DAED060D-BE0D-44D1-AC38-E189C7A6D300}.Debug-IAB|Any CPU.ActiveCfg = Debug-IAB|x86
		{DAED060D-BE0D-44D1-AC38-E189C7A6D300}.Debug-IAB|iPhone.ActiveCfg = Debug-IAB|x86
		{DAED060D-BE0D-44D1-AC38-E189C7A6D300}.Debug-IAB|iPhoneSimulator.ActiveCfg = Debug-IAB|x86
		{DAED060D-BE0D-44D1-AC38-E189C7A6D300}.Debug-IAB|x86.ActiveCfg = Debug-IAB|x86
		{DAED060D-BE0D-44D1-AC38-E189C7A6D300}.Debug-IAB|x86.Build.0 = Debug-IAB|x86
		{DAED060D-BE0D-44D1-AC38-E189C7A6D300}.Release-FULL|Any CPU.ActiveCfg = Release-FULL|x86
		{DAED060D-BE0D-44D1-AC38-E189C7A6D300}.Release-FULL|Any CPU.Build.0 = Release-FULL|x86
		{DAED060D-BE0D-44D1-AC38-E189C7A6D300}.Release-FULL|iPhone.ActiveCfg = Release-FULL|x86
		{DAED060D-BE0D-44D1-AC38-E189C7A6D300}.Release-FULL|iPhoneSimulator.ActiveCfg = Release-FULL|x86
		{DAED060D-BE0D-44D1-AC38-E189C7A6D300}.Release-FULL|x86.ActiveCfg = Release-FULL|x86
		{DAED060D-BE0D-44D1-AC38-E189C7A6D300}.Release-FULL|x86.Build.0 = Release-FULL|x86
		{DAED060D-BE0D-44D1-AC38-E189C7A6D300}.Release-IAB|Any CPU.ActiveCfg = Release-IAB|x86
		{DAED060D-BE0D-44D1-AC38-E189C7A6D300}.Release-IAB|iPhone.ActiveCfg = Release-IAB|x86
		{DAED060D-BE0D-44D1-AC38-E189C7A6D300}.Release-IAB|iPhoneSimulator.ActiveCfg = Release-IAB|x86
		{DAED060D-BE0D-44D1-AC38-E189C7A6D300}.Release-IAB|x86.ActiveCfg = Release-IAB|x86
		{DAED060D-BE0D-44D1-AC38-E189C7A6D300}.Release-IAB|x86.Build.0 = Release-IAB|x86
		{D49363EF-8D37-42B4-9AB4-C2083A4B186E}.Debug-FULL|Any CPU.ActiveCfg = Debug-FULL|Any CPU
		{D49363EF-8D37-42B4-9AB4-C2083A4B186E}.Debug-FULL|Any CPU.Build.0 = Debug-FULL|Any CPU
		{D49363EF-8D37-42B4-9AB4-C2083A4B186E}.Debug-FULL|Any CPU.Deploy.0 = Debug-FULL|Any CPU
		{D49363EF-8D37-42B4-9AB4-C2083A4B186E}.Debug-FULL|iPhone.ActiveCfg = Debug-FULL|Any CPU
		{D49363EF-8D37-42B4-9AB4-C2083A4B186E}.Debug-FULL|iPhone.Build.0 = Debug-FULL|Any CPU
		{D49363EF-8D37-42B4-9AB4-C2083A4B186E}.Debug-FULL|iPhone.Deploy.0 = Debug-FULL|Any CPU
		{D49363EF-8D37-42B4-9AB4-C2083A4B186E}.Debug-FULL|iPhoneSimulator.ActiveCfg = Debug-FULL|Any CPU
		{D49363EF-8D37-42B4-9AB4-C2083A4B186E}.Debug-FULL|iPhoneSimulator.Build.0 = Debug-FULL|Any CPU
		{D49363EF-8D37-42B4-9AB4-C2083A4B186E}.Debug-FULL|iPhoneSimulator.Deploy.0 = Debug-FULL|Any CPU
		{D49363EF-8D37-42B4-9AB4-C2083A4B186E}.Debug-FULL|x86.ActiveCfg = Debug-FULL|Any CPU
		{D49363EF-8D37-42B4-9AB4-C2083A4B186E}.Debug-FULL|x86.Build.0 = Debug-FULL|Any CPU
		{D49363EF-8D37-42B4-9AB4-C2083A4B186E}.Debug-FULL|x86.Deploy.0 = Debug-FULL|Any CPU
		{D49363EF-8D37-42B4-9AB4-C2083A4B186E}.Debug-IAB|Any CPU.ActiveCfg = Debug-IAB|Any CPU
		{D49363EF-8D37-42B4-9AB4-C2083A4B186E}.Debug-IAB|Any CPU.Build.0 = Debug-IAB|Any CPU
		{D49363EF-8D37-42B4-9AB4-C2083A4B186E}.Debug-IAB|Any CPU.Deploy.0 = Debug-IAB|Any CPU
		{D49363EF-8D37-42B4-9AB4-C2083A4B186E}.Debug-IAB|iPhone.ActiveCfg = Debug-IAB|Any CPU
		{D49363EF-8D37-42B4-9AB4-C2083A4B186E}.Debug-IAB|iPhone.Build.0 = Debug-IAB|Any CPU
		{D49363EF-8D37-42B4-9AB4-C2083A4B186E}.Debug-IAB|iPhone.Deploy.0 = Debug-IAB|Any CPU
		{D49363EF-8D37-42B4-9AB4-C2083A4B186E}.Debug-IAB|iPhoneSimulator.ActiveCfg = Debug-IAB|Any CPU
		{D49363EF-8D37-42B4-9AB4-C2083A4B186E}.Debug-IAB|iPhoneSimulator.Build.0 = Debug-IAB|Any CPU
		{D49363EF-8D37-42B4-9AB4-C2083A4B186E}.Debug-IAB|iPhoneSimulator.Deploy.0 = Debug-IAB|Any CPU
		{D49363EF-8D37-42B4-9AB4-C2083A4B186E}.Debug-IAB|x86.ActiveCfg = Debug-IAB|Any CPU
		{D49363EF-8D37-42B4-9AB4-C2083A4B186E}.Debug-IAB|x86.Build.0 = Debug-IAB|Any CPU
		{D49363EF-8D37-42B4-9AB4-C2083A4B186E}.Debug-IAB|x86.Deploy.0 = Debug-IAB|Any CPU
		{D49363EF-8D37-42B4-9AB4-C2083A4B186E}.Release-FULL|Any CPU.ActiveCfg = Release-FULL|Any CPU
		{D49363EF-8D37-42B4-9AB4-C2083A4B186E}.Release-FULL|Any CPU.Build.0 = Release-FULL|Any CPU
		{D49363EF-8D37-42B4-9AB4-C2083A4B186E}.Release-FULL|Any CPU.Deploy.0 = Release-FULL|Any CPU
		{D49363EF-8D37-42B4-9AB4-C2083A4B186E}.Release-FULL|iPhone.ActiveCfg = Release-FULL|Any CPU
		{D49363EF-8D37-42B4-9AB4-C2083A4B186E}.Release-FULL|iPhone.Build.0 = Release-FULL|Any CPU
		{D49363EF-8D37-42B4-9AB4-C2083A4B186E}.Release-FULL|iPhone.Deploy.0 = Release-FULL|Any CPU
		{D49363EF-8D37-42B4-9AB4-C2083A4B186E}.Release-FULL|iPhoneSimulator.ActiveCfg = Release-FULL|Any CPU
		{D49363EF-8D37-42B4-9AB4-C2083A4B186E}.Release-FULL|iPhoneSimulator.Build.0 = Release-FULL|Any CPU
		{D49363EF-8D37-42B4-9AB4-C2083A4B186E}.Release-FULL|iPhoneSimulator.Deploy.0 = Release-FULL|Any CPU
		{D49363EF-8D37-42B4-9AB4-C2083A4B186E}.Release-FULL|x86.ActiveCfg = Release-FULL|Any CPU
		{D49363EF-8D37-42B4-9AB4-C2083A4B186E}.Release-FULL|x86.Build.0 = Release-FULL|Any CPU
		{D49363EF-8D37-42B4-9AB4-C2083A4B186E}.Release-FULL|x86.Deploy.0 = Release-FULL|Any CPU
		{D49363EF-8D37-42B4-9AB4-C2083A4B186E}.Release-IAB|Any CPU.ActiveCfg = Release-IAB|Any CPU
		{D49363EF-8D37-42B4-9AB4-C2083A4B186E}.Release-IAB|Any CPU.Build.0 = Release-IAB|Any CPU
		{D49363EF-8D37-42B4-9AB4-C2083A4B186E}.Release-IAB|Any CPU.Deploy.0 = Release-IAB|Any CPU
		{D49363EF-8D37-42B4-9AB4-C2083A4B186E}.Release-IAB|iPhone.ActiveCfg = Release-IAB|Any CPU
		{D49363EF-8D37-42B4-9AB4-C2083A4B186E}.Release-IAB|iPhone.Build.0 = Release-IAB|Any CPU
		{D49363EF-8D37-42B4-9AB4-C2083A4B186E}.Release-IAB|iPhone.Deploy.0 = Release-IAB|Any CPU
		{D49363EF-8D37-42B4-9AB4-C2083A4B186E}.Release-IAB|iPhoneSimulator.ActiveCfg = Release-IAB|Any CPU
		{D49363EF-8D37-42B4-9AB4-C2083A4B186E}.Release-IAB|iPhoneSimulator.Build.0 = Release-IAB|Any CPU
		{D49363EF-8D37-42B4-9AB4-C2083A4B186E}.Release-IAB|iPhoneSimulator.Deploy.0 = Release-IAB|Any CPU
		{D49363EF-8D37-42B4-9AB4-C2083A4B186E}.Release-IAB|x86.ActiveCfg = Release-IAB|Any CPU
		{D49363EF-8D37-42B4-9AB4-C2083A4B186E}.Release-IAB|x86.Build.0 = Release-IAB|Any CPU
		{D49363EF-8D37-42B4-9AB4-C2083A4B186E}.Release-IAB|x86.Deploy.0 = Release-IAB|Any CPU
		{AF110750-B036-4FDC-AF51-B08C7389AAA8}.Debug-FULL|Any CPU.ActiveCfg = Debug-FULL|x86
		{AF110750-B036-4FDC-AF51-B08C7389AAA8}.Debug-FULL|iPhone.ActiveCfg = Debug-FULL|x86
		{AF110750-B036-4FDC-AF51-B08C7389AAA8}.Debug-FULL|iPhoneSimulator.ActiveCfg = Debug-FULL|x86
		{AF110750-B036-4FDC-AF51-B08C7389AAA8}.Debug-FULL|x86.ActiveCfg = Debug-FULL|x86
		{AF110750-B036-4FDC-AF51-B08C7389AAA8}.Debug-FULL|x86.Build.0 = Debug-FULL|x86
		{AF110750-B036-4FDC-AF51-B08C7389AAA8}.Debug-IAB|Any CPU.ActiveCfg = Debug-IAB|x86
		{AF110750-B036-4FDC-AF51-B08C7389AAA8}.Debug-IAB|iPhone.ActiveCfg = Debug-IAB|x86
		{AF110750-B036-4FDC-AF51-B08C7389AAA8}.Debug-IAB|iPhoneSimulator.ActiveCfg = Debug-IAB|x86
		{AF110750-B036-4FDC-AF51-B08C7389AAA8}.Debug-IAB|x86.ActiveCfg = Debug-IAB|x86
		{AF110750-B036-4FDC-AF51-B08C7389AAA8}.Debug-IAB|x86.Build.0 = Debug-IAB|x86
		{AF110750-B036-4FDC-AF51-B08C7389AAA8}.Release-FULL|Any CPU.ActiveCfg = Release-FULL|x86
		{AF110750-B036-4FDC-AF51-B08C7389AAA8}.Release-FULL|Any CPU.Build.0 = Release-FULL|x86
		{AF110750-B036-4FDC-AF51-B08C7389AAA8}.Release-FULL|iPhone.ActiveCfg = Release-FULL|x86
		{AF110750-B036-4FDC-AF51-B08C7389AAA8}.Release-FULL|iPhoneSimulator.ActiveCfg = Release-FULL|x86
		{AF110750-B036-4FDC-AF51-B08C7389AAA8}.Release-FULL|x86.ActiveCfg = Release-FULL|x86
		{AF110750-B036-4FDC-AF51-B08C7389AAA8}.Release-FULL|x86.Build.0 = Release-FULL|x86
		{AF110750-B036-4FDC-AF51-B08C7389AAA8}.Release-IAB|Any CPU.ActiveCfg = Release-IAB|x86
		{AF110750-B036-4FDC-AF51-B08C7389AAA8}.Release-IAB|iPhone.ActiveCfg = Release-IAB|x86
		{AF110750-B036-4FDC-AF51-B08C7389AAA8}.Release-IAB|iPhoneSimulator.ActiveCfg = Release-IAB|x86
		{AF110750-B036-4FDC-AF51-B08C7389AAA8}.Release-IAB|x86.ActiveCfg = Release-IAB|x86
		{AF110750-B036-4FDC-AF51-B08C7389AAA8}.Release-IAB|x86.Build.0 = Release-IAB|x86
		{A1807D3F-3546-4C28-B713-C4F767383B61}.Debug-FULL|Any CPU.ActiveCfg = Debug|Any CPU
		{A1807D3F-3546-4C28-B713-C4F767383B61}.Debug-FULL|Any CPU.Build.0 = Debug|Any CPU
		{A1807D3F-3546-4C28-B713-C4F767383B61}.Debug-FULL|iPhone.ActiveCfg = Debug|Any CPU
		{A1807D3F-3546-4C28-B713-C4F767383B61}.Debug-FULL|iPhone.Build.0 = Debug|Any CPU
		{A1807D3F-3546-4C28-B713-C4F767383B61}.Debug-FULL|iPhoneSimulator.ActiveCfg = Debug|Any CPU
		{A1807D3F-3546-4C28-B713-C4F767383B61}.Debug-FULL|iPhoneSimulator.Build.0 = Debug|Any CPU
		{A1807D3F-3546-4C28-B713-C4F767383B61}.Debug-FULL|x86.ActiveCfg = Debug|Any CPU
		{A1807D3F-3546-4C28-B713-C4F767383B61}.Debug-FULL|x86.Build.0 = Debug|Any CPU
		{A1807D3F-3546-4C28-B713-C4F767383B61}.Debug-IAB|Any CPU.ActiveCfg = Debug|Any CPU
		{A1807D3F-3546-4C28-B713-C4F767383B61}.Debug-IAB|Any CPU.Build.0 = Debug|Any CPU
		{A1807D3F-3546-4C28-B713-C4F767383B61}.Debug-IAB|iPhone.ActiveCfg = Debug|Any CPU
		{A1807D3F-3546-4C28-B713-C4F767383B61}.Debug-IAB|iPhone.Build.0 = Debug|Any CPU
		{A1807D3F-3546-4C28-B713-C4F767383B61}.Debug-IAB|iPhoneSimulator.ActiveCfg = Debug|Any CPU
		{A1807D3F-3546-4C28-B713-C4F767383B61}.Debug-IAB|iPhoneSimulator.Build.0 = Debug|Any CPU
		{A1807D3F-3546-4C28-B713-C4F767383B61}.Debug-IAB|x86.ActiveCfg = Debug|Any CPU
		{A1807D3F-3546-4C28-B713-C4F767383B61}.Debug-IAB|x86.Build.0 = Debug|Any CPU
		{A1807D3F-3546-4C28-B713-C4F767383B61}.Release-FULL|Any CPU.ActiveCfg = Release|Any CPU
		{A1807D3F-3546-4C28-B713-C4F767383B61}.Release-FULL|Any CPU.Build.0 = Release|Any CPU
		{A1807D3F-3546-4C28-B713-C4F767383B61}.Release-FULL|iPhone.ActiveCfg = Release|Any CPU
		{A1807D3F-3546-4C28-B713-C4F767383B61}.Release-FULL|iPhone.Build.0 = Release|Any CPU
		{A1807D3F-3546-4C28-B713-C4F767383B61}.Release-FULL|iPhoneSimulator.ActiveCfg = Release|Any CPU
		{A1807D3F-3546-4C28-B713-C4F767383B61}.Release-FULL|iPhoneSimulator.Build.0 = Release|Any CPU
		{A1807D3F-3546-4C28-B713-C4F767383B61}.Release-FULL|x86.ActiveCfg = Release|Any CPU
		{A1807D3F-3546-4C28-B713-C4F767383B61}.Release-FULL|x86.Build.0 = Release|Any CPU
		{A1807D3F-3546-4C28-B713-C4F767383B61}.Release-IAB|Any CPU.ActiveCfg = Release|Any CPU
		{A1807D3F-3546-4C28-B713-C4F767383B61}.Release-IAB|Any CPU.Build.0 = Release|Any CPU
		{A1807D3F-3546-4C28-B713-C4F767383B61}.Release-IAB|iPhone.ActiveCfg = Release|Any CPU
		{A1807D3F-3546-4C28-B713-C4F767383B61}.Release-IAB|iPhone.Build.0 = Release|Any CPU
		{A1807D3F-3546-4C28-B713-C4F767383B61}.Release-IAB|iPhoneSimulator.ActiveCfg = Release|Any CPU
		{A1807D3F-3546-4C28-B713-C4F767383B61}.Release-IAB|iPhoneSimulator.Build.0 = Release|Any CPU
		{A1807D3F-3546-4C28-B713-C4F767383B61}.Release-IAB|x86.ActiveCfg = Release|Any CPU
		{A1807D3F-3546-4C28-B713-C4F767383B61}.Release-IAB|x86.Build.0 = Release|Any CPU
		{550F035E-F23E-4999-BB01-4857486E4125}.Debug-FULL|Any CPU.ActiveCfg = Debug|Any CPU
		{550F035E-F23E-4999-BB01-4857486E4125}.Debug-FULL|Any CPU.Build.0 = Debug|Any CPU
		{550F035E-F23E-4999-BB01-4857486E4125}.Debug-FULL|iPhone.ActiveCfg = Debug|Any CPU
		{550F035E-F23E-4999-BB01-4857486E4125}.Debug-FULL|iPhone.Build.0 = Debug|Any CPU
		{550F035E-F23E-4999-BB01-4857486E4125}.Debug-FULL|iPhoneSimulator.ActiveCfg = Debug|Any CPU
		{550F035E-F23E-4999-BB01-4857486E4125}.Debug-FULL|iPhoneSimulator.Build.0 = Debug|Any CPU
		{550F035E-F23E-4999-BB01-4857486E4125}.Debug-FULL|x86.ActiveCfg = Debug|Any CPU
		{550F035E-F23E-4999-BB01-4857486E4125}.Debug-FULL|x86.Build.0 = Debug|Any CPU
		{550F035E-F23E-4999-BB01-4857486E4125}.Debug-IAB|Any CPU.ActiveCfg = Debug|Any CPU
		{550F035E-F23E-4999-BB01-4857486E4125}.Debug-IAB|Any CPU.Build.0 = Debug|Any CPU
		{550F035E-F23E-4999-BB01-4857486E4125}.Debug-IAB|iPhone.ActiveCfg = Debug|Any CPU
		{550F035E-F23E-4999-BB01-4857486E4125}.Debug-IAB|iPhone.Build.0 = Debug|Any CPU
		{550F035E-F23E-4999-BB01-4857486E4125}.Debug-IAB|iPhoneSimulator.ActiveCfg = Debug|Any CPU
		{550F035E-F23E-4999-BB01-4857486E4125}.Debug-IAB|iPhoneSimulator.Build.0 = Debug|Any CPU
		{550F035E-F23E-4999-BB01-4857486E4125}.Debug-IAB|x86.ActiveCfg = Debug|Any CPU
		{550F035E-F23E-4999-BB01-4857486E4125}.Debug-IAB|x86.Build.0 = Debug|Any CPU
		{550F035E-F23E-4999-BB01-4857486E4125}.Release-FULL|Any CPU.ActiveCfg = Release|Any CPU
		{550F035E-F23E-4999-BB01-4857486E4125}.Release-FULL|Any CPU.Build.0 = Release|Any CPU
		{550F035E-F23E-4999-BB01-4857486E4125}.Release-FULL|iPhone.ActiveCfg = Release|Any CPU
		{550F035E-F23E-4999-BB01-4857486E4125}.Release-FULL|iPhone.Build.0 = Release|Any CPU
		{550F035E-F23E-4999-BB01-4857486E4125}.Release-FULL|iPhoneSimulator.ActiveCfg = Release|Any CPU
		{550F035E-F23E-4999-BB01-4857486E4125}.Release-FULL|iPhoneSimulator.Build.0 = Release|Any CPU
		{550F035E-F23E-4999-BB01-4857486E4125}.Release-FULL|x86.ActiveCfg = Release|Any CPU
		{550F035E-F23E-4999-BB01-4857486E4125}.Release-FULL|x86.Build.0 = Release|Any CPU
		{550F035E-F23E-4999-BB01-4857486E4125}.Release-IAB|Any CPU.ActiveCfg = Release|Any CPU
		{550F035E-F23E-4999-BB01-4857486E4125}.Release-IAB|Any CPU.Build.0 = Release|Any CPU
		{550F035E-F23E-4999-BB01-4857486E4125}.Release-IAB|iPhone.ActiveCfg = Release|Any CPU
		{550F035E-F23E-4999-BB01-4857486E4125}.Release-IAB|iPhone.Build.0 = Release|Any CPU
		{550F035E-F23E-4999-BB01-4857486E4125}.Release-IAB|iPhoneSimulator.ActiveCfg = Release|Any CPU
		{550F035E-F23E-4999-BB01-4857486E4125}.Release-IAB|iPhoneSimulator.Build.0 = Release|Any CPU
		{550F035E-F23E-4999-BB01-4857486E4125}.Release-IAB|x86.ActiveCfg = Release|Any CPU
		{550F035E-F23E-4999-BB01-4857486E4125}.Release-IAB|x86.Build.0 = Release|Any CPU
		{28CD24BD-432C-4987-9E9D-65CFCF120EA1}.Debug-FULL|Any CPU.ActiveCfg = Debug|Any CPU
		{28CD24BD-432C-4987-9E9D-65CFCF120EA1}.Debug-FULL|Any CPU.Build.0 = Debug|Any CPU
		{28CD24BD-432C-4987-9E9D-65CFCF120EA1}.Debug-FULL|iPhone.ActiveCfg = Debug|Any CPU
		{28CD24BD-432C-4987-9E9D-65CFCF120EA1}.Debug-FULL|iPhone.Build.0 = Debug|Any CPU
		{28CD24BD-432C-4987-9E9D-65CFCF120EA1}.Debug-FULL|iPhoneSimulator.ActiveCfg = Debug|Any CPU
		{28CD24BD-432C-4987-9E9D-65CFCF120EA1}.Debug-FULL|iPhoneSimulator.Build.0 = Debug|Any CPU
		{28CD24BD-432C-4987-9E9D-65CFCF120EA1}.Debug-FULL|x86.ActiveCfg = Debug|Any CPU
		{28CD24BD-432C-4987-9E9D-65CFCF120EA1}.Debug-FULL|x86.Build.0 = Debug|Any CPU
		{28CD24BD-432C-4987-9E9D-65CFCF120EA1}.Debug-IAB|Any CPU.ActiveCfg = Debug|Any CPU
		{28CD24BD-432C-4987-9E9D-65CFCF120EA1}.Debug-IAB|Any CPU.Build.0 = Debug|Any CPU
		{28CD24BD-432C-4987-9E9D-65CFCF120EA1}.Debug-IAB|iPhone.ActiveCfg = Debug|Any CPU
		{28CD24BD-432C-4987-9E9D-65CFCF120EA1}.Debug-IAB|iPhone.Build.0 = Debug|Any CPU
		{28CD24BD-432C-4987-9E9D-65CFCF120EA1}.Debug-IAB|iPhoneSimulator.ActiveCfg = Debug|Any CPU
		{28CD24BD-432C-4987-9E9D-65CFCF120EA1}.Debug-IAB|iPhoneSimulator.Build.0 = Debug|Any CPU
		{28CD24BD-432C-4987-9E9D-65CFCF120EA1}.Debug-IAB|x86.ActiveCfg = Debug|Any CPU
		{28CD24BD-432C-4987-9E9D-65CFCF120EA1}.Debug-IAB|x86.Build.0 = Debug|Any CPU
		{28CD24BD-432C-4987-9E9D-65CFCF120EA1}.Release-FULL|Any CPU.ActiveCfg = Release|Any CPU
		{28CD24BD-432C-4987-9E9D-65CFCF120EA1}.Release-FULL|Any CPU.Build.0 = Release|Any CPU
		{28CD24BD-432C-4987-9E9D-65CFCF120EA1}.Release-FULL|iPhone.ActiveCfg = Release|Any CPU
		{28CD24BD-432C-4987-9E9D-65CFCF120EA1}.Release-FULL|iPhone.Build.0 = Release|Any CPU
		{28CD24BD-432C-4987-9E9D-65CFCF120EA1}.Release-FULL|iPhoneSimulator.ActiveCfg = Release|Any CPU
		{28CD24BD-432C-4987-9E9D-65CFCF120EA1}.Release-FULL|iPhoneSimulator.Build.0 = Release|Any CPU
		{28CD24BD-432C-4987-9E9D-65CFCF120EA1}.Release-FULL|x86.ActiveCfg = Release|Any CPU
		{28CD24BD-432C-4987-9E9D-65CFCF120EA1}.Release-FULL|x86.Build.0 = Release|Any CPU
		{28CD24BD-432C-4987-9E9D-65CFCF120EA1}.Release-IAB|Any CPU.ActiveCfg = Release|Any CPU
		{28CD24BD-432C-4987-9E9D-65CFCF120EA1}.Release-IAB|Any CPU.Build.0 = Release|Any CPU
		{28CD24BD-432C-4987-9E9D-65CFCF120EA1}.Release-IAB|iPhone.ActiveCfg = Release|Any CPU
		{28CD24BD-432C-4987-9E9D-65CFCF120EA1}.Release-IAB|iPhone.Build.0 = Release|Any CPU
		{28CD24BD-432C-4987-9E9D-65CFCF120EA1}.Release-IAB|iPhoneSimulator.ActiveCfg = Release|Any CPU
		{28CD24BD-432C-4987-9E9D-65CFCF120EA1}.Release-IAB|iPhoneSimulator.Build.0 = Release|Any CPU
		{28CD24BD-432C-4987-9E9D-65CFCF120EA1}.Release-IAB|x86.ActiveCfg = Release|Any CPU
		{28CD24BD-432C-4987-9E9D-65CFCF120EA1}.Release-IAB|x86.Build.0 = Release|Any CPU
		{550F036E-F23E-4999-BB01-4857486E4125}.Debug-FULL|Any CPU.ActiveCfg = Debug|Any CPU
		{550F036E-F23E-4999-BB01-4857486E4125}.Debug-FULL|Any CPU.Build.0 = Debug|Any CPU
		{550F036E-F23E-4999-BB01-4857486E4125}.Debug-FULL|iPhone.ActiveCfg = Debug|Any CPU
		{550F036E-F23E-4999-BB01-4857486E4125}.Debug-FULL|iPhone.Build.0 = Debug|Any CPU
		{550F036E-F23E-4999-BB01-4857486E4125}.Debug-FULL|iPhoneSimulator.ActiveCfg = Debug|Any CPU
		{550F036E-F23E-4999-BB01-4857486E4125}.Debug-FULL|iPhoneSimulator.Build.0 = Debug|Any CPU
		{550F036E-F23E-4999-BB01-4857486E4125}.Debug-FULL|x86.ActiveCfg = Debug|Any CPU
		{550F036E-F23E-4999-BB01-4857486E4125}.Debug-FULL|x86.Build.0 = Debug|Any CPU
		{550F036E-F23E-4999-BB01-4857486E4125}.Debug-IAB|Any CPU.ActiveCfg = Debug|Any CPU
		{550F036E-F23E-4999-BB01-4857486E4125}.Debug-IAB|Any CPU.Build.0 = Debug|Any CPU
		{550F036E-F23E-4999-BB01-4857486E4125}.Debug-IAB|iPhone.ActiveCfg = Debug|Any CPU
		{550F036E-F23E-4999-BB01-4857486E4125}.Debug-IAB|iPhone.Build.0 = Debug|Any CPU
		{550F036E-F23E-4999-BB01-4857486E4125}.Debug-IAB|iPhoneSimulator.ActiveCfg = Debug|Any CPU
		{550F036E-F23E-4999-BB01-4857486E4125}.Debug-IAB|iPhoneSimulator.Build.0 = Debug|Any CPU
		{550F036E-F23E-4999-BB01-4857486E4125}.Debug-IAB|x86.ActiveCfg = Debug|Any CPU
		{550F036E-F23E-4999-BB01-4857486E4125}.Debug-IAB|x86.Build.0 = Debug|Any CPU
		{550F036E-F23E-4999-BB01-4857486E4125}.Release-FULL|Any CPU.ActiveCfg = Release|Any CPU
		{550F036E-F23E-4999-BB01-4857486E4125}.Release-FULL|Any CPU.Build.0 = Release|Any CPU
		{550F036E-F23E-4999-BB01-4857486E4125}.Release-FULL|iPhone.ActiveCfg = Release|Any CPU
		{550F036E-F23E-4999-BB01-4857486E4125}.Release-FULL|iPhone.Build.0 = Release|Any CPU
		{550F036E-F23E-4999-BB01-4857486E4125}.Release-FULL|iPhoneSimulator.ActiveCfg = Release|Any CPU
		{550F036E-F23E-4999-BB01-4857486E4125}.Release-FULL|iPhoneSimulator.Build.0 = Release|Any CPU
		{550F036E-F23E-4999-BB01-4857486E4125}.Release-FULL|x86.ActiveCfg = Release|Any CPU
		{550F036E-F23E-4999-BB01-4857486E4125}.Release-FULL|x86.Build.0 = Release|Any CPU
		{550F036E-F23E-4999-BB01-4857486E4125}.Release-IAB|Any CPU.ActiveCfg = Release|Any CPU
		{550F036E-F23E-4999-BB01-4857486E4125}.Release-IAB|Any CPU.Build.0 = Release|Any CPU
		{550F036E-F23E-4999-BB01-4857486E4125}.Release-IAB|iPhone.ActiveCfg = Release|Any CPU
		{550F036E-F23E-4999-BB01-4857486E4125}.Release-IAB|iPhone.Build.0 = Release|Any CPU
		{550F036E-F23E-4999-BB01-4857486E4125}.Release-IAB|iPhoneSimulator.ActiveCfg = Release|Any CPU
		{550F036E-F23E-4999-BB01-4857486E4125}.Release-IAB|iPhoneSimulator.Build.0 = Release|Any CPU
		{550F036E-F23E-4999-BB01-4857486E4125}.Release-IAB|x86.ActiveCfg = Release|Any CPU
		{550F036E-F23E-4999-BB01-4857486E4125}.Release-IAB|x86.Build.0 = Release|Any CPU
		{D661CD9F-8934-496D-8332-BC82AAB77598}.Debug-FULL|Any CPU.ActiveCfg = Debug|Any CPU
		{D661CD9F-8934-496D-8332-BC82AAB77598}.Debug-FULL|Any CPU.Build.0 = Debug|Any CPU
		{D661CD9F-8934-496D-8332-BC82AAB77598}.Debug-FULL|iPhone.ActiveCfg = Debug|Any CPU
		{D661CD9F-8934-496D-8332-BC82AAB77598}.Debug-FULL|iPhone.Build.0 = Debug|Any CPU
		{D661CD9F-8934-496D-8332-BC82AAB77598}.Debug-FULL|iPhoneSimulator.ActiveCfg = Debug|Any CPU
		{D661CD9F-8934-496D-8332-BC82AAB77598}.Debug-FULL|iPhoneSimulator.Build.0 = Debug|Any CPU
		{D661CD9F-8934-496D-8332-BC82AAB77598}.Debug-FULL|x86.ActiveCfg = Debug|Any CPU
		{D661CD9F-8934-496D-8332-BC82AAB77598}.Debug-FULL|x86.Build.0 = Debug|Any CPU
		{D661CD9F-8934-496D-8332-BC82AAB77598}.Debug-IAB|Any CPU.ActiveCfg = Debug|Any CPU
		{D661CD9F-8934-496D-8332-BC82AAB77598}.Debug-IAB|Any CPU.Build.0 = Debug|Any CPU
		{D661CD9F-8934-496D-8332-BC82AAB77598}.Debug-IAB|iPhone.ActiveCfg = Debug|Any CPU
		{D661CD9F-8934-496D-8332-BC82AAB77598}.Debug-IAB|iPhone.Build.0 = Debug|Any CPU
		{D661CD9F-8934-496D-8332-BC82AAB77598}.Debug-IAB|iPhoneSimulator.ActiveCfg = Debug|Any CPU
		{D661CD9F-8934-496D-8332-BC82AAB77598}.Debug-IAB|iPhoneSimulator.Build.0 = Debug|Any CPU
		{D661CD9F-8934-496D-8332-BC82AAB77598}.Debug-IAB|x86.ActiveCfg = Debug|Any CPU
		{D661CD9F-8934-496D-8332-BC82AAB77598}.Debug-IAB|x86.Build.0 = Debug|Any CPU
		{D661CD9F-8934-496D-8332-BC82AAB77598}.Release-FULL|Any CPU.ActiveCfg = Release|Any CPU
		{D661CD9F-8934-496D-8332-BC82AAB77598}.Release-FULL|Any CPU.Build.0 = Release|Any CPU
		{D661CD9F-8934-496D-8332-BC82AAB77598}.Release-FULL|iPhone.ActiveCfg = Release|Any CPU
		{D661CD9F-8934-496D-8332-BC82AAB77598}.Release-FULL|iPhone.Build.0 = Release|Any CPU
		{D661CD9F-8934-496D-8332-BC82AAB77598}.Release-FULL|iPhoneSimulator.ActiveCfg = Release|Any CPU
		{D661CD9F-8934-496D-8332-BC82AAB77598}.Release-FULL|iPhoneSimulator.Build.0 = Release|Any CPU
		{D661CD9F-8934-496D-8332-BC82AAB77598}.Release-FULL|x86.ActiveCfg = Release|Any CPU
		{D661CD9F-8934-496D-8332-BC82AAB77598}.Release-FULL|x86.Build.0 = Release|Any CPU
		{D661CD9F-8934-496D-8332-BC82AAB77598}.Release-IAB|Any CPU.ActiveCfg = Release|Any CPU
		{D661CD9F-8934-496D-8332-BC82AAB77598}.Release-IAB|Any CPU.Build.0 = Release|Any CPU
		{D661CD9F-8934-496D-8332-BC82AAB77598}.Release-IAB|iPhone.ActiveCfg = Release|Any CPU
		{D661CD9F-8934-496D-8332-BC82AAB77598}.Release-IAB|iPhone.Build.0 = Release|Any CPU
		{D661CD9F-8934-496D-8332-BC82AAB77598}.Release-IAB|iPhoneSimulator.ActiveCfg = Release|Any CPU
		{D661CD9F-8934-496D-8332-BC82AAB77598}.Release-IAB|iPhoneSimulator.Build.0 = Release|Any CPU
		{D661CD9F-8934-496D-8332-BC82AAB77598}.Release-IAB|x86.ActiveCfg = Release|Any CPU
		{D661CD9F-8934-496D-8332-BC82AAB77598}.Release-IAB|x86.Build.0 = Release|Any CPU
		{D8D02F4E-92C8-4E02-9B79-76C9F996FB8B}.Debug-FULL|Any CPU.ActiveCfg = Debug|Any CPU
		{D8D02F4E-92C8-4E02-9B79-76C9F996FB8B}.Debug-FULL|Any CPU.Build.0 = Debug|Any CPU
		{D8D02F4E-92C8-4E02-9B79-76C9F996FB8B}.Debug-FULL|iPhone.ActiveCfg = Debug|Any CPU
		{D8D02F4E-92C8-4E02-9B79-76C9F996FB8B}.Debug-FULL|iPhone.Build.0 = Debug|Any CPU
		{D8D02F4E-92C8-4E02-9B79-76C9F996FB8B}.Debug-FULL|iPhoneSimulator.ActiveCfg = Debug|Any CPU
		{D8D02F4E-92C8-4E02-9B79-76C9F996FB8B}.Debug-FULL|iPhoneSimulator.Build.0 = Debug|Any CPU
		{D8D02F4E-92C8-4E02-9B79-76C9F996FB8B}.Debug-FULL|x86.ActiveCfg = Debug|Any CPU
		{D8D02F4E-92C8-4E02-9B79-76C9F996FB8B}.Debug-FULL|x86.Build.0 = Debug|Any CPU
		{D8D02F4E-92C8-4E02-9B79-76C9F996FB8B}.Debug-IAB|Any CPU.ActiveCfg = Debug|Any CPU
		{D8D02F4E-92C8-4E02-9B79-76C9F996FB8B}.Debug-IAB|Any CPU.Build.0 = Debug|Any CPU
		{D8D02F4E-92C8-4E02-9B79-76C9F996FB8B}.Debug-IAB|iPhone.ActiveCfg = Debug|Any CPU
		{D8D02F4E-92C8-4E02-9B79-76C9F996FB8B}.Debug-IAB|iPhone.Build.0 = Debug|Any CPU
		{D8D02F4E-92C8-4E02-9B79-76C9F996FB8B}.Debug-IAB|iPhoneSimulator.ActiveCfg = Debug|Any CPU
		{D8D02F4E-92C8-4E02-9B79-76C9F996FB8B}.Debug-IAB|iPhoneSimulator.Build.0 = Debug|Any CPU
		{D8D02F4E-92C8-4E02-9B79-76C9F996FB8B}.Debug-IAB|x86.ActiveCfg = Debug|Any CPU
		{D8D02F4E-92C8-4E02-9B79-76C9F996FB8B}.Debug-IAB|x86.Build.0 = Debug|Any CPU
		{D8D02F4E-92C8-4E02-9B79-76C9F996FB8B}.Release-FULL|Any CPU.ActiveCfg = Release|Any CPU
		{D8D02F4E-92C8-4E02-9B79-76C9F996FB8B}.Release-FULL|Any CPU.Build.0 = Release|Any CPU
		{D8D02F4E-92C8-4E02-9B79-76C9F996FB8B}.Release-FULL|iPhone.ActiveCfg = Release|Any CPU
		{D8D02F4E-92C8-4E02-9B79-76C9F996FB8B}.Release-FULL|iPhone.Build.0 = Release|Any CPU
		{D8D02F4E-92C8-4E02-9B79-76C9F996FB8B}.Release-FULL|iPhoneSimulator.ActiveCfg = Release|Any CPU
		{D8D02F4E-92C8-4E02-9B79-76C9F996FB8B}.Release-FULL|iPhoneSimulator.Build.0 = Release|Any CPU
		{D8D02F4E-92C8-4E02-9B79-76C9F996FB8B}.Release-FULL|x86.ActiveCfg = Release|Any CPU
		{D8D02F4E-92C8-4E02-9B79-76C9F996FB8B}.Release-FULL|x86.Build.0 = Release|Any CPU
		{D8D02F4E-92C8-4E02-9B79-76C9F996FB8B}.Release-IAB|Any CPU.ActiveCfg = Release|Any CPU
		{D8D02F4E-92C8-4E02-9B79-76C9F996FB8B}.Release-IAB|Any CPU.Build.0 = Release|Any CPU
		{D8D02F4E-92C8-4E02-9B79-76C9F996FB8B}.Release-IAB|iPhone.ActiveCfg = Release|Any CPU
		{D8D02F4E-92C8-4E02-9B79-76C9F996FB8B}.Release-IAB|iPhone.Build.0 = Release|Any CPU
		{D8D02F4E-92C8-4E02-9B79-76C9F996FB8B}.Release-IAB|iPhoneSimulator.ActiveCfg = Release|Any CPU
		{D8D02F4E-92C8-4E02-9B79-76C9F996FB8B}.Release-IAB|iPhoneSimulator.Build.0 = Release|Any CPU
		{D8D02F4E-92C8-4E02-9B79-76C9F996FB8B}.Release-IAB|x86.ActiveCfg = Release|Any CPU
		{D8D02F4E-92C8-4E02-9B79-76C9F996FB8B}.Release-IAB|x86.Build.0 = Release|Any CPU
		{277DA996-84FB-41B8-996E-79C336EEFDE9}.Debug-FULL|Any CPU.ActiveCfg = Debug|Any CPU
		{277DA996-84FB-41B8-996E-79C336EEFDE9}.Debug-FULL|Any CPU.Build.0 = Debug|Any CPU
		{277DA996-84FB-41B8-996E-79C336EEFDE9}.Debug-FULL|iPhone.ActiveCfg = Debug|Any CPU
		{277DA996-84FB-41B8-996E-79C336EEFDE9}.Debug-FULL|iPhone.Build.0 = Debug|Any CPU
		{277DA996-84FB-41B8-996E-79C336EEFDE9}.Debug-FULL|iPhoneSimulator.ActiveCfg = Debug|Any CPU
		{277DA996-84FB-41B8-996E-79C336EEFDE9}.Debug-FULL|iPhoneSimulator.Build.0 = Debug|Any CPU
		{277DA996-84FB-41B8-996E-79C336EEFDE9}.Debug-FULL|x86.ActiveCfg = Debug|Any CPU
		{277DA996-84FB-41B8-996E-79C336EEFDE9}.Debug-FULL|x86.Build.0 = Debug|Any CPU
		{277DA996-84FB-41B8-996E-79C336EEFDE9}.Debug-IAB|Any CPU.ActiveCfg = Debug|Any CPU
		{277DA996-84FB-41B8-996E-79C336EEFDE9}.Debug-IAB|Any CPU.Build.0 = Debug|Any CPU
		{277DA996-84FB-41B8-996E-79C336EEFDE9}.Debug-IAB|iPhone.ActiveCfg = Debug|Any CPU
		{277DA996-84FB-41B8-996E-79C336EEFDE9}.Debug-IAB|iPhone.Build.0 = Debug|Any CPU
		{277DA996-84FB-41B8-996E-79C336EEFDE9}.Debug-IAB|iPhoneSimulator.ActiveCfg = Debug|Any CPU
		{277DA996-84FB-41B8-996E-79C336EEFDE9}.Debug-IAB|iPhoneSimulator.Build.0 = Debug|Any CPU
		{277DA996-84FB-41B8-996E-79C336EEFDE9}.Debug-IAB|x86.ActiveCfg = Debug|Any CPU
		{277DA996-84FB-41B8-996E-79C336EEFDE9}.Debug-IAB|x86.Build.0 = Debug|Any CPU
		{277DA996-84FB-41B8-996E-79C336EEFDE9}.Release-FULL|Any CPU.ActiveCfg = Release|Any CPU
		{277DA996-84FB-41B8-996E-79C336EEFDE9}.Release-FULL|Any CPU.Build.0 = Release|Any CPU
		{277DA996-84FB-41B8-996E-79C336EEFDE9}.Release-FULL|iPhone.ActiveCfg = Release|Any CPU
		{277DA996-84FB-41B8-996E-79C336EEFDE9}.Release-FULL|iPhone.Build.0 = Release|Any CPU
		{277DA996-84FB-41B8-996E-79C336EEFDE9}.Release-FULL|iPhoneSimulator.ActiveCfg = Release|Any CPU
		{277DA996-84FB-41B8-996E-79C336EEFDE9}.Release-FULL|iPhoneSimulator.Build.0 = Release|Any CPU
		{277DA996-84FB-41B8-996E-79C336EEFDE9}.Release-FULL|x86.ActiveCfg = Release|Any CPU
		{277DA996-84FB-41B8-996E-79C336EEFDE9}.Release-FULL|x86.Build.0 = Release|Any CPU
		{277DA996-84FB-41B8-996E-79C336EEFDE9}.Release-IAB|Any CPU.ActiveCfg = Release|Any CPU
		{277DA996-84FB-41B8-996E-79C336EEFDE9}.Release-IAB|Any CPU.Build.0 = Release|Any CPU
		{277DA996-84FB-41B8-996E-79C336EEFDE9}.Release-IAB|iPhone.ActiveCfg = Release|Any CPU
		{277DA996-84FB-41B8-996E-79C336EEFDE9}.Release-IAB|iPhone.Build.0 = Release|Any CPU
		{277DA996-84FB-41B8-996E-79C336EEFDE9}.Release-IAB|iPhoneSimulator.ActiveCfg = Release|Any CPU
		{277DA996-84FB-41B8-996E-79C336EEFDE9}.Release-IAB|iPhoneSimulator.Build.0 = Release|Any CPU
		{277DA996-84FB-41B8-996E-79C336EEFDE9}.Release-IAB|x86.ActiveCfg = Release|Any CPU
		{277DA996-84FB-41B8-996E-79C336EEFDE9}.Release-IAB|x86.Build.0 = Release|Any CPU
	EndGlobalSection
	GlobalSection(SolutionProperties) = preSolution
		HideSolutionNode = FALSE
	EndGlobalSection
	GlobalSection(NestedProjects) = preSolution
		{DAED060D-BE0D-44D1-AC38-E189C7A6D300} = {45B7C48F-CB14-4B13-AD82-5D2AEDF45DC6}
		{D49363EF-8D37-42B4-9AB4-C2083A4B186E} = {45B7C48F-CB14-4B13-AD82-5D2AEDF45DC6}
		{AF110750-B036-4FDC-AF51-B08C7389AAA8} = {45B7C48F-CB14-4B13-AD82-5D2AEDF45DC6}
		{A1807D3F-3546-4C28-B713-C4F767383B61} = {3A0EEB35-977B-4A96-87D0-A6C29BD9F96C}
		{550F035E-F23E-4999-BB01-4857486E4125} = {3A0EEB35-977B-4A96-87D0-A6C29BD9F96C}
		{28CD24BD-432C-4987-9E9D-65CFCF120EA1} = {1979FEB3-B082-4309-B71D-89D0C3A7A180}
		{D661CD9F-8934-496D-8332-BC82AAB77598} = {3A0EEB35-977B-4A96-87D0-A6C29BD9F96C}
		{D8D02F4E-92C8-4E02-9B79-76C9F996FB8B} = {1979FEB3-B082-4309-B71D-89D0C3A7A180}
		{277DA996-84FB-41B8-996E-79C336EEFDE9} = {1979FEB3-B082-4309-B71D-89D0C3A7A180}
	EndGlobalSection
EndGlobal
