
Microsoft Visual Studio Solution File, Format Version 12.00
# Visual Studio 15
VisualStudioVersion = 15.0.26430.6
MinimumVisualStudioVersion = 10.0.40219.1
Project("{D954291E-2A0B-460D-934E-DC6B0785DB48}") = "GridDominance.Shared", "GridDominance.Shared\GridDominance.Shared.shproj", "{8FC3B872-A050-4329-8999-8B490B0B6274}"
EndProject
Project("{FAE04EC0-301F-11D3-BF4B-00C04F79EFBC}") = "GridDominance.DirectX", "GridDominance.DirectX\GridDominance.DirectX.csproj", "{DAED060D-BE0D-44D1-AC38-E189C7A6D300}"
EndProject
Project("{FAE04EC0-301F-11D3-BF4B-00C04F79EFBC}") = "GridDominance.Android", "GridDominance.Android\GridDominance.Android.csproj", "{D49363EF-8D37-42B4-9AB4-C2083A4B186E}"
EndProject
Project("{FAE04EC0-301F-11D3-BF4B-00C04F79EFBC}") = "GridDominance.OpenGL", "GridDominance.OpenGL\GridDominance.OpenGL.csproj", "{AF110750-B036-4FDC-AF51-B08C7389AAA8}"
EndProject
Project("{2150E333-8FDC-42A3-9474-1A3956D46DE8}") = "External", "External", "{3A0EEB35-977B-4A96-87D0-A6C29BD9F96C}"
EndProject
Project("{FAE04EC0-301F-11D3-BF4B-00C04F79EFBC}") = "FarseerPhysics.Portable", "External\FarseerPhysics.Portable\FarseerPhysics.Portable\FarseerPhysics.Portable.csproj", "{A1807D3F-3546-4C28-B713-C4F767383B61}"
EndProject
Project("{FAE04EC0-301F-11D3-BF4B-00C04F79EFBC}") = "DebugView.Portable", "External\DebugView.Portable\DebugView.Portable.csproj", "{550F035E-F23E-4999-BB01-4857486E4125}"
EndProject
Project("{FAE04EC0-301F-11D3-BF4B-00C04F79EFBC}") = "GridDominance.Content.Pipeline", "GridDominance.Content.Pipeline\GridDominance.Content.Pipeline.csproj", "{28CD24BD-432C-4987-9E9D-65CFCF120EA1}"
EndProject
Project("{2150E333-8FDC-42A3-9474-1A3956D46DE8}") = "Platforms", "Platforms", "{45B7C48F-CB14-4B13-AD82-5D2AEDF45DC6}"
EndProject
Project("{2150E333-8FDC-42A3-9474-1A3956D46DE8}") = "Tools", "Tools", "{1979FEB3-B082-4309-B71D-89D0C3A7A180}"
EndProject
Project("{FAE04EC0-301F-11D3-BF4B-00C04F79EFBC}") = "MonoSAMFramework.Portable", "MonoSAMFramework.Portable\MonoSAMFramework.Portable.csproj", "{550F036E-F23E-4999-BB01-4857486E4125}"
EndProject
Project("{FAE04EC0-301F-11D3-BF4B-00C04F79EFBC}") = "CSharpUtils", "External\CSharpUtils\CSharpUtils.csproj", "{D661CD9F-8934-496D-8332-BC82AAB77598}"
EndProject
Project("{FAE04EC0-301F-11D3-BF4B-00C04F79EFBC}") = "GridDominance.Common", "GridDominance.Common\GridDominance.Common.csproj", "{D8D02F4E-92C8-4E02-9B79-76C9F996FB8B}"
EndProject
Project("{FAE04EC0-301F-11D3-BF4B-00C04F79EFBC}") = "DSLEditor", "DSLEditor\DSLEditor.csproj", "{277DA996-84FB-41B8-996E-79C336EEFDE9}"
EndProject
Global
	GlobalSection(SharedMSBuildProjectFiles) = preSolution
		GridDominance.Shared\GridDominance.Shared.projitems*{8fc3b872-a050-4329-8999-8b490b0b6274}*SharedItemsImports = 13
		GridDominance.Shared\GridDominance.Shared.projitems*{af110750-b036-4fdc-af51-b08c7389aaa8}*SharedItemsImports = 4
		GridDominance.Shared\GridDominance.Shared.projitems*{d49363ef-8d37-42b4-9ab4-c2083a4b186e}*SharedItemsImports = 4
		GridDominance.Shared\GridDominance.Shared.projitems*{daed060d-be0d-44d1-ac38-e189c7a6d300}*SharedItemsImports = 4
	EndGlobalSection
	GlobalSection(SolutionConfigurationPlatforms) = preSolution
		AppStore|Any CPU = AppStore|Any CPU
		AppStore|iPhone = AppStore|iPhone
		AppStore|iPhoneSimulator = AppStore|iPhoneSimulator
		AppStore|x86 = AppStore|x86
		Debug|Any CPU = Debug|Any CPU
		Debug|iPhone = Debug|iPhone
		Debug|iPhoneSimulator = Debug|iPhoneSimulator
		Debug|x86 = Debug|x86
		Release|Any CPU = Release|Any CPU
		Release|iPhone = Release|iPhone
		Release|iPhoneSimulator = Release|iPhoneSimulator
		Release|x86 = Release|x86
	EndGlobalSection
	GlobalSection(ProjectConfigurationPlatforms) = postSolution
		{DAED060D-BE0D-44D1-AC38-E189C7A6D300}.AppStore|Any CPU.ActiveCfg = Release|x86
		{DAED060D-BE0D-44D1-AC38-E189C7A6D300}.AppStore|Any CPU.Build.0 = Release|x86
		{DAED060D-BE0D-44D1-AC38-E189C7A6D300}.AppStore|iPhone.ActiveCfg = Release|x86
		{DAED060D-BE0D-44D1-AC38-E189C7A6D300}.AppStore|iPhone.Build.0 = Release|x86
		{DAED060D-BE0D-44D1-AC38-E189C7A6D300}.AppStore|iPhoneSimulator.ActiveCfg = Release|x86
		{DAED060D-BE0D-44D1-AC38-E189C7A6D300}.AppStore|iPhoneSimulator.Build.0 = Release|x86
		{DAED060D-BE0D-44D1-AC38-E189C7A6D300}.AppStore|x86.ActiveCfg = Release|x86
		{DAED060D-BE0D-44D1-AC38-E189C7A6D300}.AppStore|x86.Build.0 = Release|x86
		{DAED060D-BE0D-44D1-AC38-E189C7A6D300}.Debug|Any CPU.ActiveCfg = Debug|x86
		{DAED060D-BE0D-44D1-AC38-E189C7A6D300}.Debug|Any CPU.Build.0 = Debug|x86
		{DAED060D-BE0D-44D1-AC38-E189C7A6D300}.Debug|iPhone.ActiveCfg = Debug|x86
		{DAED060D-BE0D-44D1-AC38-E189C7A6D300}.Debug|iPhoneSimulator.ActiveCfg = Debug|x86
		{DAED060D-BE0D-44D1-AC38-E189C7A6D300}.Debug|x86.ActiveCfg = Debug|x86
		{DAED060D-BE0D-44D1-AC38-E189C7A6D300}.Debug|x86.Build.0 = Debug|x86
		{DAED060D-BE0D-44D1-AC38-E189C7A6D300}.Release|Any CPU.ActiveCfg = Release|x86
		{DAED060D-BE0D-44D1-AC38-E189C7A6D300}.Release|Any CPU.Build.0 = Release|x86
		{DAED060D-BE0D-44D1-AC38-E189C7A6D300}.Release|iPhone.ActiveCfg = Release|x86
		{DAED060D-BE0D-44D1-AC38-E189C7A6D300}.Release|iPhoneSimulator.ActiveCfg = Release|x86
		{DAED060D-BE0D-44D1-AC38-E189C7A6D300}.Release|x86.ActiveCfg = Release|x86
		{DAED060D-BE0D-44D1-AC38-E189C7A6D300}.Release|x86.Build.0 = Release|x86
		{D49363EF-8D37-42B4-9AB4-C2083A4B186E}.AppStore|Any CPU.ActiveCfg = Release|Any CPU
		{D49363EF-8D37-42B4-9AB4-C2083A4B186E}.AppStore|Any CPU.Build.0 = Release|Any CPU
		{D49363EF-8D37-42B4-9AB4-C2083A4B186E}.AppStore|Any CPU.Deploy.0 = Release|Any CPU
		{D49363EF-8D37-42B4-9AB4-C2083A4B186E}.AppStore|iPhone.ActiveCfg = Release|Any CPU
		{D49363EF-8D37-42B4-9AB4-C2083A4B186E}.AppStore|iPhone.Build.0 = Release|Any CPU
		{D49363EF-8D37-42B4-9AB4-C2083A4B186E}.AppStore|iPhone.Deploy.0 = Release|Any CPU
		{D49363EF-8D37-42B4-9AB4-C2083A4B186E}.AppStore|iPhoneSimulator.ActiveCfg = Release|Any CPU
		{D49363EF-8D37-42B4-9AB4-C2083A4B186E}.AppStore|iPhoneSimulator.Build.0 = Release|Any CPU
		{D49363EF-8D37-42B4-9AB4-C2083A4B186E}.AppStore|iPhoneSimulator.Deploy.0 = Release|Any CPU
		{D49363EF-8D37-42B4-9AB4-C2083A4B186E}.AppStore|x86.ActiveCfg = Release|Any CPU
		{D49363EF-8D37-42B4-9AB4-C2083A4B186E}.AppStore|x86.Build.0 = Release|Any CPU
		{D49363EF-8D37-42B4-9AB4-C2083A4B186E}.AppStore|x86.Deploy.0 = Release|Any CPU
		{D49363EF-8D37-42B4-9AB4-C2083A4B186E}.Debug|Any CPU.ActiveCfg = Debug|Any CPU
		{D49363EF-8D37-42B4-9AB4-C2083A4B186E}.Debug|Any CPU.Build.0 = Debug|Any CPU
		{D49363EF-8D37-42B4-9AB4-C2083A4B186E}.Debug|Any CPU.Deploy.0 = Debug|Any CPU
		{D49363EF-8D37-42B4-9AB4-C2083A4B186E}.Debug|iPhone.ActiveCfg = Debug|Any CPU
		{D49363EF-8D37-42B4-9AB4-C2083A4B186E}.Debug|iPhone.Build.0 = Debug|Any CPU
		{D49363EF-8D37-42B4-9AB4-C2083A4B186E}.Debug|iPhone.Deploy.0 = Debug|Any CPU
		{D49363EF-8D37-42B4-9AB4-C2083A4B186E}.Debug|iPhoneSimulator.ActiveCfg = Debug|Any CPU
		{D49363EF-8D37-42B4-9AB4-C2083A4B186E}.Debug|iPhoneSimulator.Build.0 = Debug|Any CPU
		{D49363EF-8D37-42B4-9AB4-C2083A4B186E}.Debug|iPhoneSimulator.Deploy.0 = Debug|Any CPU
		{D49363EF-8D37-42B4-9AB4-C2083A4B186E}.Debug|x86.ActiveCfg = Debug|Any CPU
		{D49363EF-8D37-42B4-9AB4-C2083A4B186E}.Debug|x86.Build.0 = Debug|Any CPU
		{D49363EF-8D37-42B4-9AB4-C2083A4B186E}.Release|Any CPU.ActiveCfg = Release|Any CPU
		{D49363EF-8D37-42B4-9AB4-C2083A4B186E}.Release|Any CPU.Build.0 = Release|Any CPU
		{D49363EF-8D37-42B4-9AB4-C2083A4B186E}.Release|Any CPU.Deploy.0 = Release|Any CPU
		{D49363EF-8D37-42B4-9AB4-C2083A4B186E}.Release|iPhone.ActiveCfg = Release|Any CPU
		{D49363EF-8D37-42B4-9AB4-C2083A4B186E}.Release|iPhone.Build.0 = Release|Any CPU
		{D49363EF-8D37-42B4-9AB4-C2083A4B186E}.Release|iPhone.Deploy.0 = Release|Any CPU
		{D49363EF-8D37-42B4-9AB4-C2083A4B186E}.Release|iPhoneSimulator.ActiveCfg = Release|Any CPU
		{D49363EF-8D37-42B4-9AB4-C2083A4B186E}.Release|iPhoneSimulator.Build.0 = Release|Any CPU
		{D49363EF-8D37-42B4-9AB4-C2083A4B186E}.Release|iPhoneSimulator.Deploy.0 = Release|Any CPU
		{D49363EF-8D37-42B4-9AB4-C2083A4B186E}.Release|x86.ActiveCfg = Release|Any CPU
		{D49363EF-8D37-42B4-9AB4-C2083A4B186E}.Release|x86.Build.0 = Release|Any CPU
		{AF110750-B036-4FDC-AF51-B08C7389AAA8}.AppStore|Any CPU.ActiveCfg = Release|x86
		{AF110750-B036-4FDC-AF51-B08C7389AAA8}.AppStore|Any CPU.Build.0 = Release|x86
		{AF110750-B036-4FDC-AF51-B08C7389AAA8}.AppStore|iPhone.ActiveCfg = Release|x86
		{AF110750-B036-4FDC-AF51-B08C7389AAA8}.AppStore|iPhone.Build.0 = Release|x86
		{AF110750-B036-4FDC-AF51-B08C7389AAA8}.AppStore|iPhoneSimulator.ActiveCfg = Release|x86
		{AF110750-B036-4FDC-AF51-B08C7389AAA8}.AppStore|iPhoneSimulator.Build.0 = Release|x86
		{AF110750-B036-4FDC-AF51-B08C7389AAA8}.AppStore|x86.ActiveCfg = Release|x86
		{AF110750-B036-4FDC-AF51-B08C7389AAA8}.AppStore|x86.Build.0 = Release|x86
		{AF110750-B036-4FDC-AF51-B08C7389AAA8}.Debug|Any CPU.ActiveCfg = Debug|x86
		{AF110750-B036-4FDC-AF51-B08C7389AAA8}.Debug|Any CPU.Build.0 = Debug|x86
		{AF110750-B036-4FDC-AF51-B08C7389AAA8}.Debug|iPhone.ActiveCfg = Debug|x86
		{AF110750-B036-4FDC-AF51-B08C7389AAA8}.Debug|iPhoneSimulator.ActiveCfg = Debug|x86
		{AF110750-B036-4FDC-AF51-B08C7389AAA8}.Debug|x86.ActiveCfg = Debug|x86
		{AF110750-B036-4FDC-AF51-B08C7389AAA8}.Debug|x86.Build.0 = Debug|x86
		{AF110750-B036-4FDC-AF51-B08C7389AAA8}.Release|Any CPU.ActiveCfg = Release|x86
		{AF110750-B036-4FDC-AF51-B08C7389AAA8}.Release|Any CPU.Build.0 = Release|x86
		{AF110750-B036-4FDC-AF51-B08C7389AAA8}.Release|iPhone.ActiveCfg = Release|x86
		{AF110750-B036-4FDC-AF51-B08C7389AAA8}.Release|iPhoneSimulator.ActiveCfg = Release|x86
		{AF110750-B036-4FDC-AF51-B08C7389AAA8}.Release|x86.ActiveCfg = Release|x86
		{AF110750-B036-4FDC-AF51-B08C7389AAA8}.Release|x86.Build.0 = Release|x86
		{A1807D3F-3546-4C28-B713-C4F767383B61}.AppStore|Any CPU.ActiveCfg = Release|Any CPU
		{A1807D3F-3546-4C28-B713-C4F767383B61}.AppStore|Any CPU.Build.0 = Release|Any CPU
		{A1807D3F-3546-4C28-B713-C4F767383B61}.AppStore|iPhone.ActiveCfg = Release|Any CPU
		{A1807D3F-3546-4C28-B713-C4F767383B61}.AppStore|iPhone.Build.0 = Release|Any CPU
		{A1807D3F-3546-4C28-B713-C4F767383B61}.AppStore|iPhoneSimulator.ActiveCfg = Release|Any CPU
		{A1807D3F-3546-4C28-B713-C4F767383B61}.AppStore|iPhoneSimulator.Build.0 = Release|Any CPU
		{A1807D3F-3546-4C28-B713-C4F767383B61}.AppStore|x86.ActiveCfg = Release|Any CPU
		{A1807D3F-3546-4C28-B713-C4F767383B61}.AppStore|x86.Build.0 = Release|Any CPU
		{A1807D3F-3546-4C28-B713-C4F767383B61}.Debug|Any CPU.ActiveCfg = Debug|Any CPU
		{A1807D3F-3546-4C28-B713-C4F767383B61}.Debug|Any CPU.Build.0 = Debug|Any CPU
		{A1807D3F-3546-4C28-B713-C4F767383B61}.Debug|iPhone.ActiveCfg = Debug|Any CPU
		{A1807D3F-3546-4C28-B713-C4F767383B61}.Debug|iPhone.Build.0 = Debug|Any CPU
		{A1807D3F-3546-4C28-B713-C4F767383B61}.Debug|iPhoneSimulator.ActiveCfg = Debug|Any CPU
		{A1807D3F-3546-4C28-B713-C4F767383B61}.Debug|iPhoneSimulator.Build.0 = Debug|Any CPU
		{A1807D3F-3546-4C28-B713-C4F767383B61}.Debug|x86.ActiveCfg = Debug|Any CPU
		{A1807D3F-3546-4C28-B713-C4F767383B61}.Debug|x86.Build.0 = Debug|Any CPU
		{A1807D3F-3546-4C28-B713-C4F767383B61}.Release|Any CPU.ActiveCfg = Release|Any CPU
		{A1807D3F-3546-4C28-B713-C4F767383B61}.Release|Any CPU.Build.0 = Release|Any CPU
		{A1807D3F-3546-4C28-B713-C4F767383B61}.Release|iPhone.ActiveCfg = Release|Any CPU
		{A1807D3F-3546-4C28-B713-C4F767383B61}.Release|iPhone.Build.0 = Release|Any CPU
		{A1807D3F-3546-4C28-B713-C4F767383B61}.Release|iPhoneSimulator.ActiveCfg = Release|Any CPU
		{A1807D3F-3546-4C28-B713-C4F767383B61}.Release|iPhoneSimulator.Build.0 = Release|Any CPU
		{A1807D3F-3546-4C28-B713-C4F767383B61}.Release|x86.ActiveCfg = Release|Any CPU
		{A1807D3F-3546-4C28-B713-C4F767383B61}.Release|x86.Build.0 = Release|Any CPU
		{550F035E-F23E-4999-BB01-4857486E4125}.AppStore|Any CPU.ActiveCfg = Release|Any CPU
		{550F035E-F23E-4999-BB01-4857486E4125}.AppStore|Any CPU.Build.0 = Release|Any CPU
		{550F035E-F23E-4999-BB01-4857486E4125}.AppStore|iPhone.ActiveCfg = Release|Any CPU
		{550F035E-F23E-4999-BB01-4857486E4125}.AppStore|iPhone.Build.0 = Release|Any CPU
		{550F035E-F23E-4999-BB01-4857486E4125}.AppStore|iPhoneSimulator.ActiveCfg = Release|Any CPU
		{550F035E-F23E-4999-BB01-4857486E4125}.AppStore|iPhoneSimulator.Build.0 = Release|Any CPU
		{550F035E-F23E-4999-BB01-4857486E4125}.AppStore|x86.ActiveCfg = Release|Any CPU
		{550F035E-F23E-4999-BB01-4857486E4125}.AppStore|x86.Build.0 = Release|Any CPU
		{550F035E-F23E-4999-BB01-4857486E4125}.Debug|Any CPU.ActiveCfg = Debug|Any CPU
		{550F035E-F23E-4999-BB01-4857486E4125}.Debug|Any CPU.Build.0 = Debug|Any CPU
		{550F035E-F23E-4999-BB01-4857486E4125}.Debug|iPhone.ActiveCfg = Debug|Any CPU
		{550F035E-F23E-4999-BB01-4857486E4125}.Debug|iPhone.Build.0 = Debug|Any CPU
		{550F035E-F23E-4999-BB01-4857486E4125}.Debug|iPhoneSimulator.ActiveCfg = Debug|Any CPU
		{550F035E-F23E-4999-BB01-4857486E4125}.Debug|iPhoneSimulator.Build.0 = Debug|Any CPU
		{550F035E-F23E-4999-BB01-4857486E4125}.Debug|x86.ActiveCfg = Debug|Any CPU
		{550F035E-F23E-4999-BB01-4857486E4125}.Debug|x86.Build.0 = Debug|Any CPU
		{550F035E-F23E-4999-BB01-4857486E4125}.Release|Any CPU.ActiveCfg = Release|Any CPU
		{550F035E-F23E-4999-BB01-4857486E4125}.Release|Any CPU.Build.0 = Release|Any CPU
		{550F035E-F23E-4999-BB01-4857486E4125}.Release|iPhone.ActiveCfg = Release|Any CPU
		{550F035E-F23E-4999-BB01-4857486E4125}.Release|iPhone.Build.0 = Release|Any CPU
		{550F035E-F23E-4999-BB01-4857486E4125}.Release|iPhoneSimulator.ActiveCfg = Release|Any CPU
		{550F035E-F23E-4999-BB01-4857486E4125}.Release|iPhoneSimulator.Build.0 = Release|Any CPU
		{550F035E-F23E-4999-BB01-4857486E4125}.Release|x86.ActiveCfg = Release|Any CPU
		{550F035E-F23E-4999-BB01-4857486E4125}.Release|x86.Build.0 = Release|Any CPU
		{28CD24BD-432C-4987-9E9D-65CFCF120EA1}.AppStore|Any CPU.ActiveCfg = Release|Any CPU
		{28CD24BD-432C-4987-9E9D-65CFCF120EA1}.AppStore|Any CPU.Build.0 = Release|Any CPU
		{28CD24BD-432C-4987-9E9D-65CFCF120EA1}.AppStore|iPhone.ActiveCfg = Release|Any CPU
		{28CD24BD-432C-4987-9E9D-65CFCF120EA1}.AppStore|iPhone.Build.0 = Release|Any CPU
		{28CD24BD-432C-4987-9E9D-65CFCF120EA1}.AppStore|iPhoneSimulator.ActiveCfg = Release|Any CPU
		{28CD24BD-432C-4987-9E9D-65CFCF120EA1}.AppStore|iPhoneSimulator.Build.0 = Release|Any CPU
		{28CD24BD-432C-4987-9E9D-65CFCF120EA1}.AppStore|x86.ActiveCfg = Release|Any CPU
		{28CD24BD-432C-4987-9E9D-65CFCF120EA1}.AppStore|x86.Build.0 = Release|Any CPU
		{28CD24BD-432C-4987-9E9D-65CFCF120EA1}.Debug|Any CPU.ActiveCfg = Debug|Any CPU
		{28CD24BD-432C-4987-9E9D-65CFCF120EA1}.Debug|Any CPU.Build.0 = Debug|Any CPU
		{28CD24BD-432C-4987-9E9D-65CFCF120EA1}.Debug|iPhone.ActiveCfg = Debug|Any CPU
		{28CD24BD-432C-4987-9E9D-65CFCF120EA1}.Debug|iPhone.Build.0 = Debug|Any CPU
		{28CD24BD-432C-4987-9E9D-65CFCF120EA1}.Debug|iPhoneSimulator.ActiveCfg = Debug|Any CPU
		{28CD24BD-432C-4987-9E9D-65CFCF120EA1}.Debug|iPhoneSimulator.Build.0 = Debug|Any CPU
		{28CD24BD-432C-4987-9E9D-65CFCF120EA1}.Debug|x86.ActiveCfg = Debug|Any CPU
		{28CD24BD-432C-4987-9E9D-65CFCF120EA1}.Debug|x86.Build.0 = Debug|Any CPU
		{28CD24BD-432C-4987-9E9D-65CFCF120EA1}.Release|Any CPU.ActiveCfg = Release|Any CPU
		{28CD24BD-432C-4987-9E9D-65CFCF120EA1}.Release|Any CPU.Build.0 = Release|Any CPU
		{28CD24BD-432C-4987-9E9D-65CFCF120EA1}.Release|iPhone.ActiveCfg = Release|Any CPU
		{28CD24BD-432C-4987-9E9D-65CFCF120EA1}.Release|iPhone.Build.0 = Release|Any CPU
		{28CD24BD-432C-4987-9E9D-65CFCF120EA1}.Release|iPhoneSimulator.ActiveCfg = Release|Any CPU
		{28CD24BD-432C-4987-9E9D-65CFCF120EA1}.Release|iPhoneSimulator.Build.0 = Release|Any CPU
		{28CD24BD-432C-4987-9E9D-65CFCF120EA1}.Release|x86.ActiveCfg = Release|Any CPU
		{28CD24BD-432C-4987-9E9D-65CFCF120EA1}.Release|x86.Build.0 = Release|Any CPU
		{550F036E-F23E-4999-BB01-4857486E4125}.AppStore|Any CPU.ActiveCfg = Release|Any CPU
		{550F036E-F23E-4999-BB01-4857486E4125}.AppStore|Any CPU.Build.0 = Release|Any CPU
		{550F036E-F23E-4999-BB01-4857486E4125}.AppStore|iPhone.ActiveCfg = Release|Any CPU
		{550F036E-F23E-4999-BB01-4857486E4125}.AppStore|iPhone.Build.0 = Release|Any CPU
		{550F036E-F23E-4999-BB01-4857486E4125}.AppStore|iPhoneSimulator.ActiveCfg = Release|Any CPU
		{550F036E-F23E-4999-BB01-4857486E4125}.AppStore|iPhoneSimulator.Build.0 = Release|Any CPU
		{550F036E-F23E-4999-BB01-4857486E4125}.AppStore|x86.ActiveCfg = Release|Any CPU
		{550F036E-F23E-4999-BB01-4857486E4125}.AppStore|x86.Build.0 = Release|Any CPU
		{550F036E-F23E-4999-BB01-4857486E4125}.Debug|Any CPU.ActiveCfg = Debug|Any CPU
		{550F036E-F23E-4999-BB01-4857486E4125}.Debug|Any CPU.Build.0 = Debug|Any CPU
		{550F036E-F23E-4999-BB01-4857486E4125}.Debug|iPhone.ActiveCfg = Debug|Any CPU
		{550F036E-F23E-4999-BB01-4857486E4125}.Debug|iPhone.Build.0 = Debug|Any CPU
		{550F036E-F23E-4999-BB01-4857486E4125}.Debug|iPhoneSimulator.ActiveCfg = Debug|Any CPU
		{550F036E-F23E-4999-BB01-4857486E4125}.Debug|iPhoneSimulator.Build.0 = Debug|Any CPU
		{550F036E-F23E-4999-BB01-4857486E4125}.Debug|x86.ActiveCfg = Debug|Any CPU
		{550F036E-F23E-4999-BB01-4857486E4125}.Debug|x86.Build.0 = Debug|Any CPU
		{550F036E-F23E-4999-BB01-4857486E4125}.Release|Any CPU.ActiveCfg = Release|Any CPU
		{550F036E-F23E-4999-BB01-4857486E4125}.Release|Any CPU.Build.0 = Release|Any CPU
		{550F036E-F23E-4999-BB01-4857486E4125}.Release|iPhone.ActiveCfg = Release|Any CPU
		{550F036E-F23E-4999-BB01-4857486E4125}.Release|iPhone.Build.0 = Release|Any CPU
		{550F036E-F23E-4999-BB01-4857486E4125}.Release|iPhoneSimulator.ActiveCfg = Release|Any CPU
		{550F036E-F23E-4999-BB01-4857486E4125}.Release|iPhoneSimulator.Build.0 = Release|Any CPU
		{550F036E-F23E-4999-BB01-4857486E4125}.Release|x86.ActiveCfg = Release|Any CPU
		{550F036E-F23E-4999-BB01-4857486E4125}.Release|x86.Build.0 = Release|Any CPU
		{D661CD9F-8934-496D-8332-BC82AAB77598}.AppStore|Any CPU.ActiveCfg = Release|Any CPU
		{D661CD9F-8934-496D-8332-BC82AAB77598}.AppStore|Any CPU.Build.0 = Release|Any CPU
		{D661CD9F-8934-496D-8332-BC82AAB77598}.AppStore|iPhone.ActiveCfg = Release|Any CPU
		{D661CD9F-8934-496D-8332-BC82AAB77598}.AppStore|iPhone.Build.0 = Release|Any CPU
		{D661CD9F-8934-496D-8332-BC82AAB77598}.AppStore|iPhoneSimulator.ActiveCfg = Release|Any CPU
		{D661CD9F-8934-496D-8332-BC82AAB77598}.AppStore|iPhoneSimulator.Build.0 = Release|Any CPU
		{D661CD9F-8934-496D-8332-BC82AAB77598}.AppStore|x86.ActiveCfg = Release|Any CPU
		{D661CD9F-8934-496D-8332-BC82AAB77598}.AppStore|x86.Build.0 = Release|Any CPU
		{D661CD9F-8934-496D-8332-BC82AAB77598}.Debug|Any CPU.ActiveCfg = Debug|Any CPU
		{D661CD9F-8934-496D-8332-BC82AAB77598}.Debug|Any CPU.Build.0 = Debug|Any CPU
		{D661CD9F-8934-496D-8332-BC82AAB77598}.Debug|iPhone.ActiveCfg = Debug|Any CPU
		{D661CD9F-8934-496D-8332-BC82AAB77598}.Debug|iPhone.Build.0 = Debug|Any CPU
		{D661CD9F-8934-496D-8332-BC82AAB77598}.Debug|iPhoneSimulator.ActiveCfg = Debug|Any CPU
		{D661CD9F-8934-496D-8332-BC82AAB77598}.Debug|iPhoneSimulator.Build.0 = Debug|Any CPU
		{D661CD9F-8934-496D-8332-BC82AAB77598}.Debug|x86.ActiveCfg = Debug|Any CPU
		{D661CD9F-8934-496D-8332-BC82AAB77598}.Debug|x86.Build.0 = Debug|Any CPU
		{D661CD9F-8934-496D-8332-BC82AAB77598}.Release|Any CPU.ActiveCfg = Release|Any CPU
		{D661CD9F-8934-496D-8332-BC82AAB77598}.Release|Any CPU.Build.0 = Release|Any CPU
		{D661CD9F-8934-496D-8332-BC82AAB77598}.Release|iPhone.ActiveCfg = Release|Any CPU
		{D661CD9F-8934-496D-8332-BC82AAB77598}.Release|iPhone.Build.0 = Release|Any CPU
		{D661CD9F-8934-496D-8332-BC82AAB77598}.Release|iPhoneSimulator.ActiveCfg = Release|Any CPU
		{D661CD9F-8934-496D-8332-BC82AAB77598}.Release|iPhoneSimulator.Build.0 = Release|Any CPU
		{D661CD9F-8934-496D-8332-BC82AAB77598}.Release|x86.ActiveCfg = Release|Any CPU
		{D661CD9F-8934-496D-8332-BC82AAB77598}.Release|x86.Build.0 = Release|Any CPU
		{D8D02F4E-92C8-4E02-9B79-76C9F996FB8B}.AppStore|Any CPU.ActiveCfg = Release|Any CPU
		{D8D02F4E-92C8-4E02-9B79-76C9F996FB8B}.AppStore|Any CPU.Build.0 = Release|Any CPU
		{D8D02F4E-92C8-4E02-9B79-76C9F996FB8B}.AppStore|iPhone.ActiveCfg = Release|Any CPU
		{D8D02F4E-92C8-4E02-9B79-76C9F996FB8B}.AppStore|iPhone.Build.0 = Release|Any CPU
		{D8D02F4E-92C8-4E02-9B79-76C9F996FB8B}.AppStore|iPhoneSimulator.ActiveCfg = Release|Any CPU
		{D8D02F4E-92C8-4E02-9B79-76C9F996FB8B}.AppStore|iPhoneSimulator.Build.0 = Release|Any CPU
		{D8D02F4E-92C8-4E02-9B79-76C9F996FB8B}.AppStore|x86.ActiveCfg = Release|Any CPU
		{D8D02F4E-92C8-4E02-9B79-76C9F996FB8B}.AppStore|x86.Build.0 = Release|Any CPU
		{D8D02F4E-92C8-4E02-9B79-76C9F996FB8B}.Debug|Any CPU.ActiveCfg = Debug|Any CPU
		{D8D02F4E-92C8-4E02-9B79-76C9F996FB8B}.Debug|Any CPU.Build.0 = Debug|Any CPU
		{D8D02F4E-92C8-4E02-9B79-76C9F996FB8B}.Debug|iPhone.ActiveCfg = Debug|Any CPU
		{D8D02F4E-92C8-4E02-9B79-76C9F996FB8B}.Debug|iPhone.Build.0 = Debug|Any CPU
		{D8D02F4E-92C8-4E02-9B79-76C9F996FB8B}.Debug|iPhoneSimulator.ActiveCfg = Debug|Any CPU
		{D8D02F4E-92C8-4E02-9B79-76C9F996FB8B}.Debug|iPhoneSimulator.Build.0 = Debug|Any CPU
		{D8D02F4E-92C8-4E02-9B79-76C9F996FB8B}.Debug|x86.ActiveCfg = Debug|Any CPU
		{D8D02F4E-92C8-4E02-9B79-76C9F996FB8B}.Debug|x86.Build.0 = Debug|Any CPU
		{D8D02F4E-92C8-4E02-9B79-76C9F996FB8B}.Release|Any CPU.ActiveCfg = Release|Any CPU
		{D8D02F4E-92C8-4E02-9B79-76C9F996FB8B}.Release|Any CPU.Build.0 = Release|Any CPU
		{D8D02F4E-92C8-4E02-9B79-76C9F996FB8B}.Release|iPhone.ActiveCfg = Release|Any CPU
		{D8D02F4E-92C8-4E02-9B79-76C9F996FB8B}.Release|iPhone.Build.0 = Release|Any CPU
		{D8D02F4E-92C8-4E02-9B79-76C9F996FB8B}.Release|iPhoneSimulator.ActiveCfg = Release|Any CPU
		{D8D02F4E-92C8-4E02-9B79-76C9F996FB8B}.Release|iPhoneSimulator.Build.0 = Release|Any CPU
		{D8D02F4E-92C8-4E02-9B79-76C9F996FB8B}.Release|x86.ActiveCfg = Release|Any CPU
		{D8D02F4E-92C8-4E02-9B79-76C9F996FB8B}.Release|x86.Build.0 = Release|Any CPU
		{277DA996-84FB-41B8-996E-79C336EEFDE9}.AppStore|Any CPU.ActiveCfg = Release|Any CPU
		{277DA996-84FB-41B8-996E-79C336EEFDE9}.AppStore|Any CPU.Build.0 = Release|Any CPU
		{277DA996-84FB-41B8-996E-79C336EEFDE9}.AppStore|iPhone.ActiveCfg = Release|Any CPU
		{277DA996-84FB-41B8-996E-79C336EEFDE9}.AppStore|iPhone.Build.0 = Release|Any CPU
		{277DA996-84FB-41B8-996E-79C336EEFDE9}.AppStore|iPhoneSimulator.ActiveCfg = Release|Any CPU
		{277DA996-84FB-41B8-996E-79C336EEFDE9}.AppStore|iPhoneSimulator.Build.0 = Release|Any CPU
		{277DA996-84FB-41B8-996E-79C336EEFDE9}.AppStore|x86.ActiveCfg = Release|Any CPU
		{277DA996-84FB-41B8-996E-79C336EEFDE9}.AppStore|x86.Build.0 = Release|Any CPU
		{277DA996-84FB-41B8-996E-79C336EEFDE9}.Debug|Any CPU.ActiveCfg = Debug|Any CPU
		{277DA996-84FB-41B8-996E-79C336EEFDE9}.Debug|Any CPU.Build.0 = Debug|Any CPU
		{277DA996-84FB-41B8-996E-79C336EEFDE9}.Debug|iPhone.ActiveCfg = Debug|Any CPU
		{277DA996-84FB-41B8-996E-79C336EEFDE9}.Debug|iPhone.Build.0 = Debug|Any CPU
		{277DA996-84FB-41B8-996E-79C336EEFDE9}.Debug|iPhoneSimulator.ActiveCfg = Debug|Any CPU
		{277DA996-84FB-41B8-996E-79C336EEFDE9}.Debug|iPhoneSimulator.Build.0 = Debug|Any CPU
		{277DA996-84FB-41B8-996E-79C336EEFDE9}.Debug|x86.ActiveCfg = Debug|Any CPU
		{277DA996-84FB-41B8-996E-79C336EEFDE9}.Debug|x86.Build.0 = Debug|Any CPU
		{277DA996-84FB-41B8-996E-79C336EEFDE9}.Release|Any CPU.ActiveCfg = Release|Any CPU
		{277DA996-84FB-41B8-996E-79C336EEFDE9}.Release|Any CPU.Build.0 = Release|Any CPU
		{277DA996-84FB-41B8-996E-79C336EEFDE9}.Release|iPhone.ActiveCfg = Release|Any CPU
		{277DA996-84FB-41B8-996E-79C336EEFDE9}.Release|iPhone.Build.0 = Release|Any CPU
		{277DA996-84FB-41B8-996E-79C336EEFDE9}.Release|iPhoneSimulator.ActiveCfg = Release|Any CPU
		{277DA996-84FB-41B8-996E-79C336EEFDE9}.Release|iPhoneSimulator.Build.0 = Release|Any CPU
		{277DA996-84FB-41B8-996E-79C336EEFDE9}.Release|x86.ActiveCfg = Release|Any CPU
		{277DA996-84FB-41B8-996E-79C336EEFDE9}.Release|x86.Build.0 = Release|Any CPU
	EndGlobalSection
	GlobalSection(SolutionProperties) = preSolution
		HideSolutionNode = FALSE
	EndGlobalSection
	GlobalSection(NestedProjects) = preSolution
		{DAED060D-BE0D-44D1-AC38-E189C7A6D300} = {45B7C48F-CB14-4B13-AD82-5D2AEDF45DC6}
		{D49363EF-8D37-42B4-9AB4-C2083A4B186E} = {45B7C48F-CB14-4B13-AD82-5D2AEDF45DC6}
		{AF110750-B036-4FDC-AF51-B08C7389AAA8} = {45B7C48F-CB14-4B13-AD82-5D2AEDF45DC6}
		{A1807D3F-3546-4C28-B713-C4F767383B61} = {3A0EEB35-977B-4A96-87D0-A6C29BD9F96C}
		{550F035E-F23E-4999-BB01-4857486E4125} = {3A0EEB35-977B-4A96-87D0-A6C29BD9F96C}
		{28CD24BD-432C-4987-9E9D-65CFCF120EA1} = {1979FEB3-B082-4309-B71D-89D0C3A7A180}
		{D661CD9F-8934-496D-8332-BC82AAB77598} = {3A0EEB35-977B-4A96-87D0-A6C29BD9F96C}
		{D8D02F4E-92C8-4E02-9B79-76C9F996FB8B} = {1979FEB3-B082-4309-B71D-89D0C3A7A180}
		{277DA996-84FB-41B8-996E-79C336EEFDE9} = {1979FEB3-B082-4309-B71D-89D0C3A7A180}
	EndGlobalSection
EndGlobal
