
Microsoft Visual Studio Solution File, Format Version 12.00
# Visual Studio Version 17
VisualStudioVersion = 17.9.34723.18
MinimumVisualStudioVersion = 10.0.40219.1
Project("{FAE04EC0-301F-11D3-BF4B-00C04F79EFBC}") = "GridDominance.DirectX", "GridDominance.DirectX\GridDominance.DirectX.csproj", "{DAED060D-BE0D-44D1-AC38-E189C7A6D300}"
EndProject
Project("{FAE04EC0-301F-11D3-BF4B-00C04F79EFBC}") = "GridDominance.Android.IAB", "GridDominance.Android.IAB\GridDominance.Android.IAB.csproj", "{D49363EF-8D37-42B4-9AB4-C2083A4B186E}"
EndProject
Project("{FAE04EC0-301F-11D3-BF4B-00C04F79EFBC}") = "GridDominance.OpenGL", "GridDominance.OpenGL\GridDominance.OpenGL.csproj", "{AF110750-B036-4FDC-AF51-B08C7389AAA8}"
EndProject
Project("{2150E333-8FDC-42A3-9474-1A3956D46DE8}") = "External", "External", "{3A0EEB35-977B-4A96-87D0-A6C29BD9F96C}"
EndProject
Project("{FAE04EC0-301F-11D3-BF4B-00C04F79EFBC}") = "FarseerPhysics.Portable", "External\FarseerPhysics.Portable\FarseerPhysics.Portable\FarseerPhysics.Portable.csproj", "{A1807D3F-3546-4C28-B713-C4F767383B61}"
EndProject
Project("{FAE04EC0-301F-11D3-BF4B-00C04F79EFBC}") = "DebugView.Portable", "External\DebugView.Portable\DebugView.Portable.csproj", "{550F035E-F23E-4999-BB01-4857486E4125}"
EndProject
Project("{FAE04EC0-301F-11D3-BF4B-00C04F79EFBC}") = "GridDominance.Content.Pipeline", "GridDominance.Content.Pipeline\GridDominance.Content.Pipeline.csproj", "{28CD24BD-432C-4987-9E9D-65CFCF120EA1}"
EndProject
Project("{2150E333-8FDC-42A3-9474-1A3956D46DE8}") = "Platforms", "Platforms", "{45B7C48F-CB14-4B13-AD82-5D2AEDF45DC6}"
EndProject
Project("{2150E333-8FDC-42A3-9474-1A3956D46DE8}") = "Tools", "Tools", "{1979FEB3-B082-4309-B71D-89D0C3A7A180}"
EndProject
Project("{FAE04EC0-301F-11D3-BF4B-00C04F79EFBC}") = "MonoSAMFramework.Portable", "MonoSAMFramework.Portable\MonoSAMFramework.Portable.csproj", "{550F036E-F23E-4999-BB01-4857486E4125}"
EndProject
Project("{FAE04EC0-301F-11D3-BF4B-00C04F79EFBC}") = "GridDominance.Common", "GridDominance.Common\GridDominance.Common.csproj", "{D8D02F4E-92C8-4E02-9B79-76C9F996FB8B}"
EndProject
Project("{FAE04EC0-301F-11D3-BF4B-00C04F79EFBC}") = "DSLEditor", "DSLEditor\DSLEditor.csproj", "{277DA996-84FB-41B8-996E-79C336EEFDE9}"
EndProject
Project("{FAE04EC0-301F-11D3-BF4B-00C04F79EFBC}") = "GridDominance.PromotionKeybase", "GridDominance.PromotionKeybase\GridDominance.PromotionKeybase.csproj", "{5A7561CB-57F1-441E-B662-51EADB1858B5}"
EndProject
Project("{FAE04EC0-301F-11D3-BF4B-00C04F79EFBC}") = "GridDominance.Android.Full", "GridDominance.Android.Full\GridDominance.Android.Full.csproj", "{A0911695-9785-4E6E-BE1E-6935398B1344}"
EndProject
Project("{FAE04EC0-301F-11D3-BF4B-00C04F79EFBC}") = "GridDominance.iOS.Full", "GridDominance.iOS.Full\GridDominance.iOS.Full.csproj", "{E92E42EF-545C-4F06-A04D-380A740BCA84}"
EndProject
Project("{FAE04EC0-301F-11D3-BF4B-00C04F79EFBC}") = "GridDominance.WinPhone8.Full", "GridDominance.WinPhone8.Full\GridDominance.WinPhone8.Full.csproj", "{AC1DF8F5-48B4-44F9-A6E3-0F71D061321C}"
EndProject
Project("{FAE04EC0-301F-11D3-BF4B-00C04F79EFBC}") = "GridDominance.UWP.Full", "GridDominance.UWP.Full\GridDominance.UWP.Full.csproj", "{425B4E9C-B8AF-495A-88ED-E73A0FAB3BFD}"
EndProject
Project("{FAE04EC0-301F-11D3-BF4B-00C04F79EFBC}") = "GridDominance.Android.Amazon", "GridDominance.Android.Amazon\GridDominance.Android.Amazon.csproj", "{FF40F3C9-0E41-40E2-AA26-F8BACDE2F32D}"
EndProject
Project("{FAE04EC0-301F-11D3-BF4B-00C04F79EFBC}") = "GridDominance.Core", "GridDominance.Core\GridDominance.Core.csproj", "{3FE0A696-C3BA-450D-9B03-E264AF024F0D}"
EndProject
Project("{D954291E-2A0B-460D-934E-DC6B0785DB48}") = "GridDominance.Content", "GridDominance.Content\GridDominance.Content.shproj", "{15228A14-90BE-44FA-8203-B705FF37EF1F}"
EndProject
Project("{FAE04EC0-301F-11D3-BF4B-00C04F79EFBC}") = "GridDominance.iOS.IAB", "GridDominance.iOS.IAB\GridDominance.iOS.IAB.csproj", "{E92E42EF-545C-4F06-ABCD-380A740BCA84}"
EndProject
Project("{9A19103F-16F7-4668-BE54-9A1E7A4F7556}") = "LanguageUtils", "External\CSharpUtils\LanguageUtils\LanguageUtils.csproj", "{A97A2C82-EA24-4C85-B205-D917F226575C}"
EndProject
Global
	GlobalSection(SolutionConfigurationPlatforms) = preSolution
		Ad-Hoc|Any CPU = Ad-Hoc|Any CPU
		Ad-Hoc|ARM = Ad-Hoc|ARM
		Ad-Hoc|iPhone = Ad-Hoc|iPhone
		Ad-Hoc|iPhoneSimulator = Ad-Hoc|iPhoneSimulator
		Ad-Hoc|x64 = Ad-Hoc|x64
		Ad-Hoc|x86 = Ad-Hoc|x86
		AppStore|Any CPU = AppStore|Any CPU
		AppStore|ARM = AppStore|ARM
		AppStore|iPhone = AppStore|iPhone
		AppStore|iPhoneSimulator = AppStore|iPhoneSimulator
		AppStore|x64 = AppStore|x64
		AppStore|x86 = AppStore|x86
		Debug|Any CPU = Debug|Any CPU
		Debug|ARM = Debug|ARM
		Debug|iPhone = Debug|iPhone
		Debug|iPhoneSimulator = Debug|iPhoneSimulator
		Debug|x64 = Debug|x64
		Debug|x86 = Debug|x86
		Release|Any CPU = Release|Any CPU
		Release|ARM = Release|ARM
		Release|iPhone = Release|iPhone
		Release|iPhoneSimulator = Release|iPhoneSimulator
		Release|x64 = Release|x64
		Release|x86 = Release|x86
	EndGlobalSection
	GlobalSection(ProjectConfigurationPlatforms) = postSolution
		{DAED060D-BE0D-44D1-AC38-E189C7A6D300}.Ad-Hoc|Any CPU.ActiveCfg = Debug|x86
		{DAED060D-BE0D-44D1-AC38-E189C7A6D300}.Ad-Hoc|Any CPU.Build.0 = Debug|x86
		{DAED060D-BE0D-44D1-AC38-E189C7A6D300}.Ad-Hoc|ARM.ActiveCfg = Release|x86
		{DAED060D-BE0D-44D1-AC38-E189C7A6D300}.Ad-Hoc|ARM.Build.0 = Release|x86
		{DAED060D-BE0D-44D1-AC38-E189C7A6D300}.Ad-Hoc|iPhone.ActiveCfg = Debug|x86
		{DAED060D-BE0D-44D1-AC38-E189C7A6D300}.Ad-Hoc|iPhone.Build.0 = Debug|x86
		{DAED060D-BE0D-44D1-AC38-E189C7A6D300}.Ad-Hoc|iPhoneSimulator.ActiveCfg = Debug|x86
		{DAED060D-BE0D-44D1-AC38-E189C7A6D300}.Ad-Hoc|iPhoneSimulator.Build.0 = Debug|x86
		{DAED060D-BE0D-44D1-AC38-E189C7A6D300}.Ad-Hoc|x64.ActiveCfg = Release|x86
		{DAED060D-BE0D-44D1-AC38-E189C7A6D300}.Ad-Hoc|x64.Build.0 = Release|x86
		{DAED060D-BE0D-44D1-AC38-E189C7A6D300}.Ad-Hoc|x86.ActiveCfg = Debug|x86
		{DAED060D-BE0D-44D1-AC38-E189C7A6D300}.Ad-Hoc|x86.Build.0 = Debug|x86
		{DAED060D-BE0D-44D1-AC38-E189C7A6D300}.AppStore|Any CPU.ActiveCfg = Release|x86
		{DAED060D-BE0D-44D1-AC38-E189C7A6D300}.AppStore|Any CPU.Build.0 = Release|x86
		{DAED060D-BE0D-44D1-AC38-E189C7A6D300}.AppStore|ARM.ActiveCfg = Release|x86
		{DAED060D-BE0D-44D1-AC38-E189C7A6D300}.AppStore|ARM.Build.0 = Release|x86
		{DAED060D-BE0D-44D1-AC38-E189C7A6D300}.AppStore|iPhone.ActiveCfg = Debug|x86
		{DAED060D-BE0D-44D1-AC38-E189C7A6D300}.AppStore|iPhone.Build.0 = Debug|x86
		{DAED060D-BE0D-44D1-AC38-E189C7A6D300}.AppStore|iPhoneSimulator.ActiveCfg = Debug|x86
		{DAED060D-BE0D-44D1-AC38-E189C7A6D300}.AppStore|iPhoneSimulator.Build.0 = Debug|x86
		{DAED060D-BE0D-44D1-AC38-E189C7A6D300}.AppStore|x64.ActiveCfg = Release|x86
		{DAED060D-BE0D-44D1-AC38-E189C7A6D300}.AppStore|x64.Build.0 = Release|x86
		{DAED060D-BE0D-44D1-AC38-E189C7A6D300}.AppStore|x86.ActiveCfg = Release|x86
		{DAED060D-BE0D-44D1-AC38-E189C7A6D300}.AppStore|x86.Build.0 = Release|x86
		{DAED060D-BE0D-44D1-AC38-E189C7A6D300}.Debug|Any CPU.ActiveCfg = Debug|x86
		{DAED060D-BE0D-44D1-AC38-E189C7A6D300}.Debug|Any CPU.Build.0 = Debug|x86
		{DAED060D-BE0D-44D1-AC38-E189C7A6D300}.Debug|ARM.ActiveCfg = Debug|x86
		{DAED060D-BE0D-44D1-AC38-E189C7A6D300}.Debug|iPhone.ActiveCfg = Debug|x86
		{DAED060D-BE0D-44D1-AC38-E189C7A6D300}.Debug|iPhoneSimulator.ActiveCfg = Debug|x86
		{DAED060D-BE0D-44D1-AC38-E189C7A6D300}.Debug|x64.ActiveCfg = Debug|x86
		{DAED060D-BE0D-44D1-AC38-E189C7A6D300}.Debug|x86.ActiveCfg = Debug|x86
		{DAED060D-BE0D-44D1-AC38-E189C7A6D300}.Debug|x86.Build.0 = Debug|x86
		{DAED060D-BE0D-44D1-AC38-E189C7A6D300}.Release|Any CPU.ActiveCfg = Release|x86
		{DAED060D-BE0D-44D1-AC38-E189C7A6D300}.Release|Any CPU.Build.0 = Release|x86
		{DAED060D-BE0D-44D1-AC38-E189C7A6D300}.Release|ARM.ActiveCfg = Release|x86
		{DAED060D-BE0D-44D1-AC38-E189C7A6D300}.Release|iPhone.ActiveCfg = Release|x86
		{DAED060D-BE0D-44D1-AC38-E189C7A6D300}.Release|iPhoneSimulator.ActiveCfg = Release|x86
		{DAED060D-BE0D-44D1-AC38-E189C7A6D300}.Release|x64.ActiveCfg = Release|x86
		{DAED060D-BE0D-44D1-AC38-E189C7A6D300}.Release|x86.ActiveCfg = Release|x86
		{DAED060D-BE0D-44D1-AC38-E189C7A6D300}.Release|x86.Build.0 = Release|x86
		{D49363EF-8D37-42B4-9AB4-C2083A4B186E}.Ad-Hoc|Any CPU.ActiveCfg = Debug|Any CPU
		{D49363EF-8D37-42B4-9AB4-C2083A4B186E}.Ad-Hoc|Any CPU.Build.0 = Debug|Any CPU
		{D49363EF-8D37-42B4-9AB4-C2083A4B186E}.Ad-Hoc|Any CPU.Deploy.0 = Debug|Any CPU
		{D49363EF-8D37-42B4-9AB4-C2083A4B186E}.Ad-Hoc|ARM.ActiveCfg = Release|Any CPU
		{D49363EF-8D37-42B4-9AB4-C2083A4B186E}.Ad-Hoc|ARM.Build.0 = Release|Any CPU
		{D49363EF-8D37-42B4-9AB4-C2083A4B186E}.Ad-Hoc|ARM.Deploy.0 = Release|Any CPU
		{D49363EF-8D37-42B4-9AB4-C2083A4B186E}.Ad-Hoc|iPhone.ActiveCfg = Debug|Any CPU
		{D49363EF-8D37-42B4-9AB4-C2083A4B186E}.Ad-Hoc|iPhone.Build.0 = Debug|Any CPU
		{D49363EF-8D37-42B4-9AB4-C2083A4B186E}.Ad-Hoc|iPhone.Deploy.0 = Debug|Any CPU
		{D49363EF-8D37-42B4-9AB4-C2083A4B186E}.Ad-Hoc|iPhoneSimulator.ActiveCfg = Debug|Any CPU
		{D49363EF-8D37-42B4-9AB4-C2083A4B186E}.Ad-Hoc|iPhoneSimulator.Build.0 = Debug|Any CPU
		{D49363EF-8D37-42B4-9AB4-C2083A4B186E}.Ad-Hoc|iPhoneSimulator.Deploy.0 = Debug|Any CPU
		{D49363EF-8D37-42B4-9AB4-C2083A4B186E}.Ad-Hoc|x64.ActiveCfg = Release|Any CPU
		{D49363EF-8D37-42B4-9AB4-C2083A4B186E}.Ad-Hoc|x64.Build.0 = Release|Any CPU
		{D49363EF-8D37-42B4-9AB4-C2083A4B186E}.Ad-Hoc|x64.Deploy.0 = Release|Any CPU
		{D49363EF-8D37-42B4-9AB4-C2083A4B186E}.Ad-Hoc|x86.ActiveCfg = Debug|Any CPU
		{D49363EF-8D37-42B4-9AB4-C2083A4B186E}.Ad-Hoc|x86.Build.0 = Debug|Any CPU
		{D49363EF-8D37-42B4-9AB4-C2083A4B186E}.Ad-Hoc|x86.Deploy.0 = Debug|Any CPU
		{D49363EF-8D37-42B4-9AB4-C2083A4B186E}.AppStore|Any CPU.ActiveCfg = Release|Any CPU
		{D49363EF-8D37-42B4-9AB4-C2083A4B186E}.AppStore|Any CPU.Build.0 = Release|Any CPU
		{D49363EF-8D37-42B4-9AB4-C2083A4B186E}.AppStore|Any CPU.Deploy.0 = Release|Any CPU
		{D49363EF-8D37-42B4-9AB4-C2083A4B186E}.AppStore|ARM.ActiveCfg = Release|Any CPU
		{D49363EF-8D37-42B4-9AB4-C2083A4B186E}.AppStore|ARM.Build.0 = Release|Any CPU
		{D49363EF-8D37-42B4-9AB4-C2083A4B186E}.AppStore|ARM.Deploy.0 = Release|Any CPU
		{D49363EF-8D37-42B4-9AB4-C2083A4B186E}.AppStore|iPhone.ActiveCfg = Debug|Any CPU
		{D49363EF-8D37-42B4-9AB4-C2083A4B186E}.AppStore|iPhone.Build.0 = Debug|Any CPU
		{D49363EF-8D37-42B4-9AB4-C2083A4B186E}.AppStore|iPhone.Deploy.0 = Debug|Any CPU
		{D49363EF-8D37-42B4-9AB4-C2083A4B186E}.AppStore|iPhoneSimulator.ActiveCfg = Debug|Any CPU
		{D49363EF-8D37-42B4-9AB4-C2083A4B186E}.AppStore|iPhoneSimulator.Build.0 = Debug|Any CPU
		{D49363EF-8D37-42B4-9AB4-C2083A4B186E}.AppStore|iPhoneSimulator.Deploy.0 = Debug|Any CPU
		{D49363EF-8D37-42B4-9AB4-C2083A4B186E}.AppStore|x64.ActiveCfg = Release|Any CPU
		{D49363EF-8D37-42B4-9AB4-C2083A4B186E}.AppStore|x64.Build.0 = Release|Any CPU
		{D49363EF-8D37-42B4-9AB4-C2083A4B186E}.AppStore|x64.Deploy.0 = Release|Any CPU
		{D49363EF-8D37-42B4-9AB4-C2083A4B186E}.AppStore|x86.ActiveCfg = Release|Any CPU
		{D49363EF-8D37-42B4-9AB4-C2083A4B186E}.AppStore|x86.Build.0 = Release|Any CPU
		{D49363EF-8D37-42B4-9AB4-C2083A4B186E}.AppStore|x86.Deploy.0 = Release|Any CPU
		{D49363EF-8D37-42B4-9AB4-C2083A4B186E}.Debug|Any CPU.ActiveCfg = Debug|Any CPU
		{D49363EF-8D37-42B4-9AB4-C2083A4B186E}.Debug|Any CPU.Build.0 = Debug|Any CPU
		{D49363EF-8D37-42B4-9AB4-C2083A4B186E}.Debug|Any CPU.Deploy.0 = Debug|Any CPU
		{D49363EF-8D37-42B4-9AB4-C2083A4B186E}.Debug|ARM.ActiveCfg = Debug|Any CPU
		{D49363EF-8D37-42B4-9AB4-C2083A4B186E}.Debug|ARM.Build.0 = Debug|Any CPU
		{D49363EF-8D37-42B4-9AB4-C2083A4B186E}.Debug|ARM.Deploy.0 = Debug|Any CPU
		{D49363EF-8D37-42B4-9AB4-C2083A4B186E}.Debug|iPhone.ActiveCfg = Debug|Any CPU
		{D49363EF-8D37-42B4-9AB4-C2083A4B186E}.Debug|iPhone.Build.0 = Debug|Any CPU
		{D49363EF-8D37-42B4-9AB4-C2083A4B186E}.Debug|iPhone.Deploy.0 = Debug|Any CPU
		{D49363EF-8D37-42B4-9AB4-C2083A4B186E}.Debug|iPhoneSimulator.ActiveCfg = Debug|Any CPU
		{D49363EF-8D37-42B4-9AB4-C2083A4B186E}.Debug|iPhoneSimulator.Build.0 = Debug|Any CPU
		{D49363EF-8D37-42B4-9AB4-C2083A4B186E}.Debug|iPhoneSimulator.Deploy.0 = Debug|Any CPU
		{D49363EF-8D37-42B4-9AB4-C2083A4B186E}.Debug|x64.ActiveCfg = Debug|Any CPU
		{D49363EF-8D37-42B4-9AB4-C2083A4B186E}.Debug|x64.Build.0 = Debug|Any CPU
		{D49363EF-8D37-42B4-9AB4-C2083A4B186E}.Debug|x64.Deploy.0 = Debug|Any CPU
		{D49363EF-8D37-42B4-9AB4-C2083A4B186E}.Debug|x86.ActiveCfg = Debug|Any CPU
		{D49363EF-8D37-42B4-9AB4-C2083A4B186E}.Debug|x86.Build.0 = Debug|Any CPU
		{D49363EF-8D37-42B4-9AB4-C2083A4B186E}.Release|Any CPU.ActiveCfg = Release|Any CPU
		{D49363EF-8D37-42B4-9AB4-C2083A4B186E}.Release|Any CPU.Build.0 = Release|Any CPU
		{D49363EF-8D37-42B4-9AB4-C2083A4B186E}.Release|Any CPU.Deploy.0 = Release|Any CPU
		{D49363EF-8D37-42B4-9AB4-C2083A4B186E}.Release|ARM.ActiveCfg = Release|Any CPU
		{D49363EF-8D37-42B4-9AB4-C2083A4B186E}.Release|ARM.Build.0 = Release|Any CPU
		{D49363EF-8D37-42B4-9AB4-C2083A4B186E}.Release|ARM.Deploy.0 = Release|Any CPU
		{D49363EF-8D37-42B4-9AB4-C2083A4B186E}.Release|iPhone.ActiveCfg = Release|Any CPU
		{D49363EF-8D37-42B4-9AB4-C2083A4B186E}.Release|iPhone.Build.0 = Release|Any CPU
		{D49363EF-8D37-42B4-9AB4-C2083A4B186E}.Release|iPhone.Deploy.0 = Release|Any CPU
		{D49363EF-8D37-42B4-9AB4-C2083A4B186E}.Release|iPhoneSimulator.ActiveCfg = Release|Any CPU
		{D49363EF-8D37-42B4-9AB4-C2083A4B186E}.Release|iPhoneSimulator.Build.0 = Release|Any CPU
		{D49363EF-8D37-42B4-9AB4-C2083A4B186E}.Release|iPhoneSimulator.Deploy.0 = Release|Any CPU
		{D49363EF-8D37-42B4-9AB4-C2083A4B186E}.Release|x64.ActiveCfg = Release|Any CPU
		{D49363EF-8D37-42B4-9AB4-C2083A4B186E}.Release|x64.Build.0 = Release|Any CPU
		{D49363EF-8D37-42B4-9AB4-C2083A4B186E}.Release|x64.Deploy.0 = Release|Any CPU
		{D49363EF-8D37-42B4-9AB4-C2083A4B186E}.Release|x86.ActiveCfg = Release|Any CPU
		{D49363EF-8D37-42B4-9AB4-C2083A4B186E}.Release|x86.Build.0 = Release|Any CPU
		{AF110750-B036-4FDC-AF51-B08C7389AAA8}.Ad-Hoc|Any CPU.ActiveCfg = Debug|x86
		{AF110750-B036-4FDC-AF51-B08C7389AAA8}.Ad-Hoc|Any CPU.Build.0 = Debug|x86
		{AF110750-B036-4FDC-AF51-B08C7389AAA8}.Ad-Hoc|ARM.ActiveCfg = Release|x86
		{AF110750-B036-4FDC-AF51-B08C7389AAA8}.Ad-Hoc|ARM.Build.0 = Release|x86
		{AF110750-B036-4FDC-AF51-B08C7389AAA8}.Ad-Hoc|iPhone.ActiveCfg = Debug|x86
		{AF110750-B036-4FDC-AF51-B08C7389AAA8}.Ad-Hoc|iPhone.Build.0 = Debug|x86
		{AF110750-B036-4FDC-AF51-B08C7389AAA8}.Ad-Hoc|iPhoneSimulator.ActiveCfg = Debug|x86
		{AF110750-B036-4FDC-AF51-B08C7389AAA8}.Ad-Hoc|iPhoneSimulator.Build.0 = Debug|x86
		{AF110750-B036-4FDC-AF51-B08C7389AAA8}.Ad-Hoc|x64.ActiveCfg = Release|x86
		{AF110750-B036-4FDC-AF51-B08C7389AAA8}.Ad-Hoc|x64.Build.0 = Release|x86
		{AF110750-B036-4FDC-AF51-B08C7389AAA8}.Ad-Hoc|x86.ActiveCfg = Debug|x86
		{AF110750-B036-4FDC-AF51-B08C7389AAA8}.Ad-Hoc|x86.Build.0 = Debug|x86
		{AF110750-B036-4FDC-AF51-B08C7389AAA8}.AppStore|Any CPU.ActiveCfg = Release|x86
		{AF110750-B036-4FDC-AF51-B08C7389AAA8}.AppStore|Any CPU.Build.0 = Release|x86
		{AF110750-B036-4FDC-AF51-B08C7389AAA8}.AppStore|ARM.ActiveCfg = Release|x86
		{AF110750-B036-4FDC-AF51-B08C7389AAA8}.AppStore|ARM.Build.0 = Release|x86
		{AF110750-B036-4FDC-AF51-B08C7389AAA8}.AppStore|iPhone.ActiveCfg = Debug|x86
		{AF110750-B036-4FDC-AF51-B08C7389AAA8}.AppStore|iPhone.Build.0 = Debug|x86
		{AF110750-B036-4FDC-AF51-B08C7389AAA8}.AppStore|iPhoneSimulator.ActiveCfg = Debug|x86
		{AF110750-B036-4FDC-AF51-B08C7389AAA8}.AppStore|iPhoneSimulator.Build.0 = Debug|x86
		{AF110750-B036-4FDC-AF51-B08C7389AAA8}.AppStore|x64.ActiveCfg = Release|x86
		{AF110750-B036-4FDC-AF51-B08C7389AAA8}.AppStore|x64.Build.0 = Release|x86
		{AF110750-B036-4FDC-AF51-B08C7389AAA8}.AppStore|x86.ActiveCfg = Release|x86
		{AF110750-B036-4FDC-AF51-B08C7389AAA8}.AppStore|x86.Build.0 = Release|x86
		{AF110750-B036-4FDC-AF51-B08C7389AAA8}.Debug|Any CPU.ActiveCfg = Debug|x86
		{AF110750-B036-4FDC-AF51-B08C7389AAA8}.Debug|Any CPU.Build.0 = Debug|x86
		{AF110750-B036-4FDC-AF51-B08C7389AAA8}.Debug|ARM.ActiveCfg = Debug|x86
		{AF110750-B036-4FDC-AF51-B08C7389AAA8}.Debug|iPhone.ActiveCfg = Debug|x86
		{AF110750-B036-4FDC-AF51-B08C7389AAA8}.Debug|iPhoneSimulator.ActiveCfg = Debug|x86
		{AF110750-B036-4FDC-AF51-B08C7389AAA8}.Debug|x64.ActiveCfg = Debug|x86
		{AF110750-B036-4FDC-AF51-B08C7389AAA8}.Debug|x86.ActiveCfg = Debug|x86
		{AF110750-B036-4FDC-AF51-B08C7389AAA8}.Debug|x86.Build.0 = Debug|x86
		{AF110750-B036-4FDC-AF51-B08C7389AAA8}.Release|Any CPU.ActiveCfg = Release|x86
		{AF110750-B036-4FDC-AF51-B08C7389AAA8}.Release|Any CPU.Build.0 = Release|x86
		{AF110750-B036-4FDC-AF51-B08C7389AAA8}.Release|ARM.ActiveCfg = Release|x86
		{AF110750-B036-4FDC-AF51-B08C7389AAA8}.Release|iPhone.ActiveCfg = Release|x86
		{AF110750-B036-4FDC-AF51-B08C7389AAA8}.Release|iPhoneSimulator.ActiveCfg = Release|x86
		{AF110750-B036-4FDC-AF51-B08C7389AAA8}.Release|x64.ActiveCfg = Release|x86
		{AF110750-B036-4FDC-AF51-B08C7389AAA8}.Release|x86.ActiveCfg = Release|x86
		{AF110750-B036-4FDC-AF51-B08C7389AAA8}.Release|x86.Build.0 = Release|x86
		{A1807D3F-3546-4C28-B713-C4F767383B61}.Ad-Hoc|Any CPU.ActiveCfg = Debug|Any CPU
		{A1807D3F-3546-4C28-B713-C4F767383B61}.Ad-Hoc|Any CPU.Build.0 = Debug|Any CPU
		{A1807D3F-3546-4C28-B713-C4F767383B61}.Ad-Hoc|ARM.ActiveCfg = Release|Any CPU
		{A1807D3F-3546-4C28-B713-C4F767383B61}.Ad-Hoc|ARM.Build.0 = Release|Any CPU
		{A1807D3F-3546-4C28-B713-C4F767383B61}.Ad-Hoc|iPhone.ActiveCfg = Debug|Any CPU
		{A1807D3F-3546-4C28-B713-C4F767383B61}.Ad-Hoc|iPhone.Build.0 = Debug|Any CPU
		{A1807D3F-3546-4C28-B713-C4F767383B61}.Ad-Hoc|iPhoneSimulator.ActiveCfg = Debug|Any CPU
		{A1807D3F-3546-4C28-B713-C4F767383B61}.Ad-Hoc|iPhoneSimulator.Build.0 = Debug|Any CPU
		{A1807D3F-3546-4C28-B713-C4F767383B61}.Ad-Hoc|x64.ActiveCfg = Release|Any CPU
		{A1807D3F-3546-4C28-B713-C4F767383B61}.Ad-Hoc|x64.Build.0 = Release|Any CPU
		{A1807D3F-3546-4C28-B713-C4F767383B61}.Ad-Hoc|x86.ActiveCfg = Debug|Any CPU
		{A1807D3F-3546-4C28-B713-C4F767383B61}.Ad-Hoc|x86.Build.0 = Debug|Any CPU
		{A1807D3F-3546-4C28-B713-C4F767383B61}.AppStore|Any CPU.ActiveCfg = Release|Any CPU
		{A1807D3F-3546-4C28-B713-C4F767383B61}.AppStore|Any CPU.Build.0 = Release|Any CPU
		{A1807D3F-3546-4C28-B713-C4F767383B61}.AppStore|ARM.ActiveCfg = Release|Any CPU
		{A1807D3F-3546-4C28-B713-C4F767383B61}.AppStore|ARM.Build.0 = Release|Any CPU
		{A1807D3F-3546-4C28-B713-C4F767383B61}.AppStore|iPhone.ActiveCfg = Debug|Any CPU
		{A1807D3F-3546-4C28-B713-C4F767383B61}.AppStore|iPhone.Build.0 = Debug|Any CPU
		{A1807D3F-3546-4C28-B713-C4F767383B61}.AppStore|iPhoneSimulator.ActiveCfg = Debug|Any CPU
		{A1807D3F-3546-4C28-B713-C4F767383B61}.AppStore|iPhoneSimulator.Build.0 = Debug|Any CPU
		{A1807D3F-3546-4C28-B713-C4F767383B61}.AppStore|x64.ActiveCfg = Release|Any CPU
		{A1807D3F-3546-4C28-B713-C4F767383B61}.AppStore|x64.Build.0 = Release|Any CPU
		{A1807D3F-3546-4C28-B713-C4F767383B61}.AppStore|x86.ActiveCfg = Release|Any CPU
		{A1807D3F-3546-4C28-B713-C4F767383B61}.AppStore|x86.Build.0 = Release|Any CPU
		{A1807D3F-3546-4C28-B713-C4F767383B61}.Debug|Any CPU.ActiveCfg = Debug|Any CPU
		{A1807D3F-3546-4C28-B713-C4F767383B61}.Debug|Any CPU.Build.0 = Debug|Any CPU
		{A1807D3F-3546-4C28-B713-C4F767383B61}.Debug|ARM.ActiveCfg = Debug|Any CPU
		{A1807D3F-3546-4C28-B713-C4F767383B61}.Debug|ARM.Build.0 = Debug|Any CPU
		{A1807D3F-3546-4C28-B713-C4F767383B61}.Debug|iPhone.ActiveCfg = Debug|Any CPU
		{A1807D3F-3546-4C28-B713-C4F767383B61}.Debug|iPhone.Build.0 = Debug|Any CPU
		{A1807D3F-3546-4C28-B713-C4F767383B61}.Debug|iPhoneSimulator.ActiveCfg = Debug|Any CPU
		{A1807D3F-3546-4C28-B713-C4F767383B61}.Debug|iPhoneSimulator.Build.0 = Debug|Any CPU
		{A1807D3F-3546-4C28-B713-C4F767383B61}.Debug|x64.ActiveCfg = Debug|Any CPU
		{A1807D3F-3546-4C28-B713-C4F767383B61}.Debug|x64.Build.0 = Debug|Any CPU
		{A1807D3F-3546-4C28-B713-C4F767383B61}.Debug|x86.ActiveCfg = Debug|Any CPU
		{A1807D3F-3546-4C28-B713-C4F767383B61}.Debug|x86.Build.0 = Debug|Any CPU
		{A1807D3F-3546-4C28-B713-C4F767383B61}.Release|Any CPU.ActiveCfg = Release|Any CPU
		{A1807D3F-3546-4C28-B713-C4F767383B61}.Release|Any CPU.Build.0 = Release|Any CPU
		{A1807D3F-3546-4C28-B713-C4F767383B61}.Release|ARM.ActiveCfg = Release|Any CPU
		{A1807D3F-3546-4C28-B713-C4F767383B61}.Release|ARM.Build.0 = Release|Any CPU
		{A1807D3F-3546-4C28-B713-C4F767383B61}.Release|iPhone.ActiveCfg = Release|Any CPU
		{A1807D3F-3546-4C28-B713-C4F767383B61}.Release|iPhone.Build.0 = Release|Any CPU
		{A1807D3F-3546-4C28-B713-C4F767383B61}.Release|iPhoneSimulator.ActiveCfg = Release|Any CPU
		{A1807D3F-3546-4C28-B713-C4F767383B61}.Release|iPhoneSimulator.Build.0 = Release|Any CPU
		{A1807D3F-3546-4C28-B713-C4F767383B61}.Release|x64.ActiveCfg = Release|Any CPU
		{A1807D3F-3546-4C28-B713-C4F767383B61}.Release|x64.Build.0 = Release|Any CPU
		{A1807D3F-3546-4C28-B713-C4F767383B61}.Release|x86.ActiveCfg = Release|Any CPU
		{A1807D3F-3546-4C28-B713-C4F767383B61}.Release|x86.Build.0 = Release|Any CPU
		{550F035E-F23E-4999-BB01-4857486E4125}.Ad-Hoc|Any CPU.ActiveCfg = Debug|Any CPU
		{550F035E-F23E-4999-BB01-4857486E4125}.Ad-Hoc|Any CPU.Build.0 = Debug|Any CPU
		{550F035E-F23E-4999-BB01-4857486E4125}.Ad-Hoc|ARM.ActiveCfg = Release|Any CPU
		{550F035E-F23E-4999-BB01-4857486E4125}.Ad-Hoc|ARM.Build.0 = Release|Any CPU
		{550F035E-F23E-4999-BB01-4857486E4125}.Ad-Hoc|iPhone.ActiveCfg = Debug|Any CPU
		{550F035E-F23E-4999-BB01-4857486E4125}.Ad-Hoc|iPhone.Build.0 = Debug|Any CPU
		{550F035E-F23E-4999-BB01-4857486E4125}.Ad-Hoc|iPhoneSimulator.ActiveCfg = Debug|Any CPU
		{550F035E-F23E-4999-BB01-4857486E4125}.Ad-Hoc|iPhoneSimulator.Build.0 = Debug|Any CPU
		{550F035E-F23E-4999-BB01-4857486E4125}.Ad-Hoc|x64.ActiveCfg = Release|Any CPU
		{550F035E-F23E-4999-BB01-4857486E4125}.Ad-Hoc|x64.Build.0 = Release|Any CPU
		{550F035E-F23E-4999-BB01-4857486E4125}.Ad-Hoc|x86.ActiveCfg = Debug|Any CPU
		{550F035E-F23E-4999-BB01-4857486E4125}.Ad-Hoc|x86.Build.0 = Debug|Any CPU
		{550F035E-F23E-4999-BB01-4857486E4125}.AppStore|Any CPU.ActiveCfg = Release|Any CPU
		{550F035E-F23E-4999-BB01-4857486E4125}.AppStore|Any CPU.Build.0 = Release|Any CPU
		{550F035E-F23E-4999-BB01-4857486E4125}.AppStore|ARM.ActiveCfg = Release|Any CPU
		{550F035E-F23E-4999-BB01-4857486E4125}.AppStore|ARM.Build.0 = Release|Any CPU
		{550F035E-F23E-4999-BB01-4857486E4125}.AppStore|iPhone.ActiveCfg = Debug|Any CPU
		{550F035E-F23E-4999-BB01-4857486E4125}.AppStore|iPhone.Build.0 = Debug|Any CPU
		{550F035E-F23E-4999-BB01-4857486E4125}.AppStore|iPhoneSimulator.ActiveCfg = Debug|Any CPU
		{550F035E-F23E-4999-BB01-4857486E4125}.AppStore|iPhoneSimulator.Build.0 = Debug|Any CPU
		{550F035E-F23E-4999-BB01-4857486E4125}.AppStore|x64.ActiveCfg = Release|Any CPU
		{550F035E-F23E-4999-BB01-4857486E4125}.AppStore|x64.Build.0 = Release|Any CPU
		{550F035E-F23E-4999-BB01-4857486E4125}.AppStore|x86.ActiveCfg = Release|Any CPU
		{550F035E-F23E-4999-BB01-4857486E4125}.AppStore|x86.Build.0 = Release|Any CPU
		{550F035E-F23E-4999-BB01-4857486E4125}.Debug|Any CPU.ActiveCfg = Debug|Any CPU
		{550F035E-F23E-4999-BB01-4857486E4125}.Debug|Any CPU.Build.0 = Debug|Any CPU
		{550F035E-F23E-4999-BB01-4857486E4125}.Debug|ARM.ActiveCfg = Debug|Any CPU
		{550F035E-F23E-4999-BB01-4857486E4125}.Debug|ARM.Build.0 = Debug|Any CPU
		{550F035E-F23E-4999-BB01-4857486E4125}.Debug|iPhone.ActiveCfg = Debug|Any CPU
		{550F035E-F23E-4999-BB01-4857486E4125}.Debug|iPhone.Build.0 = Debug|Any CPU
		{550F035E-F23E-4999-BB01-4857486E4125}.Debug|iPhoneSimulator.ActiveCfg = Debug|Any CPU
		{550F035E-F23E-4999-BB01-4857486E4125}.Debug|iPhoneSimulator.Build.0 = Debug|Any CPU
		{550F035E-F23E-4999-BB01-4857486E4125}.Debug|x64.ActiveCfg = Debug|Any CPU
		{550F035E-F23E-4999-BB01-4857486E4125}.Debug|x64.Build.0 = Debug|Any CPU
		{550F035E-F23E-4999-BB01-4857486E4125}.Debug|x86.ActiveCfg = Debug|Any CPU
		{550F035E-F23E-4999-BB01-4857486E4125}.Debug|x86.Build.0 = Debug|Any CPU
		{550F035E-F23E-4999-BB01-4857486E4125}.Release|Any CPU.ActiveCfg = Release|Any CPU
		{550F035E-F23E-4999-BB01-4857486E4125}.Release|Any CPU.Build.0 = Release|Any CPU
		{550F035E-F23E-4999-BB01-4857486E4125}.Release|ARM.ActiveCfg = Release|Any CPU
		{550F035E-F23E-4999-BB01-4857486E4125}.Release|ARM.Build.0 = Release|Any CPU
		{550F035E-F23E-4999-BB01-4857486E4125}.Release|iPhone.ActiveCfg = Release|Any CPU
		{550F035E-F23E-4999-BB01-4857486E4125}.Release|iPhone.Build.0 = Release|Any CPU
		{550F035E-F23E-4999-BB01-4857486E4125}.Release|iPhoneSimulator.ActiveCfg = Release|Any CPU
		{550F035E-F23E-4999-BB01-4857486E4125}.Release|iPhoneSimulator.Build.0 = Release|Any CPU
		{550F035E-F23E-4999-BB01-4857486E4125}.Release|x64.ActiveCfg = Release|Any CPU
		{550F035E-F23E-4999-BB01-4857486E4125}.Release|x64.Build.0 = Release|Any CPU
		{550F035E-F23E-4999-BB01-4857486E4125}.Release|x86.ActiveCfg = Release|Any CPU
		{550F035E-F23E-4999-BB01-4857486E4125}.Release|x86.Build.0 = Release|Any CPU
		{28CD24BD-432C-4987-9E9D-65CFCF120EA1}.Ad-Hoc|Any CPU.ActiveCfg = Debug|Any CPU
		{28CD24BD-432C-4987-9E9D-65CFCF120EA1}.Ad-Hoc|Any CPU.Build.0 = Debug|Any CPU
		{28CD24BD-432C-4987-9E9D-65CFCF120EA1}.Ad-Hoc|ARM.ActiveCfg = Release|Any CPU
		{28CD24BD-432C-4987-9E9D-65CFCF120EA1}.Ad-Hoc|ARM.Build.0 = Release|Any CPU
		{28CD24BD-432C-4987-9E9D-65CFCF120EA1}.Ad-Hoc|iPhone.ActiveCfg = Debug|Any CPU
		{28CD24BD-432C-4987-9E9D-65CFCF120EA1}.Ad-Hoc|iPhone.Build.0 = Debug|Any CPU
		{28CD24BD-432C-4987-9E9D-65CFCF120EA1}.Ad-Hoc|iPhoneSimulator.ActiveCfg = Debug|Any CPU
		{28CD24BD-432C-4987-9E9D-65CFCF120EA1}.Ad-Hoc|iPhoneSimulator.Build.0 = Debug|Any CPU
		{28CD24BD-432C-4987-9E9D-65CFCF120EA1}.Ad-Hoc|x64.ActiveCfg = Release|Any CPU
		{28CD24BD-432C-4987-9E9D-65CFCF120EA1}.Ad-Hoc|x64.Build.0 = Release|Any CPU
		{28CD24BD-432C-4987-9E9D-65CFCF120EA1}.Ad-Hoc|x86.ActiveCfg = Debug|Any CPU
		{28CD24BD-432C-4987-9E9D-65CFCF120EA1}.Ad-Hoc|x86.Build.0 = Debug|Any CPU
		{28CD24BD-432C-4987-9E9D-65CFCF120EA1}.AppStore|Any CPU.ActiveCfg = Release|Any CPU
		{28CD24BD-432C-4987-9E9D-65CFCF120EA1}.AppStore|Any CPU.Build.0 = Release|Any CPU
		{28CD24BD-432C-4987-9E9D-65CFCF120EA1}.AppStore|ARM.ActiveCfg = Release|Any CPU
		{28CD24BD-432C-4987-9E9D-65CFCF120EA1}.AppStore|ARM.Build.0 = Release|Any CPU
		{28CD24BD-432C-4987-9E9D-65CFCF120EA1}.AppStore|iPhone.ActiveCfg = Debug|Any CPU
		{28CD24BD-432C-4987-9E9D-65CFCF120EA1}.AppStore|iPhone.Build.0 = Debug|Any CPU
		{28CD24BD-432C-4987-9E9D-65CFCF120EA1}.AppStore|iPhoneSimulator.ActiveCfg = Debug|Any CPU
		{28CD24BD-432C-4987-9E9D-65CFCF120EA1}.AppStore|iPhoneSimulator.Build.0 = Debug|Any CPU
		{28CD24BD-432C-4987-9E9D-65CFCF120EA1}.AppStore|x64.ActiveCfg = Release|Any CPU
		{28CD24BD-432C-4987-9E9D-65CFCF120EA1}.AppStore|x64.Build.0 = Release|Any CPU
		{28CD24BD-432C-4987-9E9D-65CFCF120EA1}.AppStore|x86.ActiveCfg = Release|Any CPU
		{28CD24BD-432C-4987-9E9D-65CFCF120EA1}.AppStore|x86.Build.0 = Release|Any CPU
		{28CD24BD-432C-4987-9E9D-65CFCF120EA1}.Debug|Any CPU.ActiveCfg = Debug|Any CPU
		{28CD24BD-432C-4987-9E9D-65CFCF120EA1}.Debug|Any CPU.Build.0 = Debug|Any CPU
		{28CD24BD-432C-4987-9E9D-65CFCF120EA1}.Debug|ARM.ActiveCfg = Debug|Any CPU
		{28CD24BD-432C-4987-9E9D-65CFCF120EA1}.Debug|ARM.Build.0 = Debug|Any CPU
		{28CD24BD-432C-4987-9E9D-65CFCF120EA1}.Debug|iPhone.ActiveCfg = Debug|Any CPU
		{28CD24BD-432C-4987-9E9D-65CFCF120EA1}.Debug|iPhone.Build.0 = Debug|Any CPU
		{28CD24BD-432C-4987-9E9D-65CFCF120EA1}.Debug|iPhoneSimulator.ActiveCfg = Debug|Any CPU
		{28CD24BD-432C-4987-9E9D-65CFCF120EA1}.Debug|iPhoneSimulator.Build.0 = Debug|Any CPU
		{28CD24BD-432C-4987-9E9D-65CFCF120EA1}.Debug|x64.ActiveCfg = Debug|Any CPU
		{28CD24BD-432C-4987-9E9D-65CFCF120EA1}.Debug|x64.Build.0 = Debug|Any CPU
		{28CD24BD-432C-4987-9E9D-65CFCF120EA1}.Debug|x86.ActiveCfg = Debug|Any CPU
		{28CD24BD-432C-4987-9E9D-65CFCF120EA1}.Debug|x86.Build.0 = Debug|Any CPU
		{28CD24BD-432C-4987-9E9D-65CFCF120EA1}.Release|Any CPU.ActiveCfg = Release|Any CPU
		{28CD24BD-432C-4987-9E9D-65CFCF120EA1}.Release|Any CPU.Build.0 = Release|Any CPU
		{28CD24BD-432C-4987-9E9D-65CFCF120EA1}.Release|ARM.ActiveCfg = Release|Any CPU
		{28CD24BD-432C-4987-9E9D-65CFCF120EA1}.Release|ARM.Build.0 = Release|Any CPU
		{28CD24BD-432C-4987-9E9D-65CFCF120EA1}.Release|iPhone.ActiveCfg = Release|Any CPU
		{28CD24BD-432C-4987-9E9D-65CFCF120EA1}.Release|iPhone.Build.0 = Release|Any CPU
		{28CD24BD-432C-4987-9E9D-65CFCF120EA1}.Release|iPhoneSimulator.ActiveCfg = Release|Any CPU
		{28CD24BD-432C-4987-9E9D-65CFCF120EA1}.Release|iPhoneSimulator.Build.0 = Release|Any CPU
		{28CD24BD-432C-4987-9E9D-65CFCF120EA1}.Release|x64.ActiveCfg = Release|Any CPU
		{28CD24BD-432C-4987-9E9D-65CFCF120EA1}.Release|x64.Build.0 = Release|Any CPU
		{28CD24BD-432C-4987-9E9D-65CFCF120EA1}.Release|x86.ActiveCfg = Release|Any CPU
		{28CD24BD-432C-4987-9E9D-65CFCF120EA1}.Release|x86.Build.0 = Release|Any CPU
		{550F036E-F23E-4999-BB01-4857486E4125}.Ad-Hoc|Any CPU.ActiveCfg = Debug|Any CPU
		{550F036E-F23E-4999-BB01-4857486E4125}.Ad-Hoc|Any CPU.Build.0 = Debug|Any CPU
		{550F036E-F23E-4999-BB01-4857486E4125}.Ad-Hoc|ARM.ActiveCfg = Release|Any CPU
		{550F036E-F23E-4999-BB01-4857486E4125}.Ad-Hoc|ARM.Build.0 = Release|Any CPU
		{550F036E-F23E-4999-BB01-4857486E4125}.Ad-Hoc|iPhone.ActiveCfg = Debug|Any CPU
		{550F036E-F23E-4999-BB01-4857486E4125}.Ad-Hoc|iPhone.Build.0 = Debug|Any CPU
		{550F036E-F23E-4999-BB01-4857486E4125}.Ad-Hoc|iPhoneSimulator.ActiveCfg = Debug|Any CPU
		{550F036E-F23E-4999-BB01-4857486E4125}.Ad-Hoc|iPhoneSimulator.Build.0 = Debug|Any CPU
		{550F036E-F23E-4999-BB01-4857486E4125}.Ad-Hoc|x64.ActiveCfg = Release|Any CPU
		{550F036E-F23E-4999-BB01-4857486E4125}.Ad-Hoc|x64.Build.0 = Release|Any CPU
		{550F036E-F23E-4999-BB01-4857486E4125}.Ad-Hoc|x86.ActiveCfg = Debug|Any CPU
		{550F036E-F23E-4999-BB01-4857486E4125}.Ad-Hoc|x86.Build.0 = Debug|Any CPU
		{550F036E-F23E-4999-BB01-4857486E4125}.AppStore|Any CPU.ActiveCfg = Release|Any CPU
		{550F036E-F23E-4999-BB01-4857486E4125}.AppStore|Any CPU.Build.0 = Release|Any CPU
		{550F036E-F23E-4999-BB01-4857486E4125}.AppStore|ARM.ActiveCfg = Release|Any CPU
		{550F036E-F23E-4999-BB01-4857486E4125}.AppStore|ARM.Build.0 = Release|Any CPU
		{550F036E-F23E-4999-BB01-4857486E4125}.AppStore|iPhone.ActiveCfg = Debug|Any CPU
		{550F036E-F23E-4999-BB01-4857486E4125}.AppStore|iPhone.Build.0 = Debug|Any CPU
		{550F036E-F23E-4999-BB01-4857486E4125}.AppStore|iPhoneSimulator.ActiveCfg = Debug|Any CPU
		{550F036E-F23E-4999-BB01-4857486E4125}.AppStore|iPhoneSimulator.Build.0 = Debug|Any CPU
		{550F036E-F23E-4999-BB01-4857486E4125}.AppStore|x64.ActiveCfg = Release|Any CPU
		{550F036E-F23E-4999-BB01-4857486E4125}.AppStore|x64.Build.0 = Release|Any CPU
		{550F036E-F23E-4999-BB01-4857486E4125}.AppStore|x86.ActiveCfg = Release|Any CPU
		{550F036E-F23E-4999-BB01-4857486E4125}.AppStore|x86.Build.0 = Release|Any CPU
		{550F036E-F23E-4999-BB01-4857486E4125}.Debug|Any CPU.ActiveCfg = Debug|Any CPU
		{550F036E-F23E-4999-BB01-4857486E4125}.Debug|Any CPU.Build.0 = Debug|Any CPU
		{550F036E-F23E-4999-BB01-4857486E4125}.Debug|ARM.ActiveCfg = Debug|Any CPU
		{550F036E-F23E-4999-BB01-4857486E4125}.Debug|ARM.Build.0 = Debug|Any CPU
		{550F036E-F23E-4999-BB01-4857486E4125}.Debug|iPhone.ActiveCfg = Debug|Any CPU
		{550F036E-F23E-4999-BB01-4857486E4125}.Debug|iPhone.Build.0 = Debug|Any CPU
		{550F036E-F23E-4999-BB01-4857486E4125}.Debug|iPhoneSimulator.ActiveCfg = Debug|Any CPU
		{550F036E-F23E-4999-BB01-4857486E4125}.Debug|iPhoneSimulator.Build.0 = Debug|Any CPU
		{550F036E-F23E-4999-BB01-4857486E4125}.Debug|x64.ActiveCfg = Debug|Any CPU
		{550F036E-F23E-4999-BB01-4857486E4125}.Debug|x64.Build.0 = Debug|Any CPU
		{550F036E-F23E-4999-BB01-4857486E4125}.Debug|x86.ActiveCfg = Debug|Any CPU
		{550F036E-F23E-4999-BB01-4857486E4125}.Debug|x86.Build.0 = Debug|Any CPU
		{550F036E-F23E-4999-BB01-4857486E4125}.Release|Any CPU.ActiveCfg = Release|Any CPU
		{550F036E-F23E-4999-BB01-4857486E4125}.Release|Any CPU.Build.0 = Release|Any CPU
		{550F036E-F23E-4999-BB01-4857486E4125}.Release|ARM.ActiveCfg = Release|Any CPU
		{550F036E-F23E-4999-BB01-4857486E4125}.Release|ARM.Build.0 = Release|Any CPU
		{550F036E-F23E-4999-BB01-4857486E4125}.Release|iPhone.ActiveCfg = Release|Any CPU
		{550F036E-F23E-4999-BB01-4857486E4125}.Release|iPhone.Build.0 = Release|Any CPU
		{550F036E-F23E-4999-BB01-4857486E4125}.Release|iPhoneSimulator.ActiveCfg = Release|Any CPU
		{550F036E-F23E-4999-BB01-4857486E4125}.Release|iPhoneSimulator.Build.0 = Release|Any CPU
		{550F036E-F23E-4999-BB01-4857486E4125}.Release|x64.ActiveCfg = Release|Any CPU
		{550F036E-F23E-4999-BB01-4857486E4125}.Release|x64.Build.0 = Release|Any CPU
		{550F036E-F23E-4999-BB01-4857486E4125}.Release|x86.ActiveCfg = Release|Any CPU
		{550F036E-F23E-4999-BB01-4857486E4125}.Release|x86.Build.0 = Release|Any CPU
		{D8D02F4E-92C8-4E02-9B79-76C9F996FB8B}.Ad-Hoc|Any CPU.ActiveCfg = Debug|Any CPU
		{D8D02F4E-92C8-4E02-9B79-76C9F996FB8B}.Ad-Hoc|Any CPU.Build.0 = Debug|Any CPU
		{D8D02F4E-92C8-4E02-9B79-76C9F996FB8B}.Ad-Hoc|ARM.ActiveCfg = Release|Any CPU
		{D8D02F4E-92C8-4E02-9B79-76C9F996FB8B}.Ad-Hoc|ARM.Build.0 = Release|Any CPU
		{D8D02F4E-92C8-4E02-9B79-76C9F996FB8B}.Ad-Hoc|iPhone.ActiveCfg = Debug|Any CPU
		{D8D02F4E-92C8-4E02-9B79-76C9F996FB8B}.Ad-Hoc|iPhone.Build.0 = Debug|Any CPU
		{D8D02F4E-92C8-4E02-9B79-76C9F996FB8B}.Ad-Hoc|iPhoneSimulator.ActiveCfg = Debug|Any CPU
		{D8D02F4E-92C8-4E02-9B79-76C9F996FB8B}.Ad-Hoc|iPhoneSimulator.Build.0 = Debug|Any CPU
		{D8D02F4E-92C8-4E02-9B79-76C9F996FB8B}.Ad-Hoc|x64.ActiveCfg = Release|Any CPU
		{D8D02F4E-92C8-4E02-9B79-76C9F996FB8B}.Ad-Hoc|x64.Build.0 = Release|Any CPU
		{D8D02F4E-92C8-4E02-9B79-76C9F996FB8B}.Ad-Hoc|x86.ActiveCfg = Debug|Any CPU
		{D8D02F4E-92C8-4E02-9B79-76C9F996FB8B}.Ad-Hoc|x86.Build.0 = Debug|Any CPU
		{D8D02F4E-92C8-4E02-9B79-76C9F996FB8B}.AppStore|Any CPU.ActiveCfg = Release|Any CPU
		{D8D02F4E-92C8-4E02-9B79-76C9F996FB8B}.AppStore|Any CPU.Build.0 = Release|Any CPU
		{D8D02F4E-92C8-4E02-9B79-76C9F996FB8B}.AppStore|ARM.ActiveCfg = Release|Any CPU
		{D8D02F4E-92C8-4E02-9B79-76C9F996FB8B}.AppStore|ARM.Build.0 = Release|Any CPU
		{D8D02F4E-92C8-4E02-9B79-76C9F996FB8B}.AppStore|iPhone.ActiveCfg = Debug|Any CPU
		{D8D02F4E-92C8-4E02-9B79-76C9F996FB8B}.AppStore|iPhone.Build.0 = Debug|Any CPU
		{D8D02F4E-92C8-4E02-9B79-76C9F996FB8B}.AppStore|iPhoneSimulator.ActiveCfg = Debug|Any CPU
		{D8D02F4E-92C8-4E02-9B79-76C9F996FB8B}.AppStore|iPhoneSimulator.Build.0 = Debug|Any CPU
		{D8D02F4E-92C8-4E02-9B79-76C9F996FB8B}.AppStore|x64.ActiveCfg = Release|Any CPU
		{D8D02F4E-92C8-4E02-9B79-76C9F996FB8B}.AppStore|x64.Build.0 = Release|Any CPU
		{D8D02F4E-92C8-4E02-9B79-76C9F996FB8B}.AppStore|x86.ActiveCfg = Release|Any CPU
		{D8D02F4E-92C8-4E02-9B79-76C9F996FB8B}.AppStore|x86.Build.0 = Release|Any CPU
		{D8D02F4E-92C8-4E02-9B79-76C9F996FB8B}.Debug|Any CPU.ActiveCfg = Debug|Any CPU
		{D8D02F4E-92C8-4E02-9B79-76C9F996FB8B}.Debug|Any CPU.Build.0 = Debug|Any CPU
		{D8D02F4E-92C8-4E02-9B79-76C9F996FB8B}.Debug|ARM.ActiveCfg = Debug|Any CPU
		{D8D02F4E-92C8-4E02-9B79-76C9F996FB8B}.Debug|ARM.Build.0 = Debug|Any CPU
		{D8D02F4E-92C8-4E02-9B79-76C9F996FB8B}.Debug|iPhone.ActiveCfg = Debug|Any CPU
		{D8D02F4E-92C8-4E02-9B79-76C9F996FB8B}.Debug|iPhone.Build.0 = Debug|Any CPU
		{D8D02F4E-92C8-4E02-9B79-76C9F996FB8B}.Debug|iPhoneSimulator.ActiveCfg = Debug|Any CPU
		{D8D02F4E-92C8-4E02-9B79-76C9F996FB8B}.Debug|iPhoneSimulator.Build.0 = Debug|Any CPU
		{D8D02F4E-92C8-4E02-9B79-76C9F996FB8B}.Debug|x64.ActiveCfg = Debug|Any CPU
		{D8D02F4E-92C8-4E02-9B79-76C9F996FB8B}.Debug|x64.Build.0 = Debug|Any CPU
		{D8D02F4E-92C8-4E02-9B79-76C9F996FB8B}.Debug|x86.ActiveCfg = Debug|Any CPU
		{D8D02F4E-92C8-4E02-9B79-76C9F996FB8B}.Debug|x86.Build.0 = Debug|Any CPU
		{D8D02F4E-92C8-4E02-9B79-76C9F996FB8B}.Release|Any CPU.ActiveCfg = Release|Any CPU
		{D8D02F4E-92C8-4E02-9B79-76C9F996FB8B}.Release|Any CPU.Build.0 = Release|Any CPU
		{D8D02F4E-92C8-4E02-9B79-76C9F996FB8B}.Release|ARM.ActiveCfg = Release|Any CPU
		{D8D02F4E-92C8-4E02-9B79-76C9F996FB8B}.Release|ARM.Build.0 = Release|Any CPU
		{D8D02F4E-92C8-4E02-9B79-76C9F996FB8B}.Release|iPhone.ActiveCfg = Release|Any CPU
		{D8D02F4E-92C8-4E02-9B79-76C9F996FB8B}.Release|iPhone.Build.0 = Release|Any CPU
		{D8D02F4E-92C8-4E02-9B79-76C9F996FB8B}.Release|iPhoneSimulator.ActiveCfg = Release|Any CPU
		{D8D02F4E-92C8-4E02-9B79-76C9F996FB8B}.Release|iPhoneSimulator.Build.0 = Release|Any CPU
		{D8D02F4E-92C8-4E02-9B79-76C9F996FB8B}.Release|x64.ActiveCfg = Release|Any CPU
		{D8D02F4E-92C8-4E02-9B79-76C9F996FB8B}.Release|x64.Build.0 = Release|Any CPU
		{D8D02F4E-92C8-4E02-9B79-76C9F996FB8B}.Release|x86.ActiveCfg = Release|Any CPU
		{D8D02F4E-92C8-4E02-9B79-76C9F996FB8B}.Release|x86.Build.0 = Release|Any CPU
		{277DA996-84FB-41B8-996E-79C336EEFDE9}.Ad-Hoc|Any CPU.ActiveCfg = Debug|Any CPU
		{277DA996-84FB-41B8-996E-79C336EEFDE9}.Ad-Hoc|Any CPU.Build.0 = Debug|Any CPU
		{277DA996-84FB-41B8-996E-79C336EEFDE9}.Ad-Hoc|ARM.ActiveCfg = Release|Any CPU
		{277DA996-84FB-41B8-996E-79C336EEFDE9}.Ad-Hoc|ARM.Build.0 = Release|Any CPU
		{277DA996-84FB-41B8-996E-79C336EEFDE9}.Ad-Hoc|iPhone.ActiveCfg = Debug|Any CPU
		{277DA996-84FB-41B8-996E-79C336EEFDE9}.Ad-Hoc|iPhone.Build.0 = Debug|Any CPU
		{277DA996-84FB-41B8-996E-79C336EEFDE9}.Ad-Hoc|iPhoneSimulator.ActiveCfg = Debug|Any CPU
		{277DA996-84FB-41B8-996E-79C336EEFDE9}.Ad-Hoc|iPhoneSimulator.Build.0 = Debug|Any CPU
		{277DA996-84FB-41B8-996E-79C336EEFDE9}.Ad-Hoc|x64.ActiveCfg = Release|Any CPU
		{277DA996-84FB-41B8-996E-79C336EEFDE9}.Ad-Hoc|x64.Build.0 = Release|Any CPU
		{277DA996-84FB-41B8-996E-79C336EEFDE9}.Ad-Hoc|x86.ActiveCfg = Debug|Any CPU
		{277DA996-84FB-41B8-996E-79C336EEFDE9}.Ad-Hoc|x86.Build.0 = Debug|Any CPU
		{277DA996-84FB-41B8-996E-79C336EEFDE9}.AppStore|Any CPU.ActiveCfg = Release|Any CPU
		{277DA996-84FB-41B8-996E-79C336EEFDE9}.AppStore|Any CPU.Build.0 = Release|Any CPU
		{277DA996-84FB-41B8-996E-79C336EEFDE9}.AppStore|ARM.ActiveCfg = Release|Any CPU
		{277DA996-84FB-41B8-996E-79C336EEFDE9}.AppStore|ARM.Build.0 = Release|Any CPU
		{277DA996-84FB-41B8-996E-79C336EEFDE9}.AppStore|iPhone.ActiveCfg = Debug|Any CPU
		{277DA996-84FB-41B8-996E-79C336EEFDE9}.AppStore|iPhone.Build.0 = Debug|Any CPU
		{277DA996-84FB-41B8-996E-79C336EEFDE9}.AppStore|iPhoneSimulator.ActiveCfg = Debug|Any CPU
		{277DA996-84FB-41B8-996E-79C336EEFDE9}.AppStore|iPhoneSimulator.Build.0 = Debug|Any CPU
		{277DA996-84FB-41B8-996E-79C336EEFDE9}.AppStore|x64.ActiveCfg = Release|Any CPU
		{277DA996-84FB-41B8-996E-79C336EEFDE9}.AppStore|x64.Build.0 = Release|Any CPU
		{277DA996-84FB-41B8-996E-79C336EEFDE9}.AppStore|x86.ActiveCfg = Release|Any CPU
		{277DA996-84FB-41B8-996E-79C336EEFDE9}.AppStore|x86.Build.0 = Release|Any CPU
		{277DA996-84FB-41B8-996E-79C336EEFDE9}.Debug|Any CPU.ActiveCfg = Debug|Any CPU
		{277DA996-84FB-41B8-996E-79C336EEFDE9}.Debug|Any CPU.Build.0 = Debug|Any CPU
		{277DA996-84FB-41B8-996E-79C336EEFDE9}.Debug|ARM.ActiveCfg = Debug|Any CPU
		{277DA996-84FB-41B8-996E-79C336EEFDE9}.Debug|ARM.Build.0 = Debug|Any CPU
		{277DA996-84FB-41B8-996E-79C336EEFDE9}.Debug|iPhone.ActiveCfg = Debug|Any CPU
		{277DA996-84FB-41B8-996E-79C336EEFDE9}.Debug|iPhone.Build.0 = Debug|Any CPU
		{277DA996-84FB-41B8-996E-79C336EEFDE9}.Debug|iPhoneSimulator.ActiveCfg = Debug|Any CPU
		{277DA996-84FB-41B8-996E-79C336EEFDE9}.Debug|iPhoneSimulator.Build.0 = Debug|Any CPU
		{277DA996-84FB-41B8-996E-79C336EEFDE9}.Debug|x64.ActiveCfg = Debug|Any CPU
		{277DA996-84FB-41B8-996E-79C336EEFDE9}.Debug|x64.Build.0 = Debug|Any CPU
		{277DA996-84FB-41B8-996E-79C336EEFDE9}.Debug|x86.ActiveCfg = Debug|Any CPU
		{277DA996-84FB-41B8-996E-79C336EEFDE9}.Debug|x86.Build.0 = Debug|Any CPU
		{277DA996-84FB-41B8-996E-79C336EEFDE9}.Release|Any CPU.ActiveCfg = Release|Any CPU
		{277DA996-84FB-41B8-996E-79C336EEFDE9}.Release|Any CPU.Build.0 = Release|Any CPU
		{277DA996-84FB-41B8-996E-79C336EEFDE9}.Release|ARM.ActiveCfg = Release|Any CPU
		{277DA996-84FB-41B8-996E-79C336EEFDE9}.Release|ARM.Build.0 = Release|Any CPU
		{277DA996-84FB-41B8-996E-79C336EEFDE9}.Release|iPhone.ActiveCfg = Release|Any CPU
		{277DA996-84FB-41B8-996E-79C336EEFDE9}.Release|iPhone.Build.0 = Release|Any CPU
		{277DA996-84FB-41B8-996E-79C336EEFDE9}.Release|iPhoneSimulator.ActiveCfg = Release|Any CPU
		{277DA996-84FB-41B8-996E-79C336EEFDE9}.Release|iPhoneSimulator.Build.0 = Release|Any CPU
		{277DA996-84FB-41B8-996E-79C336EEFDE9}.Release|x64.ActiveCfg = Release|Any CPU
		{277DA996-84FB-41B8-996E-79C336EEFDE9}.Release|x64.Build.0 = Release|Any CPU
		{277DA996-84FB-41B8-996E-79C336EEFDE9}.Release|x86.ActiveCfg = Release|Any CPU
		{277DA996-84FB-41B8-996E-79C336EEFDE9}.Release|x86.Build.0 = Release|Any CPU
		{5A7561CB-57F1-441E-B662-51EADB1858B5}.Ad-Hoc|Any CPU.ActiveCfg = Debug|Any CPU
		{5A7561CB-57F1-441E-B662-51EADB1858B5}.Ad-Hoc|Any CPU.Build.0 = Debug|Any CPU
		{5A7561CB-57F1-441E-B662-51EADB1858B5}.Ad-Hoc|Any CPU.Deploy.0 = Debug|Any CPU
		{5A7561CB-57F1-441E-B662-51EADB1858B5}.Ad-Hoc|ARM.ActiveCfg = Release|Any CPU
		{5A7561CB-57F1-441E-B662-51EADB1858B5}.Ad-Hoc|ARM.Build.0 = Release|Any CPU
		{5A7561CB-57F1-441E-B662-51EADB1858B5}.Ad-Hoc|ARM.Deploy.0 = Release|Any CPU
		{5A7561CB-57F1-441E-B662-51EADB1858B5}.Ad-Hoc|iPhone.ActiveCfg = Debug|Any CPU
		{5A7561CB-57F1-441E-B662-51EADB1858B5}.Ad-Hoc|iPhone.Build.0 = Debug|Any CPU
		{5A7561CB-57F1-441E-B662-51EADB1858B5}.Ad-Hoc|iPhone.Deploy.0 = Debug|Any CPU
		{5A7561CB-57F1-441E-B662-51EADB1858B5}.Ad-Hoc|iPhoneSimulator.ActiveCfg = Debug|Any CPU
		{5A7561CB-57F1-441E-B662-51EADB1858B5}.Ad-Hoc|iPhoneSimulator.Build.0 = Debug|Any CPU
		{5A7561CB-57F1-441E-B662-51EADB1858B5}.Ad-Hoc|iPhoneSimulator.Deploy.0 = Debug|Any CPU
		{5A7561CB-57F1-441E-B662-51EADB1858B5}.Ad-Hoc|x64.ActiveCfg = Release|Any CPU
		{5A7561CB-57F1-441E-B662-51EADB1858B5}.Ad-Hoc|x64.Build.0 = Release|Any CPU
		{5A7561CB-57F1-441E-B662-51EADB1858B5}.Ad-Hoc|x64.Deploy.0 = Release|Any CPU
		{5A7561CB-57F1-441E-B662-51EADB1858B5}.Ad-Hoc|x86.ActiveCfg = Debug|Any CPU
		{5A7561CB-57F1-441E-B662-51EADB1858B5}.Ad-Hoc|x86.Build.0 = Debug|Any CPU
		{5A7561CB-57F1-441E-B662-51EADB1858B5}.Ad-Hoc|x86.Deploy.0 = Debug|Any CPU
		{5A7561CB-57F1-441E-B662-51EADB1858B5}.AppStore|Any CPU.ActiveCfg = Release|Any CPU
		{5A7561CB-57F1-441E-B662-51EADB1858B5}.AppStore|Any CPU.Build.0 = Release|Any CPU
		{5A7561CB-57F1-441E-B662-51EADB1858B5}.AppStore|Any CPU.Deploy.0 = Release|Any CPU
		{5A7561CB-57F1-441E-B662-51EADB1858B5}.AppStore|ARM.ActiveCfg = Release|Any CPU
		{5A7561CB-57F1-441E-B662-51EADB1858B5}.AppStore|ARM.Build.0 = Release|Any CPU
		{5A7561CB-57F1-441E-B662-51EADB1858B5}.AppStore|ARM.Deploy.0 = Release|Any CPU
		{5A7561CB-57F1-441E-B662-51EADB1858B5}.AppStore|iPhone.ActiveCfg = Debug|Any CPU
		{5A7561CB-57F1-441E-B662-51EADB1858B5}.AppStore|iPhone.Build.0 = Debug|Any CPU
		{5A7561CB-57F1-441E-B662-51EADB1858B5}.AppStore|iPhone.Deploy.0 = Debug|Any CPU
		{5A7561CB-57F1-441E-B662-51EADB1858B5}.AppStore|iPhoneSimulator.ActiveCfg = Debug|Any CPU
		{5A7561CB-57F1-441E-B662-51EADB1858B5}.AppStore|iPhoneSimulator.Build.0 = Debug|Any CPU
		{5A7561CB-57F1-441E-B662-51EADB1858B5}.AppStore|iPhoneSimulator.Deploy.0 = Debug|Any CPU
		{5A7561CB-57F1-441E-B662-51EADB1858B5}.AppStore|x64.ActiveCfg = Release|Any CPU
		{5A7561CB-57F1-441E-B662-51EADB1858B5}.AppStore|x64.Build.0 = Release|Any CPU
		{5A7561CB-57F1-441E-B662-51EADB1858B5}.AppStore|x64.Deploy.0 = Release|Any CPU
		{5A7561CB-57F1-441E-B662-51EADB1858B5}.AppStore|x86.ActiveCfg = Release|Any CPU
		{5A7561CB-57F1-441E-B662-51EADB1858B5}.AppStore|x86.Build.0 = Release|Any CPU
		{5A7561CB-57F1-441E-B662-51EADB1858B5}.AppStore|x86.Deploy.0 = Release|Any CPU
		{5A7561CB-57F1-441E-B662-51EADB1858B5}.Debug|Any CPU.ActiveCfg = Debug|Any CPU
		{5A7561CB-57F1-441E-B662-51EADB1858B5}.Debug|Any CPU.Build.0 = Debug|Any CPU
		{5A7561CB-57F1-441E-B662-51EADB1858B5}.Debug|Any CPU.Deploy.0 = Debug|Any CPU
		{5A7561CB-57F1-441E-B662-51EADB1858B5}.Debug|ARM.ActiveCfg = Debug|Any CPU
		{5A7561CB-57F1-441E-B662-51EADB1858B5}.Debug|ARM.Build.0 = Debug|Any CPU
		{5A7561CB-57F1-441E-B662-51EADB1858B5}.Debug|ARM.Deploy.0 = Debug|Any CPU
		{5A7561CB-57F1-441E-B662-51EADB1858B5}.Debug|iPhone.ActiveCfg = Debug|Any CPU
		{5A7561CB-57F1-441E-B662-51EADB1858B5}.Debug|iPhone.Build.0 = Debug|Any CPU
		{5A7561CB-57F1-441E-B662-51EADB1858B5}.Debug|iPhone.Deploy.0 = Debug|Any CPU
		{5A7561CB-57F1-441E-B662-51EADB1858B5}.Debug|iPhoneSimulator.ActiveCfg = Debug|Any CPU
		{5A7561CB-57F1-441E-B662-51EADB1858B5}.Debug|iPhoneSimulator.Build.0 = Debug|Any CPU
		{5A7561CB-57F1-441E-B662-51EADB1858B5}.Debug|iPhoneSimulator.Deploy.0 = Debug|Any CPU
		{5A7561CB-57F1-441E-B662-51EADB1858B5}.Debug|x64.ActiveCfg = Debug|Any CPU
		{5A7561CB-57F1-441E-B662-51EADB1858B5}.Debug|x64.Build.0 = Debug|Any CPU
		{5A7561CB-57F1-441E-B662-51EADB1858B5}.Debug|x64.Deploy.0 = Debug|Any CPU
		{5A7561CB-57F1-441E-B662-51EADB1858B5}.Debug|x86.ActiveCfg = Debug|Any CPU
		{5A7561CB-57F1-441E-B662-51EADB1858B5}.Debug|x86.Build.0 = Debug|Any CPU
		{5A7561CB-57F1-441E-B662-51EADB1858B5}.Debug|x86.Deploy.0 = Debug|Any CPU
		{5A7561CB-57F1-441E-B662-51EADB1858B5}.Release|Any CPU.ActiveCfg = Release|Any CPU
		{5A7561CB-57F1-441E-B662-51EADB1858B5}.Release|Any CPU.Build.0 = Release|Any CPU
		{5A7561CB-57F1-441E-B662-51EADB1858B5}.Release|Any CPU.Deploy.0 = Release|Any CPU
		{5A7561CB-57F1-441E-B662-51EADB1858B5}.Release|ARM.ActiveCfg = Release|Any CPU
		{5A7561CB-57F1-441E-B662-51EADB1858B5}.Release|ARM.Build.0 = Release|Any CPU
		{5A7561CB-57F1-441E-B662-51EADB1858B5}.Release|ARM.Deploy.0 = Release|Any CPU
		{5A7561CB-57F1-441E-B662-51EADB1858B5}.Release|iPhone.ActiveCfg = Release|Any CPU
		{5A7561CB-57F1-441E-B662-51EADB1858B5}.Release|iPhone.Build.0 = Release|Any CPU
		{5A7561CB-57F1-441E-B662-51EADB1858B5}.Release|iPhone.Deploy.0 = Release|Any CPU
		{5A7561CB-57F1-441E-B662-51EADB1858B5}.Release|iPhoneSimulator.ActiveCfg = Release|Any CPU
		{5A7561CB-57F1-441E-B662-51EADB1858B5}.Release|iPhoneSimulator.Build.0 = Release|Any CPU
		{5A7561CB-57F1-441E-B662-51EADB1858B5}.Release|iPhoneSimulator.Deploy.0 = Release|Any CPU
		{5A7561CB-57F1-441E-B662-51EADB1858B5}.Release|x64.ActiveCfg = Release|Any CPU
		{5A7561CB-57F1-441E-B662-51EADB1858B5}.Release|x64.Build.0 = Release|Any CPU
		{5A7561CB-57F1-441E-B662-51EADB1858B5}.Release|x64.Deploy.0 = Release|Any CPU
		{5A7561CB-57F1-441E-B662-51EADB1858B5}.Release|x86.ActiveCfg = Release|Any CPU
		{5A7561CB-57F1-441E-B662-51EADB1858B5}.Release|x86.Build.0 = Release|Any CPU
		{5A7561CB-57F1-441E-B662-51EADB1858B5}.Release|x86.Deploy.0 = Release|Any CPU
		{A0911695-9785-4E6E-BE1E-6935398B1344}.Ad-Hoc|Any CPU.ActiveCfg = Debug|Any CPU
		{A0911695-9785-4E6E-BE1E-6935398B1344}.Ad-Hoc|Any CPU.Build.0 = Debug|Any CPU
		{A0911695-9785-4E6E-BE1E-6935398B1344}.Ad-Hoc|Any CPU.Deploy.0 = Debug|Any CPU
		{A0911695-9785-4E6E-BE1E-6935398B1344}.Ad-Hoc|ARM.ActiveCfg = Release|Any CPU
		{A0911695-9785-4E6E-BE1E-6935398B1344}.Ad-Hoc|ARM.Build.0 = Release|Any CPU
		{A0911695-9785-4E6E-BE1E-6935398B1344}.Ad-Hoc|ARM.Deploy.0 = Release|Any CPU
		{A0911695-9785-4E6E-BE1E-6935398B1344}.Ad-Hoc|iPhone.ActiveCfg = Debug|Any CPU
		{A0911695-9785-4E6E-BE1E-6935398B1344}.Ad-Hoc|iPhone.Build.0 = Debug|Any CPU
		{A0911695-9785-4E6E-BE1E-6935398B1344}.Ad-Hoc|iPhone.Deploy.0 = Debug|Any CPU
		{A0911695-9785-4E6E-BE1E-6935398B1344}.Ad-Hoc|iPhoneSimulator.ActiveCfg = Debug|Any CPU
		{A0911695-9785-4E6E-BE1E-6935398B1344}.Ad-Hoc|iPhoneSimulator.Build.0 = Debug|Any CPU
		{A0911695-9785-4E6E-BE1E-6935398B1344}.Ad-Hoc|iPhoneSimulator.Deploy.0 = Debug|Any CPU
		{A0911695-9785-4E6E-BE1E-6935398B1344}.Ad-Hoc|x64.ActiveCfg = Release|Any CPU
		{A0911695-9785-4E6E-BE1E-6935398B1344}.Ad-Hoc|x64.Build.0 = Release|Any CPU
		{A0911695-9785-4E6E-BE1E-6935398B1344}.Ad-Hoc|x64.Deploy.0 = Release|Any CPU
		{A0911695-9785-4E6E-BE1E-6935398B1344}.Ad-Hoc|x86.ActiveCfg = Debug|Any CPU
		{A0911695-9785-4E6E-BE1E-6935398B1344}.Ad-Hoc|x86.Build.0 = Debug|Any CPU
		{A0911695-9785-4E6E-BE1E-6935398B1344}.Ad-Hoc|x86.Deploy.0 = Debug|Any CPU
		{A0911695-9785-4E6E-BE1E-6935398B1344}.AppStore|Any CPU.ActiveCfg = Release|Any CPU
		{A0911695-9785-4E6E-BE1E-6935398B1344}.AppStore|Any CPU.Build.0 = Release|Any CPU
		{A0911695-9785-4E6E-BE1E-6935398B1344}.AppStore|Any CPU.Deploy.0 = Release|Any CPU
		{A0911695-9785-4E6E-BE1E-6935398B1344}.AppStore|ARM.ActiveCfg = Release|Any CPU
		{A0911695-9785-4E6E-BE1E-6935398B1344}.AppStore|ARM.Build.0 = Release|Any CPU
		{A0911695-9785-4E6E-BE1E-6935398B1344}.AppStore|ARM.Deploy.0 = Release|Any CPU
		{A0911695-9785-4E6E-BE1E-6935398B1344}.AppStore|iPhone.ActiveCfg = Debug|Any CPU
		{A0911695-9785-4E6E-BE1E-6935398B1344}.AppStore|iPhone.Build.0 = Debug|Any CPU
		{A0911695-9785-4E6E-BE1E-6935398B1344}.AppStore|iPhone.Deploy.0 = Debug|Any CPU
		{A0911695-9785-4E6E-BE1E-6935398B1344}.AppStore|iPhoneSimulator.ActiveCfg = Debug|Any CPU
		{A0911695-9785-4E6E-BE1E-6935398B1344}.AppStore|iPhoneSimulator.Build.0 = Debug|Any CPU
		{A0911695-9785-4E6E-BE1E-6935398B1344}.AppStore|iPhoneSimulator.Deploy.0 = Debug|Any CPU
		{A0911695-9785-4E6E-BE1E-6935398B1344}.AppStore|x64.ActiveCfg = Release|Any CPU
		{A0911695-9785-4E6E-BE1E-6935398B1344}.AppStore|x64.Build.0 = Release|Any CPU
		{A0911695-9785-4E6E-BE1E-6935398B1344}.AppStore|x64.Deploy.0 = Release|Any CPU
		{A0911695-9785-4E6E-BE1E-6935398B1344}.AppStore|x86.ActiveCfg = Release|Any CPU
		{A0911695-9785-4E6E-BE1E-6935398B1344}.AppStore|x86.Build.0 = Release|Any CPU
		{A0911695-9785-4E6E-BE1E-6935398B1344}.AppStore|x86.Deploy.0 = Release|Any CPU
		{A0911695-9785-4E6E-BE1E-6935398B1344}.Debug|Any CPU.ActiveCfg = Debug|Any CPU
		{A0911695-9785-4E6E-BE1E-6935398B1344}.Debug|Any CPU.Build.0 = Debug|Any CPU
		{A0911695-9785-4E6E-BE1E-6935398B1344}.Debug|Any CPU.Deploy.0 = Debug|Any CPU
		{A0911695-9785-4E6E-BE1E-6935398B1344}.Debug|ARM.ActiveCfg = Debug|Any CPU
		{A0911695-9785-4E6E-BE1E-6935398B1344}.Debug|ARM.Build.0 = Debug|Any CPU
		{A0911695-9785-4E6E-BE1E-6935398B1344}.Debug|ARM.Deploy.0 = Debug|Any CPU
		{A0911695-9785-4E6E-BE1E-6935398B1344}.Debug|iPhone.ActiveCfg = Debug|Any CPU
		{A0911695-9785-4E6E-BE1E-6935398B1344}.Debug|iPhone.Build.0 = Debug|Any CPU
		{A0911695-9785-4E6E-BE1E-6935398B1344}.Debug|iPhone.Deploy.0 = Debug|Any CPU
		{A0911695-9785-4E6E-BE1E-6935398B1344}.Debug|iPhoneSimulator.ActiveCfg = Debug|Any CPU
		{A0911695-9785-4E6E-BE1E-6935398B1344}.Debug|iPhoneSimulator.Build.0 = Debug|Any CPU
		{A0911695-9785-4E6E-BE1E-6935398B1344}.Debug|iPhoneSimulator.Deploy.0 = Debug|Any CPU
		{A0911695-9785-4E6E-BE1E-6935398B1344}.Debug|x64.ActiveCfg = Debug|Any CPU
		{A0911695-9785-4E6E-BE1E-6935398B1344}.Debug|x64.Build.0 = Debug|Any CPU
		{A0911695-9785-4E6E-BE1E-6935398B1344}.Debug|x64.Deploy.0 = Debug|Any CPU
		{A0911695-9785-4E6E-BE1E-6935398B1344}.Debug|x86.ActiveCfg = Debug|Any CPU
		{A0911695-9785-4E6E-BE1E-6935398B1344}.Debug|x86.Build.0 = Debug|Any CPU
		{A0911695-9785-4E6E-BE1E-6935398B1344}.Debug|x86.Deploy.0 = Debug|Any CPU
		{A0911695-9785-4E6E-BE1E-6935398B1344}.Release|Any CPU.ActiveCfg = Release|Any CPU
		{A0911695-9785-4E6E-BE1E-6935398B1344}.Release|Any CPU.Build.0 = Release|Any CPU
		{A0911695-9785-4E6E-BE1E-6935398B1344}.Release|Any CPU.Deploy.0 = Release|Any CPU
		{A0911695-9785-4E6E-BE1E-6935398B1344}.Release|ARM.ActiveCfg = Release|Any CPU
		{A0911695-9785-4E6E-BE1E-6935398B1344}.Release|ARM.Build.0 = Release|Any CPU
		{A0911695-9785-4E6E-BE1E-6935398B1344}.Release|ARM.Deploy.0 = Release|Any CPU
		{A0911695-9785-4E6E-BE1E-6935398B1344}.Release|iPhone.ActiveCfg = Release|Any CPU
		{A0911695-9785-4E6E-BE1E-6935398B1344}.Release|iPhone.Build.0 = Release|Any CPU
		{A0911695-9785-4E6E-BE1E-6935398B1344}.Release|iPhone.Deploy.0 = Release|Any CPU
		{A0911695-9785-4E6E-BE1E-6935398B1344}.Release|iPhoneSimulator.ActiveCfg = Release|Any CPU
		{A0911695-9785-4E6E-BE1E-6935398B1344}.Release|iPhoneSimulator.Build.0 = Release|Any CPU
		{A0911695-9785-4E6E-BE1E-6935398B1344}.Release|iPhoneSimulator.Deploy.0 = Release|Any CPU
		{A0911695-9785-4E6E-BE1E-6935398B1344}.Release|x64.ActiveCfg = Release|Any CPU
		{A0911695-9785-4E6E-BE1E-6935398B1344}.Release|x64.Build.0 = Release|Any CPU
		{A0911695-9785-4E6E-BE1E-6935398B1344}.Release|x64.Deploy.0 = Release|Any CPU
		{A0911695-9785-4E6E-BE1E-6935398B1344}.Release|x86.ActiveCfg = Release|Any CPU
		{A0911695-9785-4E6E-BE1E-6935398B1344}.Release|x86.Build.0 = Release|Any CPU
		{A0911695-9785-4E6E-BE1E-6935398B1344}.Release|x86.Deploy.0 = Release|Any CPU
		{E92E42EF-545C-4F06-A04D-380A740BCA84}.Ad-Hoc|Any CPU.ActiveCfg = Release|iPhoneSimulator
		{E92E42EF-545C-4F06-A04D-380A740BCA84}.Ad-Hoc|Any CPU.Build.0 = Release|iPhoneSimulator
		{E92E42EF-545C-4F06-A04D-380A740BCA84}.Ad-Hoc|ARM.ActiveCfg = Release|iPhoneSimulator
		{E92E42EF-545C-4F06-A04D-380A740BCA84}.Ad-Hoc|ARM.Build.0 = Release|iPhoneSimulator
		{E92E42EF-545C-4F06-A04D-380A740BCA84}.Ad-Hoc|iPhone.ActiveCfg = Release|iPhone
		{E92E42EF-545C-4F06-A04D-380A740BCA84}.Ad-Hoc|iPhone.Build.0 = Release|iPhone
		{E92E42EF-545C-4F06-A04D-380A740BCA84}.Ad-Hoc|iPhoneSimulator.ActiveCfg = Release|iPhoneSimulator
		{E92E42EF-545C-4F06-A04D-380A740BCA84}.Ad-Hoc|iPhoneSimulator.Build.0 = Release|iPhoneSimulator
		{E92E42EF-545C-4F06-A04D-380A740BCA84}.Ad-Hoc|x64.ActiveCfg = Release|iPhoneSimulator
		{E92E42EF-545C-4F06-A04D-380A740BCA84}.Ad-Hoc|x64.Build.0 = Release|iPhoneSimulator
		{E92E42EF-545C-4F06-A04D-380A740BCA84}.Ad-Hoc|x86.ActiveCfg = Release|iPhoneSimulator
		{E92E42EF-545C-4F06-A04D-380A740BCA84}.Ad-Hoc|x86.Build.0 = Release|iPhoneSimulator
		{E92E42EF-545C-4F06-A04D-380A740BCA84}.AppStore|Any CPU.ActiveCfg = Release|iPhoneSimulator
		{E92E42EF-545C-4F06-A04D-380A740BCA84}.AppStore|Any CPU.Build.0 = Release|iPhoneSimulator
		{E92E42EF-545C-4F06-A04D-380A740BCA84}.AppStore|ARM.ActiveCfg = Release|iPhoneSimulator
		{E92E42EF-545C-4F06-A04D-380A740BCA84}.AppStore|ARM.Build.0 = Release|iPhoneSimulator
		{E92E42EF-545C-4F06-A04D-380A740BCA84}.AppStore|iPhone.ActiveCfg = Release|iPhone
		{E92E42EF-545C-4F06-A04D-380A740BCA84}.AppStore|iPhone.Build.0 = Release|iPhone
		{E92E42EF-545C-4F06-A04D-380A740BCA84}.AppStore|iPhoneSimulator.ActiveCfg = Release|iPhoneSimulator
		{E92E42EF-545C-4F06-A04D-380A740BCA84}.AppStore|iPhoneSimulator.Build.0 = Release|iPhoneSimulator
		{E92E42EF-545C-4F06-A04D-380A740BCA84}.AppStore|x64.ActiveCfg = Release|iPhoneSimulator
		{E92E42EF-545C-4F06-A04D-380A740BCA84}.AppStore|x64.Build.0 = Release|iPhoneSimulator
		{E92E42EF-545C-4F06-A04D-380A740BCA84}.AppStore|x86.ActiveCfg = Release|iPhoneSimulator
		{E92E42EF-545C-4F06-A04D-380A740BCA84}.AppStore|x86.Build.0 = Release|iPhoneSimulator
		{E92E42EF-545C-4F06-A04D-380A740BCA84}.Debug|Any CPU.ActiveCfg = Debug|iPhone
		{E92E42EF-545C-4F06-A04D-380A740BCA84}.Debug|ARM.ActiveCfg = Debug|iPhoneSimulator
		{E92E42EF-545C-4F06-A04D-380A740BCA84}.Debug|iPhone.ActiveCfg = Debug|iPhone
		{E92E42EF-545C-4F06-A04D-380A740BCA84}.Debug|iPhone.Build.0 = Debug|iPhone
		{E92E42EF-545C-4F06-A04D-380A740BCA84}.Debug|iPhoneSimulator.ActiveCfg = Debug|iPhoneSimulator
		{E92E42EF-545C-4F06-A04D-380A740BCA84}.Debug|iPhoneSimulator.Build.0 = Debug|iPhoneSimulator
		{E92E42EF-545C-4F06-A04D-380A740BCA84}.Debug|x64.ActiveCfg = Debug|iPhoneSimulator
		{E92E42EF-545C-4F06-A04D-380A740BCA84}.Debug|x86.ActiveCfg = Debug|iPhone
		{E92E42EF-545C-4F06-A04D-380A740BCA84}.Release|Any CPU.ActiveCfg = Release|iPhone
		{E92E42EF-545C-4F06-A04D-380A740BCA84}.Release|ARM.ActiveCfg = Release|iPhoneSimulator
		{E92E42EF-545C-4F06-A04D-380A740BCA84}.Release|iPhone.ActiveCfg = Release|iPhone
		{E92E42EF-545C-4F06-A04D-380A740BCA84}.Release|iPhone.Build.0 = Release|iPhone
		{E92E42EF-545C-4F06-A04D-380A740BCA84}.Release|iPhoneSimulator.ActiveCfg = Release|iPhoneSimulator
		{E92E42EF-545C-4F06-A04D-380A740BCA84}.Release|iPhoneSimulator.Build.0 = Release|iPhoneSimulator
		{E92E42EF-545C-4F06-A04D-380A740BCA84}.Release|x64.ActiveCfg = Release|iPhoneSimulator
		{E92E42EF-545C-4F06-A04D-380A740BCA84}.Release|x86.ActiveCfg = Release|iPhone
		{AC1DF8F5-48B4-44F9-A6E3-0F71D061321C}.Ad-Hoc|Any CPU.ActiveCfg = Release|Any CPU
		{AC1DF8F5-48B4-44F9-A6E3-0F71D061321C}.Ad-Hoc|Any CPU.Build.0 = Release|Any CPU
		{AC1DF8F5-48B4-44F9-A6E3-0F71D061321C}.Ad-Hoc|Any CPU.Deploy.0 = Release|Any CPU
		{AC1DF8F5-48B4-44F9-A6E3-0F71D061321C}.Ad-Hoc|ARM.ActiveCfg = Release|ARM
		{AC1DF8F5-48B4-44F9-A6E3-0F71D061321C}.Ad-Hoc|ARM.Build.0 = Release|ARM
		{AC1DF8F5-48B4-44F9-A6E3-0F71D061321C}.Ad-Hoc|ARM.Deploy.0 = Release|ARM
		{AC1DF8F5-48B4-44F9-A6E3-0F71D061321C}.Ad-Hoc|iPhone.ActiveCfg = Release|Any CPU
		{AC1DF8F5-48B4-44F9-A6E3-0F71D061321C}.Ad-Hoc|iPhone.Build.0 = Release|Any CPU
		{AC1DF8F5-48B4-44F9-A6E3-0F71D061321C}.Ad-Hoc|iPhone.Deploy.0 = Release|Any CPU
		{AC1DF8F5-48B4-44F9-A6E3-0F71D061321C}.Ad-Hoc|iPhoneSimulator.ActiveCfg = Release|Any CPU
		{AC1DF8F5-48B4-44F9-A6E3-0F71D061321C}.Ad-Hoc|iPhoneSimulator.Build.0 = Release|Any CPU
		{AC1DF8F5-48B4-44F9-A6E3-0F71D061321C}.Ad-Hoc|iPhoneSimulator.Deploy.0 = Release|Any CPU
		{AC1DF8F5-48B4-44F9-A6E3-0F71D061321C}.Ad-Hoc|x64.ActiveCfg = Debug|Any CPU
		{AC1DF8F5-48B4-44F9-A6E3-0F71D061321C}.Ad-Hoc|x86.ActiveCfg = Release|x86
		{AC1DF8F5-48B4-44F9-A6E3-0F71D061321C}.Ad-Hoc|x86.Build.0 = Release|x86
		{AC1DF8F5-48B4-44F9-A6E3-0F71D061321C}.Ad-Hoc|x86.Deploy.0 = Release|x86
		{AC1DF8F5-48B4-44F9-A6E3-0F71D061321C}.AppStore|Any CPU.ActiveCfg = Release|Any CPU
		{AC1DF8F5-48B4-44F9-A6E3-0F71D061321C}.AppStore|Any CPU.Build.0 = Release|Any CPU
		{AC1DF8F5-48B4-44F9-A6E3-0F71D061321C}.AppStore|Any CPU.Deploy.0 = Release|Any CPU
		{AC1DF8F5-48B4-44F9-A6E3-0F71D061321C}.AppStore|ARM.ActiveCfg = Release|ARM
		{AC1DF8F5-48B4-44F9-A6E3-0F71D061321C}.AppStore|ARM.Build.0 = Release|ARM
		{AC1DF8F5-48B4-44F9-A6E3-0F71D061321C}.AppStore|ARM.Deploy.0 = Release|ARM
		{AC1DF8F5-48B4-44F9-A6E3-0F71D061321C}.AppStore|iPhone.ActiveCfg = Release|Any CPU
		{AC1DF8F5-48B4-44F9-A6E3-0F71D061321C}.AppStore|iPhone.Build.0 = Release|Any CPU
		{AC1DF8F5-48B4-44F9-A6E3-0F71D061321C}.AppStore|iPhone.Deploy.0 = Release|Any CPU
		{AC1DF8F5-48B4-44F9-A6E3-0F71D061321C}.AppStore|iPhoneSimulator.ActiveCfg = Release|Any CPU
		{AC1DF8F5-48B4-44F9-A6E3-0F71D061321C}.AppStore|iPhoneSimulator.Build.0 = Release|Any CPU
		{AC1DF8F5-48B4-44F9-A6E3-0F71D061321C}.AppStore|iPhoneSimulator.Deploy.0 = Release|Any CPU
		{AC1DF8F5-48B4-44F9-A6E3-0F71D061321C}.AppStore|x64.ActiveCfg = Debug|Any CPU
		{AC1DF8F5-48B4-44F9-A6E3-0F71D061321C}.AppStore|x86.ActiveCfg = Release|x86
		{AC1DF8F5-48B4-44F9-A6E3-0F71D061321C}.AppStore|x86.Build.0 = Release|x86
		{AC1DF8F5-48B4-44F9-A6E3-0F71D061321C}.AppStore|x86.Deploy.0 = Release|x86
		{AC1DF8F5-48B4-44F9-A6E3-0F71D061321C}.Debug|Any CPU.ActiveCfg = Debug|Any CPU
		{AC1DF8F5-48B4-44F9-A6E3-0F71D061321C}.Debug|Any CPU.Build.0 = Debug|Any CPU
		{AC1DF8F5-48B4-44F9-A6E3-0F71D061321C}.Debug|Any CPU.Deploy.0 = Debug|Any CPU
		{AC1DF8F5-48B4-44F9-A6E3-0F71D061321C}.Debug|ARM.ActiveCfg = Debug|ARM
		{AC1DF8F5-48B4-44F9-A6E3-0F71D061321C}.Debug|ARM.Build.0 = Debug|ARM
		{AC1DF8F5-48B4-44F9-A6E3-0F71D061321C}.Debug|ARM.Deploy.0 = Debug|ARM
		{AC1DF8F5-48B4-44F9-A6E3-0F71D061321C}.Debug|iPhone.ActiveCfg = Debug|Any CPU
		{AC1DF8F5-48B4-44F9-A6E3-0F71D061321C}.Debug|iPhone.Build.0 = Debug|Any CPU
		{AC1DF8F5-48B4-44F9-A6E3-0F71D061321C}.Debug|iPhone.Deploy.0 = Debug|Any CPU
		{AC1DF8F5-48B4-44F9-A6E3-0F71D061321C}.Debug|iPhoneSimulator.ActiveCfg = Debug|Any CPU
		{AC1DF8F5-48B4-44F9-A6E3-0F71D061321C}.Debug|iPhoneSimulator.Build.0 = Debug|Any CPU
		{AC1DF8F5-48B4-44F9-A6E3-0F71D061321C}.Debug|iPhoneSimulator.Deploy.0 = Debug|Any CPU
		{AC1DF8F5-48B4-44F9-A6E3-0F71D061321C}.Debug|x64.ActiveCfg = Debug|Any CPU
		{AC1DF8F5-48B4-44F9-A6E3-0F71D061321C}.Debug|x86.ActiveCfg = Debug|x86
		{AC1DF8F5-48B4-44F9-A6E3-0F71D061321C}.Debug|x86.Build.0 = Debug|x86
		{AC1DF8F5-48B4-44F9-A6E3-0F71D061321C}.Debug|x86.Deploy.0 = Debug|x86
		{AC1DF8F5-48B4-44F9-A6E3-0F71D061321C}.Release|Any CPU.ActiveCfg = Release|Any CPU
		{AC1DF8F5-48B4-44F9-A6E3-0F71D061321C}.Release|Any CPU.Build.0 = Release|Any CPU
		{AC1DF8F5-48B4-44F9-A6E3-0F71D061321C}.Release|Any CPU.Deploy.0 = Release|Any CPU
		{AC1DF8F5-48B4-44F9-A6E3-0F71D061321C}.Release|ARM.ActiveCfg = Release|ARM
		{AC1DF8F5-48B4-44F9-A6E3-0F71D061321C}.Release|ARM.Build.0 = Release|ARM
		{AC1DF8F5-48B4-44F9-A6E3-0F71D061321C}.Release|ARM.Deploy.0 = Release|ARM
		{AC1DF8F5-48B4-44F9-A6E3-0F71D061321C}.Release|iPhone.ActiveCfg = Release|Any CPU
		{AC1DF8F5-48B4-44F9-A6E3-0F71D061321C}.Release|iPhone.Build.0 = Release|Any CPU
		{AC1DF8F5-48B4-44F9-A6E3-0F71D061321C}.Release|iPhone.Deploy.0 = Release|Any CPU
		{AC1DF8F5-48B4-44F9-A6E3-0F71D061321C}.Release|iPhoneSimulator.ActiveCfg = Release|Any CPU
		{AC1DF8F5-48B4-44F9-A6E3-0F71D061321C}.Release|iPhoneSimulator.Build.0 = Release|Any CPU
		{AC1DF8F5-48B4-44F9-A6E3-0F71D061321C}.Release|iPhoneSimulator.Deploy.0 = Release|Any CPU
		{AC1DF8F5-48B4-44F9-A6E3-0F71D061321C}.Release|x64.ActiveCfg = Release|Any CPU
		{AC1DF8F5-48B4-44F9-A6E3-0F71D061321C}.Release|x86.ActiveCfg = Release|x86
		{AC1DF8F5-48B4-44F9-A6E3-0F71D061321C}.Release|x86.Build.0 = Release|x86
		{AC1DF8F5-48B4-44F9-A6E3-0F71D061321C}.Release|x86.Deploy.0 = Release|x86
		{425B4E9C-B8AF-495A-88ED-E73A0FAB3BFD}.Ad-Hoc|Any CPU.ActiveCfg = Release|x86
		{425B4E9C-B8AF-495A-88ED-E73A0FAB3BFD}.Ad-Hoc|Any CPU.Build.0 = Release|x86
		{425B4E9C-B8AF-495A-88ED-E73A0FAB3BFD}.Ad-Hoc|Any CPU.Deploy.0 = Release|x86
		{425B4E9C-B8AF-495A-88ED-E73A0FAB3BFD}.Ad-Hoc|ARM.ActiveCfg = Release|ARM
		{425B4E9C-B8AF-495A-88ED-E73A0FAB3BFD}.Ad-Hoc|ARM.Build.0 = Release|ARM
		{425B4E9C-B8AF-495A-88ED-E73A0FAB3BFD}.Ad-Hoc|ARM.Deploy.0 = Release|ARM
		{425B4E9C-B8AF-495A-88ED-E73A0FAB3BFD}.Ad-Hoc|iPhone.ActiveCfg = Release|x86
		{425B4E9C-B8AF-495A-88ED-E73A0FAB3BFD}.Ad-Hoc|iPhone.Build.0 = Release|x86
		{425B4E9C-B8AF-495A-88ED-E73A0FAB3BFD}.Ad-Hoc|iPhone.Deploy.0 = Release|x86
		{425B4E9C-B8AF-495A-88ED-E73A0FAB3BFD}.Ad-Hoc|iPhoneSimulator.ActiveCfg = Release|x86
		{425B4E9C-B8AF-495A-88ED-E73A0FAB3BFD}.Ad-Hoc|iPhoneSimulator.Build.0 = Release|x86
		{425B4E9C-B8AF-495A-88ED-E73A0FAB3BFD}.Ad-Hoc|iPhoneSimulator.Deploy.0 = Release|x86
		{425B4E9C-B8AF-495A-88ED-E73A0FAB3BFD}.Ad-Hoc|x64.ActiveCfg = Release|x64
		{425B4E9C-B8AF-495A-88ED-E73A0FAB3BFD}.Ad-Hoc|x64.Build.0 = Release|x64
		{425B4E9C-B8AF-495A-88ED-E73A0FAB3BFD}.Ad-Hoc|x64.Deploy.0 = Release|x64
		{425B4E9C-B8AF-495A-88ED-E73A0FAB3BFD}.Ad-Hoc|x86.ActiveCfg = Release|x86
		{425B4E9C-B8AF-495A-88ED-E73A0FAB3BFD}.Ad-Hoc|x86.Build.0 = Release|x86
		{425B4E9C-B8AF-495A-88ED-E73A0FAB3BFD}.Ad-Hoc|x86.Deploy.0 = Release|x86
		{425B4E9C-B8AF-495A-88ED-E73A0FAB3BFD}.AppStore|Any CPU.ActiveCfg = Release|x86
		{425B4E9C-B8AF-495A-88ED-E73A0FAB3BFD}.AppStore|Any CPU.Build.0 = Release|x86
		{425B4E9C-B8AF-495A-88ED-E73A0FAB3BFD}.AppStore|Any CPU.Deploy.0 = Release|x86
		{425B4E9C-B8AF-495A-88ED-E73A0FAB3BFD}.AppStore|ARM.ActiveCfg = Release|ARM
		{425B4E9C-B8AF-495A-88ED-E73A0FAB3BFD}.AppStore|ARM.Build.0 = Release|ARM
		{425B4E9C-B8AF-495A-88ED-E73A0FAB3BFD}.AppStore|ARM.Deploy.0 = Release|ARM
		{425B4E9C-B8AF-495A-88ED-E73A0FAB3BFD}.AppStore|iPhone.ActiveCfg = Release|x86
		{425B4E9C-B8AF-495A-88ED-E73A0FAB3BFD}.AppStore|iPhone.Build.0 = Release|x86
		{425B4E9C-B8AF-495A-88ED-E73A0FAB3BFD}.AppStore|iPhone.Deploy.0 = Release|x86
		{425B4E9C-B8AF-495A-88ED-E73A0FAB3BFD}.AppStore|iPhoneSimulator.ActiveCfg = Release|x86
		{425B4E9C-B8AF-495A-88ED-E73A0FAB3BFD}.AppStore|iPhoneSimulator.Build.0 = Release|x86
		{425B4E9C-B8AF-495A-88ED-E73A0FAB3BFD}.AppStore|iPhoneSimulator.Deploy.0 = Release|x86
		{425B4E9C-B8AF-495A-88ED-E73A0FAB3BFD}.AppStore|x64.ActiveCfg = Release|x64
		{425B4E9C-B8AF-495A-88ED-E73A0FAB3BFD}.AppStore|x64.Build.0 = Release|x64
		{425B4E9C-B8AF-495A-88ED-E73A0FAB3BFD}.AppStore|x64.Deploy.0 = Release|x64
		{425B4E9C-B8AF-495A-88ED-E73A0FAB3BFD}.AppStore|x86.ActiveCfg = Release|x86
		{425B4E9C-B8AF-495A-88ED-E73A0FAB3BFD}.AppStore|x86.Build.0 = Release|x86
		{425B4E9C-B8AF-495A-88ED-E73A0FAB3BFD}.AppStore|x86.Deploy.0 = Release|x86
		{425B4E9C-B8AF-495A-88ED-E73A0FAB3BFD}.Debug|Any CPU.ActiveCfg = Debug|x86
		{425B4E9C-B8AF-495A-88ED-E73A0FAB3BFD}.Debug|ARM.ActiveCfg = Debug|ARM
		{425B4E9C-B8AF-495A-88ED-E73A0FAB3BFD}.Debug|ARM.Build.0 = Debug|ARM
		{425B4E9C-B8AF-495A-88ED-E73A0FAB3BFD}.Debug|ARM.Deploy.0 = Debug|ARM
		{425B4E9C-B8AF-495A-88ED-E73A0FAB3BFD}.Debug|iPhone.ActiveCfg = Debug|x86
		{425B4E9C-B8AF-495A-88ED-E73A0FAB3BFD}.Debug|iPhoneSimulator.ActiveCfg = Debug|x86
		{425B4E9C-B8AF-495A-88ED-E73A0FAB3BFD}.Debug|x64.ActiveCfg = Debug|x64
		{425B4E9C-B8AF-495A-88ED-E73A0FAB3BFD}.Debug|x64.Build.0 = Debug|x64
		{425B4E9C-B8AF-495A-88ED-E73A0FAB3BFD}.Debug|x64.Deploy.0 = Debug|x64
		{425B4E9C-B8AF-495A-88ED-E73A0FAB3BFD}.Debug|x86.ActiveCfg = Debug|x86
		{425B4E9C-B8AF-495A-88ED-E73A0FAB3BFD}.Debug|x86.Build.0 = Debug|x86
		{425B4E9C-B8AF-495A-88ED-E73A0FAB3BFD}.Debug|x86.Deploy.0 = Debug|x86
		{425B4E9C-B8AF-495A-88ED-E73A0FAB3BFD}.Release|Any CPU.ActiveCfg = Release|x86
		{425B4E9C-B8AF-495A-88ED-E73A0FAB3BFD}.Release|ARM.ActiveCfg = Release|ARM
		{425B4E9C-B8AF-495A-88ED-E73A0FAB3BFD}.Release|ARM.Build.0 = Release|ARM
		{425B4E9C-B8AF-495A-88ED-E73A0FAB3BFD}.Release|ARM.Deploy.0 = Release|ARM
		{425B4E9C-B8AF-495A-88ED-E73A0FAB3BFD}.Release|iPhone.ActiveCfg = Release|x86
		{425B4E9C-B8AF-495A-88ED-E73A0FAB3BFD}.Release|iPhoneSimulator.ActiveCfg = Release|x86
		{425B4E9C-B8AF-495A-88ED-E73A0FAB3BFD}.Release|x64.ActiveCfg = Release|x64
		{425B4E9C-B8AF-495A-88ED-E73A0FAB3BFD}.Release|x64.Build.0 = Release|x64
		{425B4E9C-B8AF-495A-88ED-E73A0FAB3BFD}.Release|x64.Deploy.0 = Release|x64
		{425B4E9C-B8AF-495A-88ED-E73A0FAB3BFD}.Release|x86.ActiveCfg = Release|x86
		{425B4E9C-B8AF-495A-88ED-E73A0FAB3BFD}.Release|x86.Build.0 = Release|x86
		{425B4E9C-B8AF-495A-88ED-E73A0FAB3BFD}.Release|x86.Deploy.0 = Release|x86
		{FF40F3C9-0E41-40E2-AA26-F8BACDE2F32D}.Ad-Hoc|Any CPU.ActiveCfg = Release|Any CPU
		{FF40F3C9-0E41-40E2-AA26-F8BACDE2F32D}.Ad-Hoc|Any CPU.Build.0 = Release|Any CPU
		{FF40F3C9-0E41-40E2-AA26-F8BACDE2F32D}.Ad-Hoc|Any CPU.Deploy.0 = Release|Any CPU
		{FF40F3C9-0E41-40E2-AA26-F8BACDE2F32D}.Ad-Hoc|ARM.ActiveCfg = Release|Any CPU
		{FF40F3C9-0E41-40E2-AA26-F8BACDE2F32D}.Ad-Hoc|ARM.Build.0 = Release|Any CPU
		{FF40F3C9-0E41-40E2-AA26-F8BACDE2F32D}.Ad-Hoc|ARM.Deploy.0 = Release|Any CPU
		{FF40F3C9-0E41-40E2-AA26-F8BACDE2F32D}.Ad-Hoc|iPhone.ActiveCfg = Release|Any CPU
		{FF40F3C9-0E41-40E2-AA26-F8BACDE2F32D}.Ad-Hoc|iPhone.Build.0 = Release|Any CPU
		{FF40F3C9-0E41-40E2-AA26-F8BACDE2F32D}.Ad-Hoc|iPhone.Deploy.0 = Release|Any CPU
		{FF40F3C9-0E41-40E2-AA26-F8BACDE2F32D}.Ad-Hoc|iPhoneSimulator.ActiveCfg = Release|Any CPU
		{FF40F3C9-0E41-40E2-AA26-F8BACDE2F32D}.Ad-Hoc|iPhoneSimulator.Build.0 = Release|Any CPU
		{FF40F3C9-0E41-40E2-AA26-F8BACDE2F32D}.Ad-Hoc|iPhoneSimulator.Deploy.0 = Release|Any CPU
		{FF40F3C9-0E41-40E2-AA26-F8BACDE2F32D}.Ad-Hoc|x64.ActiveCfg = Release|Any CPU
		{FF40F3C9-0E41-40E2-AA26-F8BACDE2F32D}.Ad-Hoc|x64.Build.0 = Release|Any CPU
		{FF40F3C9-0E41-40E2-AA26-F8BACDE2F32D}.Ad-Hoc|x64.Deploy.0 = Release|Any CPU
		{FF40F3C9-0E41-40E2-AA26-F8BACDE2F32D}.Ad-Hoc|x86.ActiveCfg = Release|Any CPU
		{FF40F3C9-0E41-40E2-AA26-F8BACDE2F32D}.Ad-Hoc|x86.Build.0 = Release|Any CPU
		{FF40F3C9-0E41-40E2-AA26-F8BACDE2F32D}.Ad-Hoc|x86.Deploy.0 = Release|Any CPU
		{FF40F3C9-0E41-40E2-AA26-F8BACDE2F32D}.AppStore|Any CPU.ActiveCfg = Release|Any CPU
		{FF40F3C9-0E41-40E2-AA26-F8BACDE2F32D}.AppStore|Any CPU.Build.0 = Release|Any CPU
		{FF40F3C9-0E41-40E2-AA26-F8BACDE2F32D}.AppStore|Any CPU.Deploy.0 = Release|Any CPU
		{FF40F3C9-0E41-40E2-AA26-F8BACDE2F32D}.AppStore|ARM.ActiveCfg = Release|Any CPU
		{FF40F3C9-0E41-40E2-AA26-F8BACDE2F32D}.AppStore|ARM.Build.0 = Release|Any CPU
		{FF40F3C9-0E41-40E2-AA26-F8BACDE2F32D}.AppStore|ARM.Deploy.0 = Release|Any CPU
		{FF40F3C9-0E41-40E2-AA26-F8BACDE2F32D}.AppStore|iPhone.ActiveCfg = Release|Any CPU
		{FF40F3C9-0E41-40E2-AA26-F8BACDE2F32D}.AppStore|iPhone.Build.0 = Release|Any CPU
		{FF40F3C9-0E41-40E2-AA26-F8BACDE2F32D}.AppStore|iPhone.Deploy.0 = Release|Any CPU
		{FF40F3C9-0E41-40E2-AA26-F8BACDE2F32D}.AppStore|iPhoneSimulator.ActiveCfg = Release|Any CPU
		{FF40F3C9-0E41-40E2-AA26-F8BACDE2F32D}.AppStore|iPhoneSimulator.Build.0 = Release|Any CPU
		{FF40F3C9-0E41-40E2-AA26-F8BACDE2F32D}.AppStore|iPhoneSimulator.Deploy.0 = Release|Any CPU
		{FF40F3C9-0E41-40E2-AA26-F8BACDE2F32D}.AppStore|x64.ActiveCfg = Release|Any CPU
		{FF40F3C9-0E41-40E2-AA26-F8BACDE2F32D}.AppStore|x64.Build.0 = Release|Any CPU
		{FF40F3C9-0E41-40E2-AA26-F8BACDE2F32D}.AppStore|x64.Deploy.0 = Release|Any CPU
		{FF40F3C9-0E41-40E2-AA26-F8BACDE2F32D}.AppStore|x86.ActiveCfg = Release|Any CPU
		{FF40F3C9-0E41-40E2-AA26-F8BACDE2F32D}.AppStore|x86.Build.0 = Release|Any CPU
		{FF40F3C9-0E41-40E2-AA26-F8BACDE2F32D}.AppStore|x86.Deploy.0 = Release|Any CPU
		{FF40F3C9-0E41-40E2-AA26-F8BACDE2F32D}.Debug|Any CPU.ActiveCfg = Debug|Any CPU
		{FF40F3C9-0E41-40E2-AA26-F8BACDE2F32D}.Debug|Any CPU.Build.0 = Debug|Any CPU
		{FF40F3C9-0E41-40E2-AA26-F8BACDE2F32D}.Debug|Any CPU.Deploy.0 = Debug|Any CPU
		{FF40F3C9-0E41-40E2-AA26-F8BACDE2F32D}.Debug|ARM.ActiveCfg = Debug|Any CPU
		{FF40F3C9-0E41-40E2-AA26-F8BACDE2F32D}.Debug|ARM.Build.0 = Debug|Any CPU
		{FF40F3C9-0E41-40E2-AA26-F8BACDE2F32D}.Debug|ARM.Deploy.0 = Debug|Any CPU
		{FF40F3C9-0E41-40E2-AA26-F8BACDE2F32D}.Debug|iPhone.ActiveCfg = Debug|Any CPU
		{FF40F3C9-0E41-40E2-AA26-F8BACDE2F32D}.Debug|iPhone.Build.0 = Debug|Any CPU
		{FF40F3C9-0E41-40E2-AA26-F8BACDE2F32D}.Debug|iPhone.Deploy.0 = Debug|Any CPU
		{FF40F3C9-0E41-40E2-AA26-F8BACDE2F32D}.Debug|iPhoneSimulator.ActiveCfg = Debug|Any CPU
		{FF40F3C9-0E41-40E2-AA26-F8BACDE2F32D}.Debug|iPhoneSimulator.Build.0 = Debug|Any CPU
		{FF40F3C9-0E41-40E2-AA26-F8BACDE2F32D}.Debug|iPhoneSimulator.Deploy.0 = Debug|Any CPU
		{FF40F3C9-0E41-40E2-AA26-F8BACDE2F32D}.Debug|x64.ActiveCfg = Debug|Any CPU
		{FF40F3C9-0E41-40E2-AA26-F8BACDE2F32D}.Debug|x64.Build.0 = Debug|Any CPU
		{FF40F3C9-0E41-40E2-AA26-F8BACDE2F32D}.Debug|x64.Deploy.0 = Debug|Any CPU
		{FF40F3C9-0E41-40E2-AA26-F8BACDE2F32D}.Debug|x86.ActiveCfg = Debug|Any CPU
		{FF40F3C9-0E41-40E2-AA26-F8BACDE2F32D}.Debug|x86.Build.0 = Debug|Any CPU
		{FF40F3C9-0E41-40E2-AA26-F8BACDE2F32D}.Debug|x86.Deploy.0 = Debug|Any CPU
		{FF40F3C9-0E41-40E2-AA26-F8BACDE2F32D}.Release|Any CPU.ActiveCfg = Release|Any CPU
		{FF40F3C9-0E41-40E2-AA26-F8BACDE2F32D}.Release|Any CPU.Build.0 = Release|Any CPU
		{FF40F3C9-0E41-40E2-AA26-F8BACDE2F32D}.Release|Any CPU.Deploy.0 = Release|Any CPU
		{FF40F3C9-0E41-40E2-AA26-F8BACDE2F32D}.Release|ARM.ActiveCfg = Release|Any CPU
		{FF40F3C9-0E41-40E2-AA26-F8BACDE2F32D}.Release|ARM.Build.0 = Release|Any CPU
		{FF40F3C9-0E41-40E2-AA26-F8BACDE2F32D}.Release|ARM.Deploy.0 = Release|Any CPU
		{FF40F3C9-0E41-40E2-AA26-F8BACDE2F32D}.Release|iPhone.ActiveCfg = Release|Any CPU
		{FF40F3C9-0E41-40E2-AA26-F8BACDE2F32D}.Release|iPhone.Build.0 = Release|Any CPU
		{FF40F3C9-0E41-40E2-AA26-F8BACDE2F32D}.Release|iPhone.Deploy.0 = Release|Any CPU
		{FF40F3C9-0E41-40E2-AA26-F8BACDE2F32D}.Release|iPhoneSimulator.ActiveCfg = Release|Any CPU
		{FF40F3C9-0E41-40E2-AA26-F8BACDE2F32D}.Release|iPhoneSimulator.Build.0 = Release|Any CPU
		{FF40F3C9-0E41-40E2-AA26-F8BACDE2F32D}.Release|iPhoneSimulator.Deploy.0 = Release|Any CPU
		{FF40F3C9-0E41-40E2-AA26-F8BACDE2F32D}.Release|x64.ActiveCfg = Release|Any CPU
		{FF40F3C9-0E41-40E2-AA26-F8BACDE2F32D}.Release|x64.Build.0 = Release|Any CPU
		{FF40F3C9-0E41-40E2-AA26-F8BACDE2F32D}.Release|x64.Deploy.0 = Release|Any CPU
		{FF40F3C9-0E41-40E2-AA26-F8BACDE2F32D}.Release|x86.ActiveCfg = Release|Any CPU
		{FF40F3C9-0E41-40E2-AA26-F8BACDE2F32D}.Release|x86.Build.0 = Release|Any CPU
		{FF40F3C9-0E41-40E2-AA26-F8BACDE2F32D}.Release|x86.Deploy.0 = Release|Any CPU
		{3FE0A696-C3BA-450D-9B03-E264AF024F0D}.Ad-Hoc|Any CPU.ActiveCfg = Release|Any CPU
		{3FE0A696-C3BA-450D-9B03-E264AF024F0D}.Ad-Hoc|Any CPU.Build.0 = Release|Any CPU
		{3FE0A696-C3BA-450D-9B03-E264AF024F0D}.Ad-Hoc|ARM.ActiveCfg = Release|Any CPU
		{3FE0A696-C3BA-450D-9B03-E264AF024F0D}.Ad-Hoc|ARM.Build.0 = Release|Any CPU
		{3FE0A696-C3BA-450D-9B03-E264AF024F0D}.Ad-Hoc|iPhone.ActiveCfg = Release|Any CPU
		{3FE0A696-C3BA-450D-9B03-E264AF024F0D}.Ad-Hoc|iPhone.Build.0 = Release|Any CPU
		{3FE0A696-C3BA-450D-9B03-E264AF024F0D}.Ad-Hoc|iPhoneSimulator.ActiveCfg = Release|Any CPU
		{3FE0A696-C3BA-450D-9B03-E264AF024F0D}.Ad-Hoc|iPhoneSimulator.Build.0 = Release|Any CPU
		{3FE0A696-C3BA-450D-9B03-E264AF024F0D}.Ad-Hoc|x64.ActiveCfg = Release|Any CPU
		{3FE0A696-C3BA-450D-9B03-E264AF024F0D}.Ad-Hoc|x64.Build.0 = Release|Any CPU
		{3FE0A696-C3BA-450D-9B03-E264AF024F0D}.Ad-Hoc|x86.ActiveCfg = Release|Any CPU
		{3FE0A696-C3BA-450D-9B03-E264AF024F0D}.Ad-Hoc|x86.Build.0 = Release|Any CPU
		{3FE0A696-C3BA-450D-9B03-E264AF024F0D}.AppStore|Any CPU.ActiveCfg = Release|Any CPU
		{3FE0A696-C3BA-450D-9B03-E264AF024F0D}.AppStore|Any CPU.Build.0 = Release|Any CPU
		{3FE0A696-C3BA-450D-9B03-E264AF024F0D}.AppStore|ARM.ActiveCfg = Release|Any CPU
		{3FE0A696-C3BA-450D-9B03-E264AF024F0D}.AppStore|ARM.Build.0 = Release|Any CPU
		{3FE0A696-C3BA-450D-9B03-E264AF024F0D}.AppStore|iPhone.ActiveCfg = Release|Any CPU
		{3FE0A696-C3BA-450D-9B03-E264AF024F0D}.AppStore|iPhone.Build.0 = Release|Any CPU
		{3FE0A696-C3BA-450D-9B03-E264AF024F0D}.AppStore|iPhoneSimulator.ActiveCfg = Release|Any CPU
		{3FE0A696-C3BA-450D-9B03-E264AF024F0D}.AppStore|iPhoneSimulator.Build.0 = Release|Any CPU
		{3FE0A696-C3BA-450D-9B03-E264AF024F0D}.AppStore|x64.ActiveCfg = Release|Any CPU
		{3FE0A696-C3BA-450D-9B03-E264AF024F0D}.AppStore|x64.Build.0 = Release|Any CPU
		{3FE0A696-C3BA-450D-9B03-E264AF024F0D}.AppStore|x86.ActiveCfg = Release|Any CPU
		{3FE0A696-C3BA-450D-9B03-E264AF024F0D}.AppStore|x86.Build.0 = Release|Any CPU
		{3FE0A696-C3BA-450D-9B03-E264AF024F0D}.Debug|Any CPU.ActiveCfg = Debug|Any CPU
		{3FE0A696-C3BA-450D-9B03-E264AF024F0D}.Debug|Any CPU.Build.0 = Debug|Any CPU
		{3FE0A696-C3BA-450D-9B03-E264AF024F0D}.Debug|ARM.ActiveCfg = Debug|Any CPU
		{3FE0A696-C3BA-450D-9B03-E264AF024F0D}.Debug|ARM.Build.0 = Debug|Any CPU
		{3FE0A696-C3BA-450D-9B03-E264AF024F0D}.Debug|iPhone.ActiveCfg = Debug|Any CPU
		{3FE0A696-C3BA-450D-9B03-E264AF024F0D}.Debug|iPhone.Build.0 = Debug|Any CPU
		{3FE0A696-C3BA-450D-9B03-E264AF024F0D}.Debug|iPhoneSimulator.ActiveCfg = Debug|Any CPU
		{3FE0A696-C3BA-450D-9B03-E264AF024F0D}.Debug|iPhoneSimulator.Build.0 = Debug|Any CPU
		{3FE0A696-C3BA-450D-9B03-E264AF024F0D}.Debug|x64.ActiveCfg = Debug|Any CPU
		{3FE0A696-C3BA-450D-9B03-E264AF024F0D}.Debug|x64.Build.0 = Debug|Any CPU
		{3FE0A696-C3BA-450D-9B03-E264AF024F0D}.Debug|x86.ActiveCfg = Debug|Any CPU
		{3FE0A696-C3BA-450D-9B03-E264AF024F0D}.Debug|x86.Build.0 = Debug|Any CPU
		{3FE0A696-C3BA-450D-9B03-E264AF024F0D}.Release|Any CPU.ActiveCfg = Release|Any CPU
		{3FE0A696-C3BA-450D-9B03-E264AF024F0D}.Release|Any CPU.Build.0 = Release|Any CPU
		{3FE0A696-C3BA-450D-9B03-E264AF024F0D}.Release|ARM.ActiveCfg = Release|Any CPU
		{3FE0A696-C3BA-450D-9B03-E264AF024F0D}.Release|ARM.Build.0 = Release|Any CPU
		{3FE0A696-C3BA-450D-9B03-E264AF024F0D}.Release|iPhone.ActiveCfg = Release|Any CPU
		{3FE0A696-C3BA-450D-9B03-E264AF024F0D}.Release|iPhone.Build.0 = Release|Any CPU
		{3FE0A696-C3BA-450D-9B03-E264AF024F0D}.Release|iPhoneSimulator.ActiveCfg = Release|Any CPU
		{3FE0A696-C3BA-450D-9B03-E264AF024F0D}.Release|iPhoneSimulator.Build.0 = Release|Any CPU
		{3FE0A696-C3BA-450D-9B03-E264AF024F0D}.Release|x64.ActiveCfg = Release|Any CPU
		{3FE0A696-C3BA-450D-9B03-E264AF024F0D}.Release|x64.Build.0 = Release|Any CPU
		{3FE0A696-C3BA-450D-9B03-E264AF024F0D}.Release|x86.ActiveCfg = Release|Any CPU
		{3FE0A696-C3BA-450D-9B03-E264AF024F0D}.Release|x86.Build.0 = Release|Any CPU
		{E92E42EF-545C-4F06-ABCD-380A740BCA84}.Ad-Hoc|Any CPU.ActiveCfg = Release|iPhone
		{E92E42EF-545C-4F06-ABCD-380A740BCA84}.Ad-Hoc|Any CPU.Build.0 = Release|iPhone
		{E92E42EF-545C-4F06-ABCD-380A740BCA84}.Ad-Hoc|ARM.ActiveCfg = Release|iPhone
		{E92E42EF-545C-4F06-ABCD-380A740BCA84}.Ad-Hoc|ARM.Build.0 = Release|iPhone
		{E92E42EF-545C-4F06-ABCD-380A740BCA84}.Ad-Hoc|iPhone.ActiveCfg = Release|iPhone
		{E92E42EF-545C-4F06-ABCD-380A740BCA84}.Ad-Hoc|iPhone.Build.0 = Release|iPhone
		{E92E42EF-545C-4F06-ABCD-380A740BCA84}.Ad-Hoc|iPhoneSimulator.ActiveCfg = Release|iPhoneSimulator
		{E92E42EF-545C-4F06-ABCD-380A740BCA84}.Ad-Hoc|iPhoneSimulator.Build.0 = Release|iPhoneSimulator
		{E92E42EF-545C-4F06-ABCD-380A740BCA84}.Ad-Hoc|x64.ActiveCfg = Release|iPhone
		{E92E42EF-545C-4F06-ABCD-380A740BCA84}.Ad-Hoc|x64.Build.0 = Release|iPhone
		{E92E42EF-545C-4F06-ABCD-380A740BCA84}.Ad-Hoc|x86.ActiveCfg = Release|iPhone
		{E92E42EF-545C-4F06-ABCD-380A740BCA84}.Ad-Hoc|x86.Build.0 = Release|iPhone
		{E92E42EF-545C-4F06-ABCD-380A740BCA84}.AppStore|Any CPU.ActiveCfg = Release|iPhone
		{E92E42EF-545C-4F06-ABCD-380A740BCA84}.AppStore|Any CPU.Build.0 = Release|iPhone
		{E92E42EF-545C-4F06-ABCD-380A740BCA84}.AppStore|ARM.ActiveCfg = Release|iPhone
		{E92E42EF-545C-4F06-ABCD-380A740BCA84}.AppStore|ARM.Build.0 = Release|iPhone
		{E92E42EF-545C-4F06-ABCD-380A740BCA84}.AppStore|iPhone.ActiveCfg = Release|iPhone
		{E92E42EF-545C-4F06-ABCD-380A740BCA84}.AppStore|iPhone.Build.0 = Release|iPhone
		{E92E42EF-545C-4F06-ABCD-380A740BCA84}.AppStore|iPhoneSimulator.ActiveCfg = Release|iPhoneSimulator
		{E92E42EF-545C-4F06-ABCD-380A740BCA84}.AppStore|iPhoneSimulator.Build.0 = Release|iPhoneSimulator
		{E92E42EF-545C-4F06-ABCD-380A740BCA84}.AppStore|x64.ActiveCfg = Release|iPhone
		{E92E42EF-545C-4F06-ABCD-380A740BCA84}.AppStore|x64.Build.0 = Release|iPhone
		{E92E42EF-545C-4F06-ABCD-380A740BCA84}.AppStore|x86.ActiveCfg = Release|iPhone
		{E92E42EF-545C-4F06-ABCD-380A740BCA84}.AppStore|x86.Build.0 = Release|iPhone
		{E92E42EF-545C-4F06-ABCD-380A740BCA84}.Debug|Any CPU.ActiveCfg = Debug|iPhone
		{E92E42EF-545C-4F06-ABCD-380A740BCA84}.Debug|ARM.ActiveCfg = Debug|iPhone
		{E92E42EF-545C-4F06-ABCD-380A740BCA84}.Debug|iPhone.ActiveCfg = Debug|iPhone
		{E92E42EF-545C-4F06-ABCD-380A740BCA84}.Debug|iPhone.Build.0 = Debug|iPhone
		{E92E42EF-545C-4F06-ABCD-380A740BCA84}.Debug|iPhoneSimulator.ActiveCfg = Debug|iPhoneSimulator
		{E92E42EF-545C-4F06-ABCD-380A740BCA84}.Debug|iPhoneSimulator.Build.0 = Debug|iPhoneSimulator
		{E92E42EF-545C-4F06-ABCD-380A740BCA84}.Debug|x64.ActiveCfg = Debug|iPhone
		{E92E42EF-545C-4F06-ABCD-380A740BCA84}.Debug|x86.ActiveCfg = Debug|iPhone
		{E92E42EF-545C-4F06-ABCD-380A740BCA84}.Release|Any CPU.ActiveCfg = Release|iPhone
		{E92E42EF-545C-4F06-ABCD-380A740BCA84}.Release|ARM.ActiveCfg = Release|iPhone
		{E92E42EF-545C-4F06-ABCD-380A740BCA84}.Release|iPhone.ActiveCfg = Release|iPhone
		{E92E42EF-545C-4F06-ABCD-380A740BCA84}.Release|iPhone.Build.0 = Release|iPhone
		{E92E42EF-545C-4F06-ABCD-380A740BCA84}.Release|iPhoneSimulator.ActiveCfg = Release|iPhoneSimulator
		{E92E42EF-545C-4F06-ABCD-380A740BCA84}.Release|iPhoneSimulator.Build.0 = Release|iPhoneSimulator
		{E92E42EF-545C-4F06-ABCD-380A740BCA84}.Release|x64.ActiveCfg = Release|iPhone
		{E92E42EF-545C-4F06-ABCD-380A740BCA84}.Release|x86.ActiveCfg = Release|iPhone
		{A97A2C82-EA24-4C85-B205-D917F226575C}.Ad-Hoc|Any CPU.ActiveCfg = Debug|Any CPU
		{A97A2C82-EA24-4C85-B205-D917F226575C}.Ad-Hoc|Any CPU.Build.0 = Debug|Any CPU
		{A97A2C82-EA24-4C85-B205-D917F226575C}.Ad-Hoc|ARM.ActiveCfg = Debug|Any CPU
		{A97A2C82-EA24-4C85-B205-D917F226575C}.Ad-Hoc|ARM.Build.0 = Debug|Any CPU
		{A97A2C82-EA24-4C85-B205-D917F226575C}.Ad-Hoc|iPhone.ActiveCfg = Debug|Any CPU
		{A97A2C82-EA24-4C85-B205-D917F226575C}.Ad-Hoc|iPhone.Build.0 = Debug|Any CPU
		{A97A2C82-EA24-4C85-B205-D917F226575C}.Ad-Hoc|iPhoneSimulator.ActiveCfg = Debug|Any CPU
		{A97A2C82-EA24-4C85-B205-D917F226575C}.Ad-Hoc|iPhoneSimulator.Build.0 = Debug|Any CPU
		{A97A2C82-EA24-4C85-B205-D917F226575C}.Ad-Hoc|x64.ActiveCfg = Debug|Any CPU
		{A97A2C82-EA24-4C85-B205-D917F226575C}.Ad-Hoc|x64.Build.0 = Debug|Any CPU
		{A97A2C82-EA24-4C85-B205-D917F226575C}.Ad-Hoc|x86.ActiveCfg = Debug|Any CPU
		{A97A2C82-EA24-4C85-B205-D917F226575C}.Ad-Hoc|x86.Build.0 = Debug|Any CPU
		{A97A2C82-EA24-4C85-B205-D917F226575C}.AppStore|Any CPU.ActiveCfg = Debug|Any CPU
		{A97A2C82-EA24-4C85-B205-D917F226575C}.AppStore|Any CPU.Build.0 = Debug|Any CPU
		{A97A2C82-EA24-4C85-B205-D917F226575C}.AppStore|ARM.ActiveCfg = Debug|Any CPU
		{A97A2C82-EA24-4C85-B205-D917F226575C}.AppStore|ARM.Build.0 = Debug|Any CPU
		{A97A2C82-EA24-4C85-B205-D917F226575C}.AppStore|iPhone.ActiveCfg = Debug|Any CPU
		{A97A2C82-EA24-4C85-B205-D917F226575C}.AppStore|iPhone.Build.0 = Debug|Any CPU
		{A97A2C82-EA24-4C85-B205-D917F226575C}.AppStore|iPhoneSimulator.ActiveCfg = Debug|Any CPU
		{A97A2C82-EA24-4C85-B205-D917F226575C}.AppStore|iPhoneSimulator.Build.0 = Debug|Any CPU
		{A97A2C82-EA24-4C85-B205-D917F226575C}.AppStore|x64.ActiveCfg = Debug|Any CPU
		{A97A2C82-EA24-4C85-B205-D917F226575C}.AppStore|x64.Build.0 = Debug|Any CPU
		{A97A2C82-EA24-4C85-B205-D917F226575C}.AppStore|x86.ActiveCfg = Debug|Any CPU
		{A97A2C82-EA24-4C85-B205-D917F226575C}.AppStore|x86.Build.0 = Debug|Any CPU
		{A97A2C82-EA24-4C85-B205-D917F226575C}.Debug|Any CPU.ActiveCfg = Debug|Any CPU
		{A97A2C82-EA24-4C85-B205-D917F226575C}.Debug|Any CPU.Build.0 = Debug|Any CPU
		{A97A2C82-EA24-4C85-B205-D917F226575C}.Debug|ARM.ActiveCfg = Debug|Any CPU
		{A97A2C82-EA24-4C85-B205-D917F226575C}.Debug|ARM.Build.0 = Debug|Any CPU
		{A97A2C82-EA24-4C85-B205-D917F226575C}.Debug|iPhone.ActiveCfg = Debug|Any CPU
		{A97A2C82-EA24-4C85-B205-D917F226575C}.Debug|iPhone.Build.0 = Debug|Any CPU
		{A97A2C82-EA24-4C85-B205-D917F226575C}.Debug|iPhoneSimulator.ActiveCfg = Debug|Any CPU
		{A97A2C82-EA24-4C85-B205-D917F226575C}.Debug|iPhoneSimulator.Build.0 = Debug|Any CPU
		{A97A2C82-EA24-4C85-B205-D917F226575C}.Debug|x64.ActiveCfg = Debug|Any CPU
		{A97A2C82-EA24-4C85-B205-D917F226575C}.Debug|x64.Build.0 = Debug|Any CPU
		{A97A2C82-EA24-4C85-B205-D917F226575C}.Debug|x86.ActiveCfg = Debug|Any CPU
		{A97A2C82-EA24-4C85-B205-D917F226575C}.Debug|x86.Build.0 = Debug|Any CPU
		{A97A2C82-EA24-4C85-B205-D917F226575C}.Release|Any CPU.ActiveCfg = Release|Any CPU
		{A97A2C82-EA24-4C85-B205-D917F226575C}.Release|Any CPU.Build.0 = Release|Any CPU
		{A97A2C82-EA24-4C85-B205-D917F226575C}.Release|ARM.ActiveCfg = Release|Any CPU
		{A97A2C82-EA24-4C85-B205-D917F226575C}.Release|ARM.Build.0 = Release|Any CPU
		{A97A2C82-EA24-4C85-B205-D917F226575C}.Release|iPhone.ActiveCfg = Release|Any CPU
		{A97A2C82-EA24-4C85-B205-D917F226575C}.Release|iPhone.Build.0 = Release|Any CPU
		{A97A2C82-EA24-4C85-B205-D917F226575C}.Release|iPhoneSimulator.ActiveCfg = Release|Any CPU
		{A97A2C82-EA24-4C85-B205-D917F226575C}.Release|iPhoneSimulator.Build.0 = Release|Any CPU
		{A97A2C82-EA24-4C85-B205-D917F226575C}.Release|x64.ActiveCfg = Release|Any CPU
		{A97A2C82-EA24-4C85-B205-D917F226575C}.Release|x64.Build.0 = Release|Any CPU
		{A97A2C82-EA24-4C85-B205-D917F226575C}.Release|x86.ActiveCfg = Release|Any CPU
		{A97A2C82-EA24-4C85-B205-D917F226575C}.Release|x86.Build.0 = Release|Any CPU
	EndGlobalSection
	GlobalSection(SolutionProperties) = preSolution
		HideSolutionNode = FALSE
	EndGlobalSection
	GlobalSection(NestedProjects) = preSolution
		{DAED060D-BE0D-44D1-AC38-E189C7A6D300} = {45B7C48F-CB14-4B13-AD82-5D2AEDF45DC6}
		{D49363EF-8D37-42B4-9AB4-C2083A4B186E} = {45B7C48F-CB14-4B13-AD82-5D2AEDF45DC6}
		{AF110750-B036-4FDC-AF51-B08C7389AAA8} = {45B7C48F-CB14-4B13-AD82-5D2AEDF45DC6}
		{A1807D3F-3546-4C28-B713-C4F767383B61} = {3A0EEB35-977B-4A96-87D0-A6C29BD9F96C}
		{550F035E-F23E-4999-BB01-4857486E4125} = {3A0EEB35-977B-4A96-87D0-A6C29BD9F96C}
		{28CD24BD-432C-4987-9E9D-65CFCF120EA1} = {1979FEB3-B082-4309-B71D-89D0C3A7A180}
		{277DA996-84FB-41B8-996E-79C336EEFDE9} = {1979FEB3-B082-4309-B71D-89D0C3A7A180}
		{5A7561CB-57F1-441E-B662-51EADB1858B5} = {1979FEB3-B082-4309-B71D-89D0C3A7A180}
		{A0911695-9785-4E6E-BE1E-6935398B1344} = {45B7C48F-CB14-4B13-AD82-5D2AEDF45DC6}
		{E92E42EF-545C-4F06-A04D-380A740BCA84} = {45B7C48F-CB14-4B13-AD82-5D2AEDF45DC6}
		{AC1DF8F5-48B4-44F9-A6E3-0F71D061321C} = {45B7C48F-CB14-4B13-AD82-5D2AEDF45DC6}
		{425B4E9C-B8AF-495A-88ED-E73A0FAB3BFD} = {45B7C48F-CB14-4B13-AD82-5D2AEDF45DC6}
		{FF40F3C9-0E41-40E2-AA26-F8BACDE2F32D} = {45B7C48F-CB14-4B13-AD82-5D2AEDF45DC6}
		{E92E42EF-545C-4F06-ABCD-380A740BCA84} = {45B7C48F-CB14-4B13-AD82-5D2AEDF45DC6}
		{A97A2C82-EA24-4C85-B205-D917F226575C} = {3A0EEB35-977B-4A96-87D0-A6C29BD9F96C}
	EndGlobalSection
	GlobalSection(ExtensibilityGlobals) = postSolution
		SolutionGuid = {83298216-8BD9-49F1-B57D-07DCF091D645}
	EndGlobalSection
	GlobalSection(SharedMSBuildProjectFiles) = preSolution
		GridDominance.Content\GridDominance.Content.projitems*{15228a14-90be-44fa-8203-b705ff37ef1f}*SharedItemsImports = 13
		GridDominance.Shared\GridDominance.Shared.projitems*{425b4e9c-b8af-495a-88ed-e73a0fab3bfd}*SharedItemsImports = 4
		GridDominance.Shared\GridDominance.Shared.projitems*{ac1df8f5-48b4-44f9-a6e3-0f71d061321c}*SharedItemsImports = 4
	EndGlobalSection
EndGlobal
